// !$*UTF8*$!
{
	archiveVersion = 1;
	classes = {
	};
	objectVersion = 46;
	objects = {

/* Begin PBXBuildFile section */
		2C5D996F19E4A9FB00133F59 /* AppDelegate.swift in Sources */ = {isa = PBXBuildFile; fileRef = 2C5D996E19E4A9FB00133F59 /* AppDelegate.swift */; };
		2C5D997419E4A9FB00133F59 /* Main.storyboard in Resources */ = {isa = PBXBuildFile; fileRef = 2C5D997219E4A9FB00133F59 /* Main.storyboard */; };
		2C5D997619E4A9FB00133F59 /* Images.xcassets in Resources */ = {isa = PBXBuildFile; fileRef = 2C5D997519E4A9FB00133F59 /* Images.xcassets */; };
		2C5D997919E4A9FB00133F59 /* LaunchScreen.xib in Resources */ = {isa = PBXBuildFile; fileRef = 2C5D997719E4A9FB00133F59 /* LaunchScreen.xib */; };
		2C5D998519E4A9FB00133F59 /* OutTests.swift in Sources */ = {isa = PBXBuildFile; fileRef = 2C5D998419E4A9FB00133F59 /* OutTests.swift */; };
		2C5D998F19E4AB4100133F59 /* ChallengesTabCollectionViewController.swift in Sources */ = {isa = PBXBuildFile; fileRef = 2C5D998E19E4AB4100133F59 /* ChallengesTabCollectionViewController.swift */; };
/* End PBXBuildFile section */

/* Begin PBXContainerItemProxy section */
		2C5D997F19E4A9FB00133F59 /* PBXContainerItemProxy */ = {
			isa = PBXContainerItemProxy;
			containerPortal = 2C5D996119E4A9FB00133F59 /* Project object */;
			proxyType = 1;
			remoteGlobalIDString = 2C5D996819E4A9FB00133F59;
			remoteInfo = Out;
		};
/* End PBXContainerItemProxy section */

/* Begin PBXFileReference section */
		2C5D996919E4A9FB00133F59 /* Out.app */ = {isa = PBXFileReference; explicitFileType = wrapper.application; includeInIndex = 0; path = Out.app; sourceTree = BUILT_PRODUCTS_DIR; };
		2C5D996D19E4A9FB00133F59 /* Info.plist */ = {isa = PBXFileReference; lastKnownFileType = text.plist.xml; path = Info.plist; sourceTree = "<group>"; };
		2C5D996E19E4A9FB00133F59 /* AppDelegate.swift */ = {isa = PBXFileReference; lastKnownFileType = sourcecode.swift; path = AppDelegate.swift; sourceTree = "<group>"; };
		2C5D997319E4A9FB00133F59 /* Base */ = {isa = PBXFileReference; lastKnownFileType = file.storyboard; name = Base; path = Base.lproj/Main.storyboard; sourceTree = "<group>"; };
		2C5D997519E4A9FB00133F59 /* Images.xcassets */ = {isa = PBXFileReference; lastKnownFileType = folder.assetcatalog; path = Images.xcassets; sourceTree = "<group>"; };
		2C5D997819E4A9FB00133F59 /* Base */ = {isa = PBXFileReference; lastKnownFileType = file.xib; name = Base; path = Base.lproj/LaunchScreen.xib; sourceTree = "<group>"; };
		2C5D997E19E4A9FB00133F59 /* OutTests.xctest */ = {isa = PBXFileReference; explicitFileType = wrapper.cfbundle; includeInIndex = 0; path = OutTests.xctest; sourceTree = BUILT_PRODUCTS_DIR; };
		2C5D998319E4A9FB00133F59 /* Info.plist */ = {isa = PBXFileReference; lastKnownFileType = text.plist.xml; path = Info.plist; sourceTree = "<group>"; };
		2C5D998419E4A9FB00133F59 /* OutTests.swift */ = {isa = PBXFileReference; lastKnownFileType = sourcecode.swift; path = OutTests.swift; sourceTree = "<group>"; };
		2C5D998E19E4AB4100133F59 /* ChallengesTabCollectionViewController.swift */ = {isa = PBXFileReference; fileEncoding = 4; lastKnownFileType = sourcecode.swift; path = ChallengesTabCollectionViewController.swift; sourceTree = "<group>"; };
/* End PBXFileReference section */

/* Begin PBXFrameworksBuildPhase section */
		2C5D996619E4A9FB00133F59 /* Frameworks */ = {
			isa = PBXFrameworksBuildPhase;
			buildActionMask = 2147483647;
			files = (
			);
			runOnlyForDeploymentPostprocessing = 0;
		};
		2C5D997B19E4A9FB00133F59 /* Frameworks */ = {
			isa = PBXFrameworksBuildPhase;
			buildActionMask = 2147483647;
			files = (
			);
			runOnlyForDeploymentPostprocessing = 0;
		};
/* End PBXFrameworksBuildPhase section */

/* Begin PBXGroup section */
		2C5D996019E4A9FB00133F59 = {
			isa = PBXGroup;
			children = (
				2C5D996B19E4A9FB00133F59 /* Out */,
				2C5D998119E4A9FB00133F59 /* OutTests */,
				2C5D996A19E4A9FB00133F59 /* Products */,
			);
			sourceTree = "<group>";
		};
		2C5D996A19E4A9FB00133F59 /* Products */ = {
			isa = PBXGroup;
			children = (
				2C5D996919E4A9FB00133F59 /* Out.app */,
				2C5D997E19E4A9FB00133F59 /* OutTests.xctest */,
			);
			name = Products;
			sourceTree = "<group>";
		};
		2C5D996B19E4A9FB00133F59 /* Out */ = {
			isa = PBXGroup;
			children = (
				2C5D996E19E4A9FB00133F59 /* AppDelegate.swift */,
				2C5D998E19E4AB4100133F59 /* ChallengesTabCollectionViewController.swift */,
				2C5D997219E4A9FB00133F59 /* Main.storyboard */,
				2C5D997519E4A9FB00133F59 /* Images.xcassets */,
				2C5D997719E4A9FB00133F59 /* LaunchScreen.xib */,
				2C5D996C19E4A9FB00133F59 /* Supporting Files */,
			);
			path = Out;
			sourceTree = "<group>";
		};
		2C5D996C19E4A9FB00133F59 /* Supporting Files */ = {
			isa = PBXGroup;
			children = (
				2C5D996D19E4A9FB00133F59 /* Info.plist */,
			);
			name = "Supporting Files";
			sourceTree = "<group>";
		};
		2C5D998119E4A9FB00133F59 /* OutTests */ = {
			isa = PBXGroup;
			children = (
				2C5D998419E4A9FB00133F59 /* OutTests.swift */,
				2C5D998219E4A9FB00133F59 /* Supporting Files */,
			);
			path = OutTests;
			sourceTree = "<group>";
		};
		2C5D998219E4A9FB00133F59 /* Supporting Files */ = {
			isa = PBXGroup;
			children = (
				2C5D998319E4A9FB00133F59 /* Info.plist */,
			);
			name = "Supporting Files";
			sourceTree = "<group>";
		};
/* End PBXGroup section */

/* Begin PBXNativeTarget section */
		2C5D996819E4A9FB00133F59 /* Out */ = {
			isa = PBXNativeTarget;
			buildConfigurationList = 2C5D998819E4A9FB00133F59 /* Build configuration list for PBXNativeTarget "Out" */;
			buildPhases = (
				2C5D996519E4A9FB00133F59 /* Sources */,
				2C5D996619E4A9FB00133F59 /* Frameworks */,
				2C5D996719E4A9FB00133F59 /* Resources */,
			);
			buildRules = (
			);
			dependencies = (
			);
			name = Out;
			productName = Out;
			productReference = 2C5D996919E4A9FB00133F59 /* Out.app */;
			productType = "com.apple.product-type.application";
		};
		2C5D997D19E4A9FB00133F59 /* OutTests */ = {
			isa = PBXNativeTarget;
			buildConfigurationList = 2C5D998B19E4A9FB00133F59 /* Build configuration list for PBXNativeTarget "OutTests" */;
			buildPhases = (
				2C5D997A19E4A9FB00133F59 /* Sources */,
				2C5D997B19E4A9FB00133F59 /* Frameworks */,
				2C5D997C19E4A9FB00133F59 /* Resources */,
			);
			buildRules = (
			);
			dependencies = (
				2C5D998019E4A9FB00133F59 /* PBXTargetDependency */,
			);
			name = OutTests;
			productName = OutTests;
			productReference = 2C5D997E19E4A9FB00133F59 /* OutTests.xctest */;
			productType = "com.apple.product-type.bundle.unit-test";
		};
/* End PBXNativeTarget section */

/* Begin PBXProject section */
		2C5D996119E4A9FB00133F59 /* Project object */ = {
			isa = PBXProject;
			attributes = {
				LastUpgradeCheck = 0600;
				ORGANIZATIONNAME = "Coming Out App";
				TargetAttributes = {
					2C5D996819E4A9FB00133F59 = {
						CreatedOnToolsVersion = 6.0.1;
					};
					2C5D997D19E4A9FB00133F59 = {
						CreatedOnToolsVersion = 6.0.1;
						TestTargetID = 2C5D996819E4A9FB00133F59;
					};
				};
			};
			buildConfigurationList = 2C5D996419E4A9FB00133F59 /* Build configuration list for PBXProject "Out" */;
			compatibilityVersion = "Xcode 3.2";
			developmentRegion = English;
			hasScannedForEncodings = 0;
			knownRegions = (
				en,
				Base,
			);
			mainGroup = 2C5D996019E4A9FB00133F59;
			productRefGroup = 2C5D996A19E4A9FB00133F59 /* Products */;
			projectDirPath = "";
			projectRoot = "";
			targets = (
				2C5D996819E4A9FB00133F59 /* Out */,
				2C5D997D19E4A9FB00133F59 /* OutTests */,
			);
		};
/* End PBXProject section */

/* Begin PBXResourcesBuildPhase section */
		2C5D996719E4A9FB00133F59 /* Resources */ = {
			isa = PBXResourcesBuildPhase;
			buildActionMask = 2147483647;
			files = (
				2C5D997419E4A9FB00133F59 /* Main.storyboard in Resources */,
				2C5D997919E4A9FB00133F59 /* LaunchScreen.xib in Resources */,
				2C5D997619E4A9FB00133F59 /* Images.xcassets in Resources */,
			);
			runOnlyForDeploymentPostprocessing = 0;
		};
		2C5D997C19E4A9FB00133F59 /* Resources */ = {
			isa = PBXResourcesBuildPhase;
			buildActionMask = 2147483647;
			files = (
			);
			runOnlyForDeploymentPostprocessing = 0;
		};
/* End PBXResourcesBuildPhase section */

/* Begin PBXSourcesBuildPhase section */
		2C5D996519E4A9FB00133F59 /* Sources */ = {
			isa = PBXSourcesBuildPhase;
			buildActionMask = 2147483647;
			files = (
				2C5D998F19E4AB4100133F59 /* ChallengesTabCollectionViewController.swift in Sources */,
				2C5D996F19E4A9FB00133F59 /* AppDelegate.swift in Sources */,
			);
			runOnlyForDeploymentPostprocessing = 0;
		};
		2C5D997A19E4A9FB00133F59 /* Sources */ = {
			isa = PBXSourcesBuildPhase;
			buildActionMask = 2147483647;
			files = (
				2C5D998519E4A9FB00133F59 /* OutTests.swift in Sources */,
			);
			runOnlyForDeploymentPostprocessing = 0;
		};
/* End PBXSourcesBuildPhase section */

/* Begin PBXTargetDependency section */
		2C5D998019E4A9FB00133F59 /* PBXTargetDependency */ = {
			isa = PBXTargetDependency;
			target = 2C5D996819E4A9FB00133F59 /* Out */;
			targetProxy = 2C5D997F19E4A9FB00133F59 /* PBXContainerItemProxy */;
		};
/* End PBXTargetDependency section */

/* Begin PBXVariantGroup section */
		2C5D997219E4A9FB00133F59 /* Main.storyboard */ = {
			isa = PBXVariantGroup;
			children = (
				2C5D997319E4A9FB00133F59 /* Base */,
			);
			name = Main.storyboard;
			sourceTree = "<group>";
		};
		2C5D997719E4A9FB00133F59 /* LaunchScreen.xib */ = {
			isa = PBXVariantGroup;
			children = (
				2C5D997819E4A9FB00133F59 /* Base */,
			);
			name = LaunchScreen.xib;
			sourceTree = "<group>";
		};
/* End PBXVariantGroup section */

/* Begin XCBuildConfiguration section */
		2C5D998619E4A9FB00133F59 /* Debug */ = {
			isa = XCBuildConfiguration;
			buildSettings = {
				ALWAYS_SEARCH_USER_PATHS = NO;
				CLANG_CXX_LANGUAGE_STANDARD = "gnu++0x";
				CLANG_CXX_LIBRARY = "libc++";
				CLANG_ENABLE_MODULES = YES;
				CLANG_ENABLE_OBJC_ARC = YES;
				CLANG_WARN_BOOL_CONVERSION = YES;
				CLANG_WARN_CONSTANT_CONVERSION = YES;
				CLANG_WARN_DIRECT_OBJC_ISA_USAGE = YES_ERROR;
				CLANG_WARN_EMPTY_BODY = YES;
				CLANG_WARN_ENUM_CONVERSION = YES;
				CLANG_WARN_INT_CONVERSION = YES;
				CLANG_WARN_OBJC_ROOT_CLASS = YES_ERROR;
				CLANG_WARN_UNREACHABLE_CODE = YES;
				CLANG_WARN__DUPLICATE_METHOD_MATCH = YES;
				"CODE_SIGN_IDENTITY[sdk=iphoneos*]" = "iPhone Developer";
				COPY_PHASE_STRIP = NO;
				ENABLE_STRICT_OBJC_MSGSEND = YES;
				GCC_C_LANGUAGE_STANDARD = gnu99;
				GCC_DYNAMIC_NO_PIC = NO;
				GCC_OPTIMIZATION_LEVEL = 0;
				GCC_PREPROCESSOR_DEFINITIONS = (
					"DEBUG=1",
					"$(inherited)",
				);
				GCC_SYMBOLS_PRIVATE_EXTERN = NO;
				GCC_WARN_64_TO_32_BIT_CONVERSION = YES;
				GCC_WARN_ABOUT_RETURN_TYPE = YES_ERROR;
				GCC_WARN_UNDECLARED_SELECTOR = YES;
				GCC_WARN_UNINITIALIZED_AUTOS = YES_AGGRESSIVE;
				GCC_WARN_UNUSED_FUNCTION = YES;
				GCC_WARN_UNUSED_VARIABLE = YES;
				IPHONEOS_DEPLOYMENT_TARGET = 8.0;
				MTL_ENABLE_DEBUG_INFO = YES;
				ONLY_ACTIVE_ARCH = YES;
				SDKROOT = iphoneos;
				SWIFT_OPTIMIZATION_LEVEL = "-Onone";
				TARGETED_DEVICE_FAMILY = "1,2";
			};
			name = Debug;
		};
		2C5D998719E4A9FB00133F59 /* Release */ = {
			isa = XCBuildConfiguration;
			buildSettings = {
				ALWAYS_SEARCH_USER_PATHS = NO;
				CLANG_CXX_LANGUAGE_STANDARD = "gnu++0x";
				CLANG_CXX_LIBRARY = "libc++";
				CLANG_ENABLE_MODULES = YES;
				CLANG_ENABLE_OBJC_ARC = YES;
				CLANG_WARN_BOOL_CONVERSION = YES;
				CLANG_WARN_CONSTANT_CONVERSION = YES;
				CLANG_WARN_DIRECT_OBJC_ISA_USAGE = YES_ERROR;
				CLANG_WARN_EMPTY_BODY = YES;
				CLANG_WARN_ENUM_CONVERSION = YES;
				CLANG_WARN_INT_CONVERSION = YES;
				CLANG_WARN_OBJC_ROOT_CLASS = YES_ERROR;
				CLANG_WARN_UNREACHABLE_CODE = YES;
				CLANG_WARN__DUPLICATE_METHOD_MATCH = YES;
				"CODE_SIGN_IDENTITY[sdk=iphoneos*]" = "iPhone Developer";
				COPY_PHASE_STRIP = YES;
				ENABLE_NS_ASSERTIONS = NO;
				ENABLE_STRICT_OBJC_MSGSEND = YES;
				GCC_C_LANGUAGE_STANDARD = gnu99;
				GCC_WARN_64_TO_32_BIT_CONVERSION = YES;
				GCC_WARN_ABOUT_RETURN_TYPE = YES_ERROR;
				GCC_WARN_UNDECLARED_SELECTOR = YES;
				GCC_WARN_UNINITIALIZED_AUTOS = YES_AGGRESSIVE;
				GCC_WARN_UNUSED_FUNCTION = YES;
				GCC_WARN_UNUSED_VARIABLE = YES;
				IPHONEOS_DEPLOYMENT_TARGET = 8.0;
				MTL_ENABLE_DEBUG_INFO = NO;
				SDKROOT = iphoneos;
				TARGETED_DEVICE_FAMILY = "1,2";
				VALIDATE_PRODUCT = YES;
			};
			name = Release;
		};
		2C5D998919E4A9FB00133F59 /* Debug */ = {
			isa = XCBuildConfiguration;
			buildSettings = {
				ASSETCATALOG_COMPILER_APPICON_NAME = AppIcon;
				INFOPLIST_FILE = Out/Info.plist;
				LD_RUNPATH_SEARCH_PATHS = "$(inherited) @executable_path/Frameworks";
				PRODUCT_NAME = "$(TARGET_NAME)";
			};
			name = Debug;
		};
		2C5D998A19E4A9FB00133F59 /* Release */ = {
			isa = XCBuildConfiguration;
			buildSettings = {
				ASSETCATALOG_COMPILER_APPICON_NAME = AppIcon;
				INFOPLIST_FILE = Out/Info.plist;
				LD_RUNPATH_SEARCH_PATHS = "$(inherited) @executable_path/Frameworks";
				PRODUCT_NAME = "$(TARGET_NAME)";
			};
			name = Release;
		};
		2C5D998C19E4A9FB00133F59 /* Debug */ = {
			isa = XCBuildConfiguration;
			buildSettings = {
				BUNDLE_LOADER = "$(TEST_HOST)";
				FRAMEWORK_SEARCH_PATHS = (
					"$(SDKROOT)/Developer/Library/Frameworks",
					"$(inherited)",
				);
				GCC_PREPROCESSOR_DEFINITIONS = (
					"DEBUG=1",
					"$(inherited)",
				);
				INFOPLIST_FILE = OutTests/Info.plist;
				LD_RUNPATH_SEARCH_PATHS = "$(inherited) @executable_path/Frameworks @loader_path/Frameworks";
				PRODUCT_NAME = "$(TARGET_NAME)";
				TEST_HOST = "$(BUILT_PRODUCTS_DIR)/Out.app/Out";
			};
			name = Debug;
		};
		2C5D998D19E4A9FB00133F59 /* Release */ = {
			isa = XCBuildConfiguration;
			buildSettings = {
				BUNDLE_LOADER = "$(TEST_HOST)";
				FRAMEWORK_SEARCH_PATHS = (
					"$(SDKROOT)/Developer/Library/Frameworks",
					"$(inherited)",
				);
				INFOPLIST_FILE = OutTests/Info.plist;
				LD_RUNPATH_SEARCH_PATHS = "$(inherited) @executable_path/Frameworks @loader_path/Frameworks";
				PRODUCT_NAME = "$(TARGET_NAME)";
				TEST_HOST = "$(BUILT_PRODUCTS_DIR)/Out.app/Out";
			};
			name = Release;
		};
/* End XCBuildConfiguration section */

/* Begin XCConfigurationList section */
		2C5D996419E4A9FB00133F59 /* Build configuration list for PBXProject "Out" */ = {
			isa = XCConfigurationList;
			buildConfigurations = (
				2C5D998619E4A9FB00133F59 /* Debug */,
				2C5D998719E4A9FB00133F59 /* Release */,
			);
			defaultConfigurationIsVisible = 0;
			defaultConfigurationName = Release;
		};
		2C5D998819E4A9FB00133F59 /* Build configuration list for PBXNativeTarget "Out" */ = {
			isa = XCConfigurationList;
			buildConfigurations = (
				2C5D998919E4A9FB00133F59 /* Debug */,
				2C5D998A19E4A9FB00133F59 /* Release */,
			);
			defaultConfigurationIsVisible = 0;
		};
		2C5D998B19E4A9FB00133F59 /* Build configuration list for PBXNativeTarget "OutTests" */ = {
			isa = XCConfigurationList;
			buildConfigurations = (
				2C5D998C19E4A9FB00133F59 /* Debug */,
				2C5D998D19E4A9FB00133F59 /* Release */,
			);
			defaultConfigurationIsVisible = 0;
		};
/* End XCConfigurationList section */
	};
	rootObject = 2C5D996119E4A9FB00133F59 /* Project object */;
}
