// !$*UTF8*$!
{
	archiveVersion = 1;
	classes = {
	};
	objectVersion = 46;
	objects = {

/* Begin PBXBuildFile section */
		2C0D0A7B1AE7562700CFB3A7 /* PeerChatTableViewController.swift in Sources */ = {isa = PBXBuildFile; fileRef = 2C0D0A7A1AE7562700CFB3A7 /* PeerChatTableViewController.swift */; };
		2C1C23AA19E87B54006975DA /* AudioToolbox.framework in Frameworks */ = {isa = PBXBuildFile; fileRef = 2C1C23A919E87B54006975DA /* AudioToolbox.framework */; };
		2C1C23AC19E87B5B006975DA /* CFNetwork.framework in Frameworks */ = {isa = PBXBuildFile; fileRef = 2C1C23AB19E87B5B006975DA /* CFNetwork.framework */; };
		2C1C23AE19E87B62006975DA /* CoreGraphics.framework in Frameworks */ = {isa = PBXBuildFile; fileRef = 2C1C23AD19E87B62006975DA /* CoreGraphics.framework */; };
		2C1C23B019E87B6B006975DA /* CoreLocation.framework in Frameworks */ = {isa = PBXBuildFile; fileRef = 2C1C23AF19E87B6B006975DA /* CoreLocation.framework */; };
		2C1C23B219E87B75006975DA /* libz.dylib in Frameworks */ = {isa = PBXBuildFile; fileRef = 2C1C23B119E87B75006975DA /* libz.dylib */; };
		2C1C23B419E87B7C006975DA /* MobileCoreServices.framework in Frameworks */ = {isa = PBXBuildFile; fileRef = 2C1C23B319E87B7C006975DA /* MobileCoreServices.framework */; };
		2C1C23B619E87B82006975DA /* QuartzCore.framework in Frameworks */ = {isa = PBXBuildFile; fileRef = 2C1C23B519E87B82006975DA /* QuartzCore.framework */; };
		2C1C23B819E87B8A006975DA /* Security.framework in Frameworks */ = {isa = PBXBuildFile; fileRef = 2C1C23B719E87B8A006975DA /* Security.framework */; };
		2C1C23BA19E87B92006975DA /* StoreKit.framework in Frameworks */ = {isa = PBXBuildFile; fileRef = 2C1C23B919E87B91006975DA /* StoreKit.framework */; };
		2C1C23BC19E87BA0006975DA /* SystemConfiguration.framework in Frameworks */ = {isa = PBXBuildFile; fileRef = 2C1C23BB19E87BA0006975DA /* SystemConfiguration.framework */; };
		2C1CD0BE1AB0CF8E00A4359D /* StatusActivityTableViewCell.swift in Sources */ = {isa = PBXBuildFile; fileRef = 2C1CD0BD1AB0CF8E00A4359D /* StatusActivityTableViewCell.swift */; };
		2C24FB141AEABA9C003D9688 /* PNBar.m in Sources */ = {isa = PBXBuildFile; fileRef = 2C24FAF71AEABA9C003D9688 /* PNBar.m */; };
		2C24FB151AEABA9C003D9688 /* PNBarChart.m in Sources */ = {isa = PBXBuildFile; fileRef = 2C24FAF91AEABA9C003D9688 /* PNBarChart.m */; };
		2C24FB161AEABA9C003D9688 /* PNChartLabel.m in Sources */ = {isa = PBXBuildFile; fileRef = 2C24FAFD1AEABA9C003D9688 /* PNChartLabel.m */; };
		2C24FB171AEABA9C003D9688 /* PNCircleChart.m in Sources */ = {isa = PBXBuildFile; fileRef = 2C24FAFF1AEABA9C003D9688 /* PNCircleChart.m */; };
		2C24FB181AEABA9C003D9688 /* PNColor.m in Sources */ = {isa = PBXBuildFile; fileRef = 2C24FB011AEABA9C003D9688 /* PNColor.m */; };
		2C24FB191AEABA9C003D9688 /* PNGenericChart.m in Sources */ = {isa = PBXBuildFile; fileRef = 2C24FB031AEABA9C003D9688 /* PNGenericChart.m */; };
		2C24FB1A1AEABA9C003D9688 /* PNLineChart.m in Sources */ = {isa = PBXBuildFile; fileRef = 2C24FB051AEABA9C003D9688 /* PNLineChart.m */; };
		2C24FB1B1AEABA9C003D9688 /* PNLineChartData.m in Sources */ = {isa = PBXBuildFile; fileRef = 2C24FB071AEABA9C003D9688 /* PNLineChartData.m */; };
		2C24FB1C1AEABA9C003D9688 /* PNLineChartDataItem.m in Sources */ = {isa = PBXBuildFile; fileRef = 2C24FB091AEABA9C003D9688 /* PNLineChartDataItem.m */; };
		2C24FB1D1AEABA9C003D9688 /* PNPieChart.m in Sources */ = {isa = PBXBuildFile; fileRef = 2C24FB0B1AEABA9C003D9688 /* PNPieChart.m */; };
		2C24FB1E1AEABA9C003D9688 /* PNPieChartDataItem.m in Sources */ = {isa = PBXBuildFile; fileRef = 2C24FB0D1AEABA9C003D9688 /* PNPieChartDataItem.m */; };
		2C24FB1F1AEABA9C003D9688 /* PNScatterChart.m in Sources */ = {isa = PBXBuildFile; fileRef = 2C24FB0F1AEABA9C003D9688 /* PNScatterChart.m */; };
		2C24FB201AEABA9C003D9688 /* PNScatterChartData.m in Sources */ = {isa = PBXBuildFile; fileRef = 2C24FB111AEABA9C003D9688 /* PNScatterChartData.m */; };
		2C24FB211AEABA9C003D9688 /* PNScatterChartDataItem.m in Sources */ = {isa = PBXBuildFile; fileRef = 2C24FB131AEABA9C003D9688 /* PNScatterChartDataItem.m */; };
		2C280D7D1A18EF0D0066BE1F /* UIStyleController.swift in Sources */ = {isa = PBXBuildFile; fileRef = 2C280D7C1A18EF0D0066BE1F /* UIStyleController.swift */; };
		2C2C1E461AEB5E07004253BA /* DateTools.bundle in Resources */ = {isa = PBXBuildFile; fileRef = 2C2C1E371AEB5E07004253BA /* DateTools.bundle */; };
		2C2C1E471AEB5E07004253BA /* DTError.m in Sources */ = {isa = PBXBuildFile; fileRef = 2C2C1E3B1AEB5E07004253BA /* DTError.m */; };
		2C2C1E481AEB5E07004253BA /* DTTimePeriod.m in Sources */ = {isa = PBXBuildFile; fileRef = 2C2C1E3D1AEB5E07004253BA /* DTTimePeriod.m */; };
		2C2C1E491AEB5E07004253BA /* DTTimePeriodChain.m in Sources */ = {isa = PBXBuildFile; fileRef = 2C2C1E3F1AEB5E07004253BA /* DTTimePeriodChain.m */; };
		2C2C1E4A1AEB5E07004253BA /* DTTimePeriodCollection.m in Sources */ = {isa = PBXBuildFile; fileRef = 2C2C1E411AEB5E07004253BA /* DTTimePeriodCollection.m */; };
		2C2C1E4B1AEB5E07004253BA /* DTTimePeriodGroup.m in Sources */ = {isa = PBXBuildFile; fileRef = 2C2C1E431AEB5E07004253BA /* DTTimePeriodGroup.m */; };
		2C2C1E4C1AEB5E07004253BA /* NSDate+DateTools.m in Sources */ = {isa = PBXBuildFile; fileRef = 2C2C1E451AEB5E07004253BA /* NSDate+DateTools.m */; };
		2C2CF7231A15824000B8C60E /* CommentTableViewCell.swift in Sources */ = {isa = PBXBuildFile; fileRef = 2C2CF7221A15824000B8C60E /* CommentTableViewCell.swift */; };
		2C3366E11A008752009198EA /* WebViewViewController.swift in Sources */ = {isa = PBXBuildFile; fileRef = 2C3366E01A008752009198EA /* WebViewViewController.swift */; };
		2C35C49F19F3557000551707 /* CautionTextTableViewCell.swift in Sources */ = {isa = PBXBuildFile; fileRef = 2C35C49E19F3557000551707 /* CautionTextTableViewCell.swift */; };
		2C3A7BFE1A117A3700FC4516 /* DashboardChallengeOnDeckCollectionViewFlowLayout.m in Sources */ = {isa = PBXBuildFile; fileRef = 2C3A7BFD1A117A3700FC4516 /* DashboardChallengeOnDeckCollectionViewFlowLayout.m */; };
		2C3A7C001A117EB700FC4516 /* MyProfileViewController.swift in Sources */ = {isa = PBXBuildFile; fileRef = 2C3A7BFF1A117EB700FC4516 /* MyProfileViewController.swift */; };
		2C3A7C021A117EC900FC4516 /* MyProgressViewController.swift in Sources */ = {isa = PBXBuildFile; fileRef = 2C3A7C011A117EC900FC4516 /* MyProgressViewController.swift */; };
		2C470F521A06F5B7008EADB4 /* PeopleGalleryViewController.swift in Sources */ = {isa = PBXBuildFile; fileRef = 2C470F511A06F5B7008EADB4 /* PeopleGalleryViewController.swift */; };
		2C470F551A06FAED008EADB4 /* PersonFollowTableViewCell.swift in Sources */ = {isa = PBXBuildFile; fileRef = 2C470F541A06FAED008EADB4 /* PersonFollowTableViewCell.swift */; };
		2C4F87EC1A7488B000D10E1B /* ChallengeRecordTableViewCell.swift in Sources */ = {isa = PBXBuildFile; fileRef = 2C4F87EB1A7488B000D10E1B /* ChallengeRecordTableViewCell.swift */; };
		2C4FE2371AE9FE900009B1A6 /* libsqlite3.dylib in Frameworks */ = {isa = PBXBuildFile; fileRef = 2C4FE2361AE9FE900009B1A6 /* libsqlite3.dylib */; };
		2C512CA119F5A06800483A49 /* GallerySelectCollectionViewCell.swift in Sources */ = {isa = PBXBuildFile; fileRef = 2C512CA019F5A06800483A49 /* GallerySelectCollectionViewCell.swift */; };
		2C54AD5E1A92AA510023BD20 /* NotificationTableViewCell.swift in Sources */ = {isa = PBXBuildFile; fileRef = 2C54AD5D1A92AA510023BD20 /* NotificationTableViewCell.swift */; };
		2C5C8CAA1ACC738D000E8650 /* StepTitleTableViewCell.swift in Sources */ = {isa = PBXBuildFile; fileRef = 2C5C8CA91ACC738D000E8650 /* StepTitleTableViewCell.swift */; };
		2C5C8CAC1ACC7721000E8650 /* StepBlurbTableViewCell.swift in Sources */ = {isa = PBXBuildFile; fileRef = 2C5C8CAB1ACC7721000E8650 /* StepBlurbTableViewCell.swift */; };
		2C5C8CAE1ACC7998000E8650 /* StepMediaTableViewCell.swift in Sources */ = {isa = PBXBuildFile; fileRef = 2C5C8CAD1ACC7998000E8650 /* StepMediaTableViewCell.swift */; };
		2C5D997419E4A9FB00133F59 /* Main.storyboard in Resources */ = {isa = PBXBuildFile; fileRef = 2C5D997219E4A9FB00133F59 /* Main.storyboard */; };
		2C5D997619E4A9FB00133F59 /* Images.xcassets in Resources */ = {isa = PBXBuildFile; fileRef = 2C5D997519E4A9FB00133F59 /* Images.xcassets */; };
		2C5D997919E4A9FB00133F59 /* LaunchScreen.xib in Resources */ = {isa = PBXBuildFile; fileRef = 2C5D997719E4A9FB00133F59 /* LaunchScreen.xib */; };
		2C5D998519E4A9FB00133F59 /* OutTests.swift in Sources */ = {isa = PBXBuildFile; fileRef = 2C5D998419E4A9FB00133F59 /* OutTests.swift */; };
		2C5DC8EA1AE9FF8F0085C2EA /* Accounts.framework in Frameworks */ = {isa = PBXBuildFile; fileRef = 2C5DC8E91AE9FF8F0085C2EA /* Accounts.framework */; };
		2C5DC8EC1AE9FF950085C2EA /* Social.framework in Frameworks */ = {isa = PBXBuildFile; fileRef = 2C5DC8EB1AE9FF950085C2EA /* Social.framework */; };
		2C65C54E1A3F447200B5458F /* HelpChatViewController.swift in Sources */ = {isa = PBXBuildFile; fileRef = 2C65C54D1A3F447200B5458F /* HelpChatViewController.swift */; };
		2C65C5501A3F447D00B5458F /* HelpTalkViewController.swift in Sources */ = {isa = PBXBuildFile; fileRef = 2C65C54F1A3F447D00B5458F /* HelpTalkViewController.swift */; };
		2C65C5521A3F551300B5458F /* MentorViewController.swift in Sources */ = {isa = PBXBuildFile; fileRef = 2C65C5511A3F551300B5458F /* MentorViewController.swift */; };
		2C67340C1AD9CEED00A31424 /* PersonDetailViewController.swift in Sources */ = {isa = PBXBuildFile; fileRef = 2C67340B1AD9CEED00A31424 /* PersonDetailViewController.swift */; };
		2C67340E1ADACFFB00A31424 /* PersonDetailTableViewCell.swift in Sources */ = {isa = PBXBuildFile; fileRef = 2C67340D1ADACFFB00A31424 /* PersonDetailTableViewCell.swift */; };
		2C693B321AE8746C00F3BFD6 /* RelevantResourceTableViewCell.swift in Sources */ = {isa = PBXBuildFile; fileRef = 2C693B311AE8746C00F3BFD6 /* RelevantResourceTableViewCell.swift */; };
		2C693B341AE8930A00F3BFD6 /* ResourceDetailTableViewCell.swift in Sources */ = {isa = PBXBuildFile; fileRef = 2C693B331AE8930A00F3BFD6 /* ResourceDetailTableViewCell.swift */; };
		2C693B361AE8932F00F3BFD6 /* EventTableViewCell.swift in Sources */ = {isa = PBXBuildFile; fileRef = 2C693B351AE8932F00F3BFD6 /* EventTableViewCell.swift */; };
		2C6AFF531A128D4C0006C7A9 /* DashboardAnnouncementsCollectionViewFlowLayout.m in Sources */ = {isa = PBXBuildFile; fileRef = 2C6AFF521A128D4C0006C7A9 /* DashboardAnnouncementsCollectionViewFlowLayout.m */; };
		2C6AFF581A12CAF90006C7A9 /* DashboardInspirationCollectionViewFlowLayout.m in Sources */ = {isa = PBXBuildFile; fileRef = 2C6AFF571A12CAF90006C7A9 /* DashboardInspirationCollectionViewFlowLayout.m */; };
		2C6E1BA71ACC9BD1009E9BAA /* AlsoCompletedByViewController.swift in Sources */ = {isa = PBXBuildFile; fileRef = 2C6E1BA61ACC9BD1009E9BAA /* AlsoCompletedByViewController.swift */; };
		2C6E1BA91ACC9BDF009E9BAA /* ChallengeFeedbackViewController.swift in Sources */ = {isa = PBXBuildFile; fileRef = 2C6E1BA81ACC9BDF009E9BAA /* ChallengeFeedbackViewController.swift */; };
		2C6E1BAB1ACC9BE8009E9BAA /* ReportActivityViewController.swift in Sources */ = {isa = PBXBuildFile; fileRef = 2C6E1BAA1ACC9BE8009E9BAA /* ReportActivityViewController.swift */; };
		2C70773C1A3F299A003D6367 /* PeopleFilterViewController.swift in Sources */ = {isa = PBXBuildFile; fileRef = 2C70773B1A3F299A003D6367 /* PeopleFilterViewController.swift */; };
		2C7E803B19FBFC6E00F1FC4B /* PickerViewTableViewCell.swift in Sources */ = {isa = PBXBuildFile; fileRef = 2C7E803A19FBFC6E00F1FC4B /* PickerViewTableViewCell.swift */; };
		2C8093711AE5C61700AC7437 /* ResourceDetailViewController.swift in Sources */ = {isa = PBXBuildFile; fileRef = 2C8093701AE5C61700AC7437 /* ResourceDetailViewController.swift */; };
		2C85027E1A11A43400F35DAB /* NotificationsViewController.swift in Sources */ = {isa = PBXBuildFile; fileRef = 2C85027D1A11A43400F35DAB /* NotificationsViewController.swift */; };
		2C8502801A11A43F00F35DAB /* ComposeViewController.swift in Sources */ = {isa = PBXBuildFile; fileRef = 2C85027F1A11A43F00F35DAB /* ComposeViewController.swift */; };
		2C8592C11A14082600272769 /* ActivityDetailViewController.swift in Sources */ = {isa = PBXBuildFile; fileRef = 2C8592C01A14082600272769 /* ActivityDetailViewController.swift */; };
		2C8C3EF71AC5C78F007E5B05 /* ActivityExpandedBlurbTableViewCell.swift in Sources */ = {isa = PBXBuildFile; fileRef = 2C8C3EF61AC5C78F007E5B05 /* ActivityExpandedBlurbTableViewCell.swift */; };
		2C8C3EF91AC5DB74007E5B05 /* WebViewTableViewCell.swift in Sources */ = {isa = PBXBuildFile; fileRef = 2C8C3EF81AC5DB74007E5B05 /* WebViewTableViewCell.swift */; };
		2C8C3EFB1AC5EB4B007E5B05 /* CommentsViewTableViewCell.swift in Sources */ = {isa = PBXBuildFile; fileRef = 2C8C3EFA1AC5EB4B007E5B05 /* CommentsViewTableViewCell.swift */; };
		2C93EE511A1158C0009E6147 /* DashboardAnnouncementsCollectionViewCell.swift in Sources */ = {isa = PBXBuildFile; fileRef = 2C93EE501A1158C0009E6147 /* DashboardAnnouncementsCollectionViewCell.swift */; };
		2C98C2B61B1CC2EF0039132C /* NewChatViewController.swift in Sources */ = {isa = PBXBuildFile; fileRef = 2C98C2B51B1CC2EF0039132C /* NewChatViewController.swift */; };
		2C9CA60B1A059D0900BC4D93 /* CreateAccountViewController.swift in Sources */ = {isa = PBXBuildFile; fileRef = 2C9CA60A1A059D0900BC4D93 /* CreateAccountViewController.swift */; };
		2C9CA60E1A05AE4E00BC4D93 /* PeopleTabViewController.swift in Sources */ = {isa = PBXBuildFile; fileRef = 2C9CA60D1A05AE4E00BC4D93 /* PeopleTabViewController.swift */; };
		2C9CA6101A05AECF00BC4D93 /* ActivityTabViewController.swift in Sources */ = {isa = PBXBuildFile; fileRef = 2C9CA60F1A05AECF00BC4D93 /* ActivityTabViewController.swift */; };
		2C9CA6131A05AF2D00BC4D93 /* HelpTabViewController.swift in Sources */ = {isa = PBXBuildFile; fileRef = 2C9CA6121A05AF2D00BC4D93 /* HelpTabViewController.swift */; };
		2C9CA6171A05B58200BC4D93 /* PersonTableViewCell.swift in Sources */ = {isa = PBXBuildFile; fileRef = 2C9CA6161A05B58200BC4D93 /* PersonTableViewCell.swift */; };
		2C9D633A1A09441A00E7E069 /* ActivityTableViewCell.swift in Sources */ = {isa = PBXBuildFile; fileRef = 2C9D63391A09441A00E7E069 /* ActivityTableViewCell.swift */; };
		2CA2264819F5DF800018266F /* GallerySelectCollectionViewFlowLayout.m in Sources */ = {isa = PBXBuildFile; fileRef = 2CA2264719F5DF800018266F /* GallerySelectCollectionViewFlowLayout.m */; };
		2CA435EB19F48A2C00DC1C6E /* ChallengeOverviewTableViewCell.swift in Sources */ = {isa = PBXBuildFile; fileRef = 2CA435EA19F48A2C00DC1C6E /* ChallengeOverviewTableViewCell.swift */; };
		2CA435ED19F48A8A00DC1C6E /* PromptAndAnswerTableViewCell.swift in Sources */ = {isa = PBXBuildFile; fileRef = 2CA435EC19F48A8A00DC1C6E /* PromptAndAnswerTableViewCell.swift */; };
		2CA435F119F48B1A00DC1C6E /* DateTimePickerTableViewCell.swift in Sources */ = {isa = PBXBuildFile; fileRef = 2CA435F019F48B1A00DC1C6E /* DateTimePickerTableViewCell.swift */; };
		2CA435F319F48B5600DC1C6E /* EventInfoTableViewCell.swift in Sources */ = {isa = PBXBuildFile; fileRef = 2CA435F219F48B5600DC1C6E /* EventInfoTableViewCell.swift */; };
		2CA435F519F48B6F00DC1C6E /* GetDirectionsTableViewCell.swift in Sources */ = {isa = PBXBuildFile; fileRef = 2CA435F419F48B6F00DC1C6E /* GetDirectionsTableViewCell.swift */; };
		2CA435F719F48B8100DC1C6E /* CallTableViewCell.swift in Sources */ = {isa = PBXBuildFile; fileRef = 2CA435F619F48B8100DC1C6E /* CallTableViewCell.swift */; };
		2CA435F919F48B9C00DC1C6E /* TextFieldInputTableViewCell.swift in Sources */ = {isa = PBXBuildFile; fileRef = 2CA435F819F48B9C00DC1C6E /* TextFieldInputTableViewCell.swift */; };
		2CA435FB19F48BC500DC1C6E /* LaunchWebViewTableViewCell.swift in Sources */ = {isa = PBXBuildFile; fileRef = 2CA435FA19F48BC500DC1C6E /* LaunchWebViewTableViewCell.swift */; };
		2CA435FD19F48BE700DC1C6E /* HeroImageTableViewCell.swift in Sources */ = {isa = PBXBuildFile; fileRef = 2CA435FC19F48BE700DC1C6E /* HeroImageTableViewCell.swift */; };
		2CA435FF19F48C1000DC1C6E /* BoolPickerTableViewCell.swift in Sources */ = {isa = PBXBuildFile; fileRef = 2CA435FE19F48C1000DC1C6E /* BoolPickerTableViewCell.swift */; };
		2CB170F819F2C7860086C95F /* AppDelegate.swift in Sources */ = {isa = PBXBuildFile; fileRef = 2C5D996E19E4A9FB00133F59 /* AppDelegate.swift */; };
		2CB170F919F2C7860086C95F /* LoginViewController.swift in Sources */ = {isa = PBXBuildFile; fileRef = 2C8C20CE19E9AAE1009E84C7 /* LoginViewController.swift */; };
		2CB170FA19F2C7860086C95F /* OutTabBarViewController.swift in Sources */ = {isa = PBXBuildFile; fileRef = 2C04D0C119E5BF060091B626 /* OutTabBarViewController.swift */; };
		2CB170FB19F2C7860086C95F /* DashboardViewController.swift in Sources */ = {isa = PBXBuildFile; fileRef = 2C8C20D019E9ACCE009E84C7 /* DashboardViewController.swift */; };
		2CB170FD19F2C7860086C95F /* ChallengeFilterTableViewController.swift in Sources */ = {isa = PBXBuildFile; fileRef = 2CA1B6E719E72DA600B872F7 /* ChallengeFilterTableViewController.swift */; };
		2CB170FE19F2C7860086C95F /* ChallengeFilterTableViewCell.swift in Sources */ = {isa = PBXBuildFile; fileRef = 2CA1B6E919E7323D00B872F7 /* ChallengeFilterTableViewCell.swift */; };
		2CB1710119F2C7860086C95F /* ChallengeCardsCollectionViewFlowLayout.m in Sources */ = {isa = PBXBuildFile; fileRef = 2C17111C19E4E65600EA1D72 /* ChallengeCardsCollectionViewFlowLayout.m */; };
		2CB1710219F2C7860086C95F /* ChallengesTabViewController.swift in Sources */ = {isa = PBXBuildFile; fileRef = 2C0ABBB419EF284A00259B29 /* ChallengesTabViewController.swift */; };
		2CB1710319F2C7860086C95F /* ChallengesTabCollectionViewCell.swift in Sources */ = {isa = PBXBuildFile; fileRef = 2C0ABBB619EF445000259B29 /* ChallengesTabCollectionViewCell.swift */; };
		2CB1710419F2C7860086C95F /* MediaAvailabilityTableViewCell.swift in Sources */ = {isa = PBXBuildFile; fileRef = 2C9EA75119F0A2DE00703038 /* MediaAvailabilityTableViewCell.swift */; };
		2CB1710519F2C7860086C95F /* GallerySelectTableViewCell.swift in Sources */ = {isa = PBXBuildFile; fileRef = 2C26941919F1C9170088AFD1 /* GallerySelectTableViewCell.swift */; };
		2CB1710619F2C7860086C95F /* TextBlockTableViewCell.swift in Sources */ = {isa = PBXBuildFile; fileRef = 2C26941719F1B7DE0088AFD1 /* TextBlockTableViewCell.swift */; };
		2CB7E41E1A15C3D700D55CF8 /* AssetsLibrary.framework in Frameworks */ = {isa = PBXBuildFile; fileRef = 2CB7E41D1A15C3D700D55CF8 /* AssetsLibrary.framework */; };
		2CB7E4201A15C3DF00D55CF8 /* CoreText.framework in Frameworks */ = {isa = PBXBuildFile; fileRef = 2CB7E41F1A15C3DF00D55CF8 /* CoreText.framework */; };
		2CB7E4221A15C3E900D55CF8 /* QuickLook.framework in Frameworks */ = {isa = PBXBuildFile; fileRef = 2CB7E4211A15C3E900D55CF8 /* QuickLook.framework */; };
		2CB7E4281A15C40400D55CF8 /* HockeySDK.framework in Frameworks */ = {isa = PBXBuildFile; fileRef = 2CB7E4241A15C40400D55CF8 /* HockeySDK.framework */; };
		2CB7E42A1A15C40400D55CF8 /* HockeySDKResources.bundle in Resources */ = {isa = PBXBuildFile; fileRef = 2CB7E4271A15C40400D55CF8 /* HockeySDKResources.bundle */; };
		2CBCC8E31AC9D2CC00E992D9 /* CommentsViewController.swift in Sources */ = {isa = PBXBuildFile; fileRef = 2CBCC8E21AC9D2CC00E992D9 /* CommentsViewController.swift */; };
		2CBDF49B1AC34F2200637937 /* ActivityExpandedTableViewController.swift in Sources */ = {isa = PBXBuildFile; fileRef = 2CBDF49A1AC34F2200637937 /* ActivityExpandedTableViewController.swift */; };
		2CCD6C6A1ACF40CD00143FB9 /* ComposeChallengeReviewViewController.swift in Sources */ = {isa = PBXBuildFile; fileRef = 2CCD6C691ACF40CD00143FB9 /* ComposeChallengeReviewViewController.swift */; };
		2CD596591ADF6A5F0010930A /* HelpResourcesTabViewController.swift in Sources */ = {isa = PBXBuildFile; fileRef = 2CD596581ADF6A5F0010930A /* HelpResourcesTabViewController.swift */; };
		2CDA9D1A19F5617700D87841 /* ChallengeGalleryViewController.swift in Sources */ = {isa = PBXBuildFile; fileRef = 2CDA9D1919F5617700D87841 /* ChallengeGalleryViewController.swift */; };
		2CDA9D1C19F5655200D87841 /* ChallengeGalleryTableViewCell.swift in Sources */ = {isa = PBXBuildFile; fileRef = 2CDA9D1B19F5655200D87841 /* ChallengeGalleryTableViewCell.swift */; };
		2CE673211AE1974700BC1BF3 /* CrisisHelpTableViewCell.swift in Sources */ = {isa = PBXBuildFile; fileRef = 2CE673201AE1974700BC1BF3 /* CrisisHelpTableViewCell.swift */; };
		2CE673231AE1BC0B00BC1BF3 /* ResourceTableViewCell.swift in Sources */ = {isa = PBXBuildFile; fileRef = 2CE673221AE1BC0B00BC1BF3 /* ResourceTableViewCell.swift */; };
		2CE865E919FD71E000D3FD99 /* FieldsAndActivatorTableViewCell.swift in Sources */ = {isa = PBXBuildFile; fileRef = 2CE865E819FD71E000D3FD99 /* FieldsAndActivatorTableViewCell.swift */; };
		2CF4791B1A73FD0000CD88FF /* ActivityContentPreviewViewController.swift in Sources */ = {isa = PBXBuildFile; fileRef = 2CF4791A1A73FD0000CD88FF /* ActivityContentPreviewViewController.swift */; };
		A2CEAD054A7F345A23E45A47 /* Pods.framework in Frameworks */ = {isa = PBXBuildFile; fileRef = A4C68DB359CA159CFC464B59 /* Pods.framework */; settings = {ATTRIBUTES = (Weak, ); }; };
/* End PBXBuildFile section */

/* Begin PBXContainerItemProxy section */
		2C5D997F19E4A9FB00133F59 /* PBXContainerItemProxy */ = {
			isa = PBXContainerItemProxy;
			containerPortal = 2C5D996119E4A9FB00133F59 /* Project object */;
			proxyType = 1;
			remoteGlobalIDString = 2C5D996819E4A9FB00133F59;
			remoteInfo = Out;
		};
/* End PBXContainerItemProxy section */

/* Begin PBXFileReference section */
		2AD5FA256DF65BCFC9299A4C /* Pods.release.xcconfig */ = {isa = PBXFileReference; includeInIndex = 1; lastKnownFileType = text.xcconfig; name = Pods.release.xcconfig; path = "Pods/Target Support Files/Pods/Pods.release.xcconfig"; sourceTree = "<group>"; };
		2C04D0C119E5BF060091B626 /* OutTabBarViewController.swift */ = {isa = PBXFileReference; fileEncoding = 4; lastKnownFileType = sourcecode.swift; path = OutTabBarViewController.swift; sourceTree = "<group>"; };
		2C0ABBB419EF284A00259B29 /* ChallengesTabViewController.swift */ = {isa = PBXFileReference; fileEncoding = 4; lastKnownFileType = sourcecode.swift; path = ChallengesTabViewController.swift; sourceTree = "<group>"; };
		2C0ABBB619EF445000259B29 /* ChallengesTabCollectionViewCell.swift */ = {isa = PBXFileReference; fileEncoding = 4; lastKnownFileType = sourcecode.swift; path = ChallengesTabCollectionViewCell.swift; sourceTree = "<group>"; };
		2C0D0A7A1AE7562700CFB3A7 /* PeerChatTableViewController.swift */ = {isa = PBXFileReference; fileEncoding = 4; lastKnownFileType = sourcecode.swift; path = PeerChatTableViewController.swift; sourceTree = "<group>"; };
		2C17111A19E4E65600EA1D72 /* Out-Bridging-Header.h */ = {isa = PBXFileReference; lastKnownFileType = sourcecode.c.h; path = "Out-Bridging-Header.h"; sourceTree = "<group>"; };
		2C17111B19E4E65600EA1D72 /* ChallengeCardsCollectionViewFlowLayout.h */ = {isa = PBXFileReference; fileEncoding = 4; lastKnownFileType = sourcecode.c.h; path = ChallengeCardsCollectionViewFlowLayout.h; sourceTree = "<group>"; };
		2C17111C19E4E65600EA1D72 /* ChallengeCardsCollectionViewFlowLayout.m */ = {isa = PBXFileReference; fileEncoding = 4; lastKnownFileType = sourcecode.c.objc; path = ChallengeCardsCollectionViewFlowLayout.m; sourceTree = "<group>"; };
		2C1C23A919E87B54006975DA /* AudioToolbox.framework */ = {isa = PBXFileReference; lastKnownFileType = wrapper.framework; name = AudioToolbox.framework; path = System/Library/Frameworks/AudioToolbox.framework; sourceTree = SDKROOT; };
		2C1C23AB19E87B5B006975DA /* CFNetwork.framework */ = {isa = PBXFileReference; lastKnownFileType = wrapper.framework; name = CFNetwork.framework; path = System/Library/Frameworks/CFNetwork.framework; sourceTree = SDKROOT; };
		2C1C23AD19E87B62006975DA /* CoreGraphics.framework */ = {isa = PBXFileReference; lastKnownFileType = wrapper.framework; name = CoreGraphics.framework; path = System/Library/Frameworks/CoreGraphics.framework; sourceTree = SDKROOT; };
		2C1C23AF19E87B6B006975DA /* CoreLocation.framework */ = {isa = PBXFileReference; lastKnownFileType = wrapper.framework; name = CoreLocation.framework; path = System/Library/Frameworks/CoreLocation.framework; sourceTree = SDKROOT; };
		2C1C23B119E87B75006975DA /* libz.dylib */ = {isa = PBXFileReference; lastKnownFileType = "compiled.mach-o.dylib"; name = libz.dylib; path = usr/lib/libz.dylib; sourceTree = SDKROOT; };
		2C1C23B319E87B7C006975DA /* MobileCoreServices.framework */ = {isa = PBXFileReference; lastKnownFileType = wrapper.framework; name = MobileCoreServices.framework; path = System/Library/Frameworks/MobileCoreServices.framework; sourceTree = SDKROOT; };
		2C1C23B519E87B82006975DA /* QuartzCore.framework */ = {isa = PBXFileReference; lastKnownFileType = wrapper.framework; name = QuartzCore.framework; path = System/Library/Frameworks/QuartzCore.framework; sourceTree = SDKROOT; };
		2C1C23B719E87B8A006975DA /* Security.framework */ = {isa = PBXFileReference; lastKnownFileType = wrapper.framework; name = Security.framework; path = System/Library/Frameworks/Security.framework; sourceTree = SDKROOT; };
		2C1C23B919E87B91006975DA /* StoreKit.framework */ = {isa = PBXFileReference; lastKnownFileType = wrapper.framework; name = StoreKit.framework; path = System/Library/Frameworks/StoreKit.framework; sourceTree = SDKROOT; };
		2C1C23BB19E87BA0006975DA /* SystemConfiguration.framework */ = {isa = PBXFileReference; lastKnownFileType = wrapper.framework; name = SystemConfiguration.framework; path = System/Library/Frameworks/SystemConfiguration.framework; sourceTree = SDKROOT; };
		2C1CD0BD1AB0CF8E00A4359D /* StatusActivityTableViewCell.swift */ = {isa = PBXFileReference; fileEncoding = 4; lastKnownFileType = sourcecode.swift; path = StatusActivityTableViewCell.swift; sourceTree = "<group>"; };
		2C24FAF61AEABA9C003D9688 /* PNBar.h */ = {isa = PBXFileReference; fileEncoding = 4; lastKnownFileType = sourcecode.c.h; path = PNBar.h; sourceTree = "<group>"; };
		2C24FAF71AEABA9C003D9688 /* PNBar.m */ = {isa = PBXFileReference; fileEncoding = 4; lastKnownFileType = sourcecode.c.objc; path = PNBar.m; sourceTree = "<group>"; };
		2C24FAF81AEABA9C003D9688 /* PNBarChart.h */ = {isa = PBXFileReference; fileEncoding = 4; lastKnownFileType = sourcecode.c.h; path = PNBarChart.h; sourceTree = "<group>"; };
		2C24FAF91AEABA9C003D9688 /* PNBarChart.m */ = {isa = PBXFileReference; fileEncoding = 4; lastKnownFileType = sourcecode.c.objc; path = PNBarChart.m; sourceTree = "<group>"; };
		2C24FAFA1AEABA9C003D9688 /* PNChart.h */ = {isa = PBXFileReference; fileEncoding = 4; lastKnownFileType = sourcecode.c.h; path = PNChart.h; sourceTree = "<group>"; };
		2C24FAFB1AEABA9C003D9688 /* PNChartDelegate.h */ = {isa = PBXFileReference; fileEncoding = 4; lastKnownFileType = sourcecode.c.h; path = PNChartDelegate.h; sourceTree = "<group>"; };
		2C24FAFC1AEABA9C003D9688 /* PNChartLabel.h */ = {isa = PBXFileReference; fileEncoding = 4; lastKnownFileType = sourcecode.c.h; path = PNChartLabel.h; sourceTree = "<group>"; };
		2C24FAFD1AEABA9C003D9688 /* PNChartLabel.m */ = {isa = PBXFileReference; fileEncoding = 4; lastKnownFileType = sourcecode.c.objc; path = PNChartLabel.m; sourceTree = "<group>"; };
		2C24FAFE1AEABA9C003D9688 /* PNCircleChart.h */ = {isa = PBXFileReference; fileEncoding = 4; lastKnownFileType = sourcecode.c.h; path = PNCircleChart.h; sourceTree = "<group>"; };
		2C24FAFF1AEABA9C003D9688 /* PNCircleChart.m */ = {isa = PBXFileReference; fileEncoding = 4; lastKnownFileType = sourcecode.c.objc; path = PNCircleChart.m; sourceTree = "<group>"; };
		2C24FB001AEABA9C003D9688 /* PNColor.h */ = {isa = PBXFileReference; fileEncoding = 4; lastKnownFileType = sourcecode.c.h; path = PNColor.h; sourceTree = "<group>"; };
		2C24FB011AEABA9C003D9688 /* PNColor.m */ = {isa = PBXFileReference; fileEncoding = 4; lastKnownFileType = sourcecode.c.objc; path = PNColor.m; sourceTree = "<group>"; };
		2C24FB021AEABA9C003D9688 /* PNGenericChart.h */ = {isa = PBXFileReference; fileEncoding = 4; lastKnownFileType = sourcecode.c.h; path = PNGenericChart.h; sourceTree = "<group>"; };
		2C24FB031AEABA9C003D9688 /* PNGenericChart.m */ = {isa = PBXFileReference; fileEncoding = 4; lastKnownFileType = sourcecode.c.objc; path = PNGenericChart.m; sourceTree = "<group>"; };
		2C24FB041AEABA9C003D9688 /* PNLineChart.h */ = {isa = PBXFileReference; fileEncoding = 4; lastKnownFileType = sourcecode.c.h; path = PNLineChart.h; sourceTree = "<group>"; };
		2C24FB051AEABA9C003D9688 /* PNLineChart.m */ = {isa = PBXFileReference; fileEncoding = 4; lastKnownFileType = sourcecode.c.objc; path = PNLineChart.m; sourceTree = "<group>"; };
		2C24FB061AEABA9C003D9688 /* PNLineChartData.h */ = {isa = PBXFileReference; fileEncoding = 4; lastKnownFileType = sourcecode.c.h; path = PNLineChartData.h; sourceTree = "<group>"; };
		2C24FB071AEABA9C003D9688 /* PNLineChartData.m */ = {isa = PBXFileReference; fileEncoding = 4; lastKnownFileType = sourcecode.c.objc; path = PNLineChartData.m; sourceTree = "<group>"; };
		2C24FB081AEABA9C003D9688 /* PNLineChartDataItem.h */ = {isa = PBXFileReference; fileEncoding = 4; lastKnownFileType = sourcecode.c.h; path = PNLineChartDataItem.h; sourceTree = "<group>"; };
		2C24FB091AEABA9C003D9688 /* PNLineChartDataItem.m */ = {isa = PBXFileReference; fileEncoding = 4; lastKnownFileType = sourcecode.c.objc; path = PNLineChartDataItem.m; sourceTree = "<group>"; };
		2C24FB0A1AEABA9C003D9688 /* PNPieChart.h */ = {isa = PBXFileReference; fileEncoding = 4; lastKnownFileType = sourcecode.c.h; path = PNPieChart.h; sourceTree = "<group>"; };
		2C24FB0B1AEABA9C003D9688 /* PNPieChart.m */ = {isa = PBXFileReference; fileEncoding = 4; lastKnownFileType = sourcecode.c.objc; path = PNPieChart.m; sourceTree = "<group>"; };
		2C24FB0C1AEABA9C003D9688 /* PNPieChartDataItem.h */ = {isa = PBXFileReference; fileEncoding = 4; lastKnownFileType = sourcecode.c.h; path = PNPieChartDataItem.h; sourceTree = "<group>"; };
		2C24FB0D1AEABA9C003D9688 /* PNPieChartDataItem.m */ = {isa = PBXFileReference; fileEncoding = 4; lastKnownFileType = sourcecode.c.objc; path = PNPieChartDataItem.m; sourceTree = "<group>"; };
		2C24FB0E1AEABA9C003D9688 /* PNScatterChart.h */ = {isa = PBXFileReference; fileEncoding = 4; lastKnownFileType = sourcecode.c.h; path = PNScatterChart.h; sourceTree = "<group>"; };
		2C24FB0F1AEABA9C003D9688 /* PNScatterChart.m */ = {isa = PBXFileReference; fileEncoding = 4; lastKnownFileType = sourcecode.c.objc; path = PNScatterChart.m; sourceTree = "<group>"; };
		2C24FB101AEABA9C003D9688 /* PNScatterChartData.h */ = {isa = PBXFileReference; fileEncoding = 4; lastKnownFileType = sourcecode.c.h; path = PNScatterChartData.h; sourceTree = "<group>"; };
		2C24FB111AEABA9C003D9688 /* PNScatterChartData.m */ = {isa = PBXFileReference; fileEncoding = 4; lastKnownFileType = sourcecode.c.objc; path = PNScatterChartData.m; sourceTree = "<group>"; };
		2C24FB121AEABA9C003D9688 /* PNScatterChartDataItem.h */ = {isa = PBXFileReference; fileEncoding = 4; lastKnownFileType = sourcecode.c.h; path = PNScatterChartDataItem.h; sourceTree = "<group>"; };
		2C24FB131AEABA9C003D9688 /* PNScatterChartDataItem.m */ = {isa = PBXFileReference; fileEncoding = 4; lastKnownFileType = sourcecode.c.objc; path = PNScatterChartDataItem.m; sourceTree = "<group>"; };
		2C26941719F1B7DE0088AFD1 /* TextBlockTableViewCell.swift */ = {isa = PBXFileReference; fileEncoding = 4; lastKnownFileType = sourcecode.swift; path = TextBlockTableViewCell.swift; sourceTree = "<group>"; };
		2C26941919F1C9170088AFD1 /* GallerySelectTableViewCell.swift */ = {isa = PBXFileReference; fileEncoding = 4; lastKnownFileType = sourcecode.swift; path = GallerySelectTableViewCell.swift; sourceTree = "<group>"; };
		2C280D7C1A18EF0D0066BE1F /* UIStyleController.swift */ = {isa = PBXFileReference; fileEncoding = 4; lastKnownFileType = sourcecode.swift; path = UIStyleController.swift; sourceTree = "<group>"; };
		2C2C1E371AEB5E07004253BA /* DateTools.bundle */ = {isa = PBXFileReference; lastKnownFileType = "wrapper.plug-in"; path = DateTools.bundle; sourceTree = "<group>"; };
		2C2C1E381AEB5E07004253BA /* DateTools.h */ = {isa = PBXFileReference; fileEncoding = 4; lastKnownFileType = sourcecode.c.h; path = DateTools.h; sourceTree = "<group>"; };
		2C2C1E391AEB5E07004253BA /* DTConstants.h */ = {isa = PBXFileReference; fileEncoding = 4; lastKnownFileType = sourcecode.c.h; path = DTConstants.h; sourceTree = "<group>"; };
		2C2C1E3A1AEB5E07004253BA /* DTError.h */ = {isa = PBXFileReference; fileEncoding = 4; lastKnownFileType = sourcecode.c.h; path = DTError.h; sourceTree = "<group>"; };
		2C2C1E3B1AEB5E07004253BA /* DTError.m */ = {isa = PBXFileReference; fileEncoding = 4; lastKnownFileType = sourcecode.c.objc; path = DTError.m; sourceTree = "<group>"; };
		2C2C1E3C1AEB5E07004253BA /* DTTimePeriod.h */ = {isa = PBXFileReference; fileEncoding = 4; lastKnownFileType = sourcecode.c.h; path = DTTimePeriod.h; sourceTree = "<group>"; };
		2C2C1E3D1AEB5E07004253BA /* DTTimePeriod.m */ = {isa = PBXFileReference; fileEncoding = 4; lastKnownFileType = sourcecode.c.objc; path = DTTimePeriod.m; sourceTree = "<group>"; };
		2C2C1E3E1AEB5E07004253BA /* DTTimePeriodChain.h */ = {isa = PBXFileReference; fileEncoding = 4; lastKnownFileType = sourcecode.c.h; path = DTTimePeriodChain.h; sourceTree = "<group>"; };
		2C2C1E3F1AEB5E07004253BA /* DTTimePeriodChain.m */ = {isa = PBXFileReference; fileEncoding = 4; lastKnownFileType = sourcecode.c.objc; path = DTTimePeriodChain.m; sourceTree = "<group>"; };
		2C2C1E401AEB5E07004253BA /* DTTimePeriodCollection.h */ = {isa = PBXFileReference; fileEncoding = 4; lastKnownFileType = sourcecode.c.h; path = DTTimePeriodCollection.h; sourceTree = "<group>"; };
		2C2C1E411AEB5E07004253BA /* DTTimePeriodCollection.m */ = {isa = PBXFileReference; fileEncoding = 4; lastKnownFileType = sourcecode.c.objc; path = DTTimePeriodCollection.m; sourceTree = "<group>"; };
		2C2C1E421AEB5E07004253BA /* DTTimePeriodGroup.h */ = {isa = PBXFileReference; fileEncoding = 4; lastKnownFileType = sourcecode.c.h; path = DTTimePeriodGroup.h; sourceTree = "<group>"; };
		2C2C1E431AEB5E07004253BA /* DTTimePeriodGroup.m */ = {isa = PBXFileReference; fileEncoding = 4; lastKnownFileType = sourcecode.c.objc; path = DTTimePeriodGroup.m; sourceTree = "<group>"; };
		2C2C1E441AEB5E07004253BA /* NSDate+DateTools.h */ = {isa = PBXFileReference; fileEncoding = 4; lastKnownFileType = sourcecode.c.h; path = "NSDate+DateTools.h"; sourceTree = "<group>"; };
		2C2C1E451AEB5E07004253BA /* NSDate+DateTools.m */ = {isa = PBXFileReference; fileEncoding = 4; lastKnownFileType = sourcecode.c.objc; path = "NSDate+DateTools.m"; sourceTree = "<group>"; };
		2C2CF7221A15824000B8C60E /* CommentTableViewCell.swift */ = {isa = PBXFileReference; fileEncoding = 4; lastKnownFileType = sourcecode.swift; path = CommentTableViewCell.swift; sourceTree = "<group>"; };
		2C3366E01A008752009198EA /* WebViewViewController.swift */ = {isa = PBXFileReference; fileEncoding = 4; lastKnownFileType = sourcecode.swift; path = WebViewViewController.swift; sourceTree = "<group>"; };
		2C35C49E19F3557000551707 /* CautionTextTableViewCell.swift */ = {isa = PBXFileReference; fileEncoding = 4; lastKnownFileType = sourcecode.swift; path = CautionTextTableViewCell.swift; sourceTree = "<group>"; };
		2C3A7BFC1A117A3700FC4516 /* DashboardChallengeOnDeckCollectionViewFlowLayout.h */ = {isa = PBXFileReference; fileEncoding = 4; lastKnownFileType = sourcecode.c.h; path = DashboardChallengeOnDeckCollectionViewFlowLayout.h; sourceTree = "<group>"; };
		2C3A7BFD1A117A3700FC4516 /* DashboardChallengeOnDeckCollectionViewFlowLayout.m */ = {isa = PBXFileReference; fileEncoding = 4; lastKnownFileType = sourcecode.c.objc; path = DashboardChallengeOnDeckCollectionViewFlowLayout.m; sourceTree = "<group>"; };
		2C3A7BFF1A117EB700FC4516 /* MyProfileViewController.swift */ = {isa = PBXFileReference; fileEncoding = 4; lastKnownFileType = sourcecode.swift; path = MyProfileViewController.swift; sourceTree = "<group>"; };
		2C3A7C011A117EC900FC4516 /* MyProgressViewController.swift */ = {isa = PBXFileReference; fileEncoding = 4; lastKnownFileType = sourcecode.swift; path = MyProgressViewController.swift; sourceTree = "<group>"; };
		2C470F511A06F5B7008EADB4 /* PeopleGalleryViewController.swift */ = {isa = PBXFileReference; fileEncoding = 4; lastKnownFileType = sourcecode.swift; path = PeopleGalleryViewController.swift; sourceTree = "<group>"; };
		2C470F541A06FAED008EADB4 /* PersonFollowTableViewCell.swift */ = {isa = PBXFileReference; fileEncoding = 4; lastKnownFileType = sourcecode.swift; path = PersonFollowTableViewCell.swift; sourceTree = "<group>"; };
		2C4F87EB1A7488B000D10E1B /* ChallengeRecordTableViewCell.swift */ = {isa = PBXFileReference; fileEncoding = 4; lastKnownFileType = sourcecode.swift; path = ChallengeRecordTableViewCell.swift; sourceTree = "<group>"; };
		2C4FE2361AE9FE900009B1A6 /* libsqlite3.dylib */ = {isa = PBXFileReference; lastKnownFileType = "compiled.mach-o.dylib"; name = libsqlite3.dylib; path = usr/lib/libsqlite3.dylib; sourceTree = SDKROOT; };
		2C512CA019F5A06800483A49 /* GallerySelectCollectionViewCell.swift */ = {isa = PBXFileReference; fileEncoding = 4; lastKnownFileType = sourcecode.swift; path = GallerySelectCollectionViewCell.swift; sourceTree = "<group>"; };
		2C54AD5D1A92AA510023BD20 /* NotificationTableViewCell.swift */ = {isa = PBXFileReference; fileEncoding = 4; lastKnownFileType = sourcecode.swift; path = NotificationTableViewCell.swift; sourceTree = "<group>"; };
		2C5C8CA91ACC738D000E8650 /* StepTitleTableViewCell.swift */ = {isa = PBXFileReference; fileEncoding = 4; lastKnownFileType = sourcecode.swift; path = StepTitleTableViewCell.swift; sourceTree = "<group>"; };
		2C5C8CAB1ACC7721000E8650 /* StepBlurbTableViewCell.swift */ = {isa = PBXFileReference; fileEncoding = 4; lastKnownFileType = sourcecode.swift; path = StepBlurbTableViewCell.swift; sourceTree = "<group>"; };
		2C5C8CAD1ACC7998000E8650 /* StepMediaTableViewCell.swift */ = {isa = PBXFileReference; fileEncoding = 4; lastKnownFileType = sourcecode.swift; path = StepMediaTableViewCell.swift; sourceTree = "<group>"; };
		2C5D996919E4A9FB00133F59 /* Out.app */ = {isa = PBXFileReference; explicitFileType = wrapper.application; includeInIndex = 0; path = Out.app; sourceTree = BUILT_PRODUCTS_DIR; };
		2C5D996D19E4A9FB00133F59 /* Info.plist */ = {isa = PBXFileReference; lastKnownFileType = text.plist.xml; path = Info.plist; sourceTree = "<group>"; };
		2C5D996E19E4A9FB00133F59 /* AppDelegate.swift */ = {isa = PBXFileReference; lastKnownFileType = sourcecode.swift; path = AppDelegate.swift; sourceTree = "<group>"; };
		2C5D997319E4A9FB00133F59 /* Base */ = {isa = PBXFileReference; lastKnownFileType = file.storyboard; name = Base; path = Base.lproj/Main.storyboard; sourceTree = "<group>"; };
		2C5D997519E4A9FB00133F59 /* Images.xcassets */ = {isa = PBXFileReference; lastKnownFileType = folder.assetcatalog; path = Images.xcassets; sourceTree = "<group>"; };
		2C5D997819E4A9FB00133F59 /* Base */ = {isa = PBXFileReference; lastKnownFileType = file.xib; name = Base; path = Base.lproj/LaunchScreen.xib; sourceTree = "<group>"; };
		2C5D997E19E4A9FB00133F59 /* OutTests.xctest */ = {isa = PBXFileReference; explicitFileType = wrapper.cfbundle; includeInIndex = 0; path = OutTests.xctest; sourceTree = BUILT_PRODUCTS_DIR; };
		2C5D998319E4A9FB00133F59 /* Info.plist */ = {isa = PBXFileReference; lastKnownFileType = text.plist.xml; path = Info.plist; sourceTree = "<group>"; };
		2C5D998419E4A9FB00133F59 /* OutTests.swift */ = {isa = PBXFileReference; lastKnownFileType = sourcecode.swift; path = OutTests.swift; sourceTree = "<group>"; };
		2C5DC8E91AE9FF8F0085C2EA /* Accounts.framework */ = {isa = PBXFileReference; lastKnownFileType = wrapper.framework; name = Accounts.framework; path = System/Library/Frameworks/Accounts.framework; sourceTree = SDKROOT; };
		2C5DC8EB1AE9FF950085C2EA /* Social.framework */ = {isa = PBXFileReference; lastKnownFileType = wrapper.framework; name = Social.framework; path = System/Library/Frameworks/Social.framework; sourceTree = SDKROOT; };
		2C65C54D1A3F447200B5458F /* HelpChatViewController.swift */ = {isa = PBXFileReference; fileEncoding = 4; lastKnownFileType = sourcecode.swift; path = HelpChatViewController.swift; sourceTree = "<group>"; };
		2C65C54F1A3F447D00B5458F /* HelpTalkViewController.swift */ = {isa = PBXFileReference; fileEncoding = 4; lastKnownFileType = sourcecode.swift; path = HelpTalkViewController.swift; sourceTree = "<group>"; };
		2C65C5511A3F551300B5458F /* MentorViewController.swift */ = {isa = PBXFileReference; fileEncoding = 4; lastKnownFileType = sourcecode.swift; path = MentorViewController.swift; sourceTree = "<group>"; };
		2C67340B1AD9CEED00A31424 /* PersonDetailViewController.swift */ = {isa = PBXFileReference; fileEncoding = 4; lastKnownFileType = sourcecode.swift; path = PersonDetailViewController.swift; sourceTree = "<group>"; };
		2C67340D1ADACFFB00A31424 /* PersonDetailTableViewCell.swift */ = {isa = PBXFileReference; fileEncoding = 4; lastKnownFileType = sourcecode.swift; path = PersonDetailTableViewCell.swift; sourceTree = "<group>"; };
		2C693B311AE8746C00F3BFD6 /* RelevantResourceTableViewCell.swift */ = {isa = PBXFileReference; fileEncoding = 4; lastKnownFileType = sourcecode.swift; path = RelevantResourceTableViewCell.swift; sourceTree = "<group>"; };
		2C693B331AE8930A00F3BFD6 /* ResourceDetailTableViewCell.swift */ = {isa = PBXFileReference; fileEncoding = 4; lastKnownFileType = sourcecode.swift; path = ResourceDetailTableViewCell.swift; sourceTree = "<group>"; };
		2C693B351AE8932F00F3BFD6 /* EventTableViewCell.swift */ = {isa = PBXFileReference; fileEncoding = 4; lastKnownFileType = sourcecode.swift; path = EventTableViewCell.swift; sourceTree = "<group>"; };
		2C6AFF511A128D4C0006C7A9 /* DashboardAnnouncementsCollectionViewFlowLayout.h */ = {isa = PBXFileReference; fileEncoding = 4; lastKnownFileType = sourcecode.c.h; path = DashboardAnnouncementsCollectionViewFlowLayout.h; sourceTree = "<group>"; };
		2C6AFF521A128D4C0006C7A9 /* DashboardAnnouncementsCollectionViewFlowLayout.m */ = {isa = PBXFileReference; fileEncoding = 4; lastKnownFileType = sourcecode.c.objc; path = DashboardAnnouncementsCollectionViewFlowLayout.m; sourceTree = "<group>"; };
		2C6AFF561A12CAF90006C7A9 /* DashboardInspirationCollectionViewFlowLayout.h */ = {isa = PBXFileReference; fileEncoding = 4; lastKnownFileType = sourcecode.c.h; path = DashboardInspirationCollectionViewFlowLayout.h; sourceTree = "<group>"; };
		2C6AFF571A12CAF90006C7A9 /* DashboardInspirationCollectionViewFlowLayout.m */ = {isa = PBXFileReference; fileEncoding = 4; lastKnownFileType = sourcecode.c.objc; path = DashboardInspirationCollectionViewFlowLayout.m; sourceTree = "<group>"; };
		2C6E1BA61ACC9BD1009E9BAA /* AlsoCompletedByViewController.swift */ = {isa = PBXFileReference; fileEncoding = 4; lastKnownFileType = sourcecode.swift; path = AlsoCompletedByViewController.swift; sourceTree = "<group>"; };
		2C6E1BA81ACC9BDF009E9BAA /* ChallengeFeedbackViewController.swift */ = {isa = PBXFileReference; fileEncoding = 4; lastKnownFileType = sourcecode.swift; path = ChallengeFeedbackViewController.swift; sourceTree = "<group>"; };
		2C6E1BAA1ACC9BE8009E9BAA /* ReportActivityViewController.swift */ = {isa = PBXFileReference; fileEncoding = 4; lastKnownFileType = sourcecode.swift; path = ReportActivityViewController.swift; sourceTree = "<group>"; };
		2C70773B1A3F299A003D6367 /* PeopleFilterViewController.swift */ = {isa = PBXFileReference; fileEncoding = 4; lastKnownFileType = sourcecode.swift; path = PeopleFilterViewController.swift; sourceTree = "<group>"; };
		2C7E803A19FBFC6E00F1FC4B /* PickerViewTableViewCell.swift */ = {isa = PBXFileReference; fileEncoding = 4; lastKnownFileType = sourcecode.swift; path = PickerViewTableViewCell.swift; sourceTree = "<group>"; };
		2C8093701AE5C61700AC7437 /* ResourceDetailViewController.swift */ = {isa = PBXFileReference; fileEncoding = 4; lastKnownFileType = sourcecode.swift; path = ResourceDetailViewController.swift; sourceTree = "<group>"; };
		2C85027D1A11A43400F35DAB /* NotificationsViewController.swift */ = {isa = PBXFileReference; fileEncoding = 4; lastKnownFileType = sourcecode.swift; path = NotificationsViewController.swift; sourceTree = "<group>"; };
		2C85027F1A11A43F00F35DAB /* ComposeViewController.swift */ = {isa = PBXFileReference; fileEncoding = 4; lastKnownFileType = sourcecode.swift; path = ComposeViewController.swift; sourceTree = "<group>"; };
		2C8592C01A14082600272769 /* ActivityDetailViewController.swift */ = {isa = PBXFileReference; fileEncoding = 4; lastKnownFileType = sourcecode.swift; path = ActivityDetailViewController.swift; sourceTree = "<group>"; };
		2C8C20CE19E9AAE1009E84C7 /* LoginViewController.swift */ = {isa = PBXFileReference; fileEncoding = 4; lastKnownFileType = sourcecode.swift; path = LoginViewController.swift; sourceTree = "<group>"; };
		2C8C20D019E9ACCE009E84C7 /* DashboardViewController.swift */ = {isa = PBXFileReference; fileEncoding = 4; lastKnownFileType = sourcecode.swift; path = DashboardViewController.swift; sourceTree = "<group>"; };
		2C8C3EF61AC5C78F007E5B05 /* ActivityExpandedBlurbTableViewCell.swift */ = {isa = PBXFileReference; fileEncoding = 4; lastKnownFileType = sourcecode.swift; path = ActivityExpandedBlurbTableViewCell.swift; sourceTree = "<group>"; };
		2C8C3EF81AC5DB74007E5B05 /* WebViewTableViewCell.swift */ = {isa = PBXFileReference; fileEncoding = 4; lastKnownFileType = sourcecode.swift; path = WebViewTableViewCell.swift; sourceTree = "<group>"; };
		2C8C3EFA1AC5EB4B007E5B05 /* CommentsViewTableViewCell.swift */ = {isa = PBXFileReference; fileEncoding = 4; lastKnownFileType = sourcecode.swift; path = CommentsViewTableViewCell.swift; sourceTree = "<group>"; };
		2C93EE501A1158C0009E6147 /* DashboardAnnouncementsCollectionViewCell.swift */ = {isa = PBXFileReference; fileEncoding = 4; lastKnownFileType = sourcecode.swift; path = DashboardAnnouncementsCollectionViewCell.swift; sourceTree = "<group>"; };
		2C98C2B51B1CC2EF0039132C /* NewChatViewController.swift */ = {isa = PBXFileReference; fileEncoding = 4; lastKnownFileType = sourcecode.swift; path = NewChatViewController.swift; sourceTree = "<group>"; };
		2C9CA60A1A059D0900BC4D93 /* CreateAccountViewController.swift */ = {isa = PBXFileReference; fileEncoding = 4; lastKnownFileType = sourcecode.swift; path = CreateAccountViewController.swift; sourceTree = "<group>"; };
		2C9CA60D1A05AE4E00BC4D93 /* PeopleTabViewController.swift */ = {isa = PBXFileReference; fileEncoding = 4; lastKnownFileType = sourcecode.swift; path = PeopleTabViewController.swift; sourceTree = "<group>"; };
		2C9CA60F1A05AECF00BC4D93 /* ActivityTabViewController.swift */ = {isa = PBXFileReference; fileEncoding = 4; lastKnownFileType = sourcecode.swift; path = ActivityTabViewController.swift; sourceTree = "<group>"; };
		2C9CA6121A05AF2D00BC4D93 /* HelpTabViewController.swift */ = {isa = PBXFileReference; fileEncoding = 4; lastKnownFileType = sourcecode.swift; path = HelpTabViewController.swift; sourceTree = "<group>"; };
		2C9CA6161A05B58200BC4D93 /* PersonTableViewCell.swift */ = {isa = PBXFileReference; fileEncoding = 4; lastKnownFileType = sourcecode.swift; path = PersonTableViewCell.swift; sourceTree = "<group>"; };
		2C9D63391A09441A00E7E069 /* ActivityTableViewCell.swift */ = {isa = PBXFileReference; fileEncoding = 4; lastKnownFileType = sourcecode.swift; path = ActivityTableViewCell.swift; sourceTree = "<group>"; };
		2C9EA75119F0A2DE00703038 /* MediaAvailabilityTableViewCell.swift */ = {isa = PBXFileReference; fileEncoding = 4; lastKnownFileType = sourcecode.swift; path = MediaAvailabilityTableViewCell.swift; sourceTree = "<group>"; };
		2CA1B6E719E72DA600B872F7 /* ChallengeFilterTableViewController.swift */ = {isa = PBXFileReference; fileEncoding = 4; lastKnownFileType = sourcecode.swift; path = ChallengeFilterTableViewController.swift; sourceTree = "<group>"; };
		2CA1B6E919E7323D00B872F7 /* ChallengeFilterTableViewCell.swift */ = {isa = PBXFileReference; fileEncoding = 4; lastKnownFileType = sourcecode.swift; path = ChallengeFilterTableViewCell.swift; sourceTree = "<group>"; };
		2CA2264719F5DF800018266F /* GallerySelectCollectionViewFlowLayout.m */ = {isa = PBXFileReference; fileEncoding = 4; lastKnownFileType = sourcecode.c.objc; path = GallerySelectCollectionViewFlowLayout.m; sourceTree = "<group>"; };
		2CA2264A19F5E03F0018266F /* GallerySelectCollectionViewFlowLayout.h */ = {isa = PBXFileReference; fileEncoding = 4; lastKnownFileType = sourcecode.c.h; path = GallerySelectCollectionViewFlowLayout.h; sourceTree = "<group>"; };
		2CA435EA19F48A2C00DC1C6E /* ChallengeOverviewTableViewCell.swift */ = {isa = PBXFileReference; fileEncoding = 4; lastKnownFileType = sourcecode.swift; path = ChallengeOverviewTableViewCell.swift; sourceTree = "<group>"; };
		2CA435EC19F48A8A00DC1C6E /* PromptAndAnswerTableViewCell.swift */ = {isa = PBXFileReference; fileEncoding = 4; lastKnownFileType = sourcecode.swift; path = PromptAndAnswerTableViewCell.swift; sourceTree = "<group>"; };
		2CA435F019F48B1A00DC1C6E /* DateTimePickerTableViewCell.swift */ = {isa = PBXFileReference; fileEncoding = 4; lastKnownFileType = sourcecode.swift; path = DateTimePickerTableViewCell.swift; sourceTree = "<group>"; };
		2CA435F219F48B5600DC1C6E /* EventInfoTableViewCell.swift */ = {isa = PBXFileReference; fileEncoding = 4; lastKnownFileType = sourcecode.swift; path = EventInfoTableViewCell.swift; sourceTree = "<group>"; };
		2CA435F419F48B6F00DC1C6E /* GetDirectionsTableViewCell.swift */ = {isa = PBXFileReference; fileEncoding = 4; lastKnownFileType = sourcecode.swift; path = GetDirectionsTableViewCell.swift; sourceTree = "<group>"; };
		2CA435F619F48B8100DC1C6E /* CallTableViewCell.swift */ = {isa = PBXFileReference; fileEncoding = 4; lastKnownFileType = sourcecode.swift; path = CallTableViewCell.swift; sourceTree = "<group>"; };
		2CA435F819F48B9C00DC1C6E /* TextFieldInputTableViewCell.swift */ = {isa = PBXFileReference; fileEncoding = 4; lastKnownFileType = sourcecode.swift; path = TextFieldInputTableViewCell.swift; sourceTree = "<group>"; };
		2CA435FA19F48BC500DC1C6E /* LaunchWebViewTableViewCell.swift */ = {isa = PBXFileReference; fileEncoding = 4; lastKnownFileType = sourcecode.swift; path = LaunchWebViewTableViewCell.swift; sourceTree = "<group>"; };
		2CA435FC19F48BE700DC1C6E /* HeroImageTableViewCell.swift */ = {isa = PBXFileReference; fileEncoding = 4; lastKnownFileType = sourcecode.swift; path = HeroImageTableViewCell.swift; sourceTree = "<group>"; };
		2CA435FE19F48C1000DC1C6E /* BoolPickerTableViewCell.swift */ = {isa = PBXFileReference; fileEncoding = 4; lastKnownFileType = sourcecode.swift; path = BoolPickerTableViewCell.swift; sourceTree = "<group>"; };
		2CB7E41D1A15C3D700D55CF8 /* AssetsLibrary.framework */ = {isa = PBXFileReference; lastKnownFileType = wrapper.framework; name = AssetsLibrary.framework; path = System/Library/Frameworks/AssetsLibrary.framework; sourceTree = SDKROOT; };
		2CB7E41F1A15C3DF00D55CF8 /* CoreText.framework */ = {isa = PBXFileReference; lastKnownFileType = wrapper.framework; name = CoreText.framework; path = System/Library/Frameworks/CoreText.framework; sourceTree = SDKROOT; };
		2CB7E4211A15C3E900D55CF8 /* QuickLook.framework */ = {isa = PBXFileReference; lastKnownFileType = wrapper.framework; name = QuickLook.framework; path = System/Library/Frameworks/QuickLook.framework; sourceTree = SDKROOT; };
		2CB7E4241A15C40400D55CF8 /* HockeySDK.framework */ = {isa = PBXFileReference; lastKnownFileType = wrapper.framework; path = HockeySDK.framework; sourceTree = "<group>"; };
		2CB7E4261A15C40400D55CF8 /* HockeySDK.xcconfig */ = {isa = PBXFileReference; fileEncoding = 4; lastKnownFileType = text.xcconfig; path = HockeySDK.xcconfig; sourceTree = "<group>"; };
		2CB7E4271A15C40400D55CF8 /* HockeySDKResources.bundle */ = {isa = PBXFileReference; lastKnownFileType = "wrapper.plug-in"; path = HockeySDKResources.bundle; sourceTree = "<group>"; };
		2CBCC8E21AC9D2CC00E992D9 /* CommentsViewController.swift */ = {isa = PBXFileReference; fileEncoding = 4; lastKnownFileType = sourcecode.swift; path = CommentsViewController.swift; sourceTree = "<group>"; };
		2CBDF49A1AC34F2200637937 /* ActivityExpandedTableViewController.swift */ = {isa = PBXFileReference; fileEncoding = 4; lastKnownFileType = sourcecode.swift; path = ActivityExpandedTableViewController.swift; sourceTree = "<group>"; };
		2CCD6C691ACF40CD00143FB9 /* ComposeChallengeReviewViewController.swift */ = {isa = PBXFileReference; fileEncoding = 4; lastKnownFileType = sourcecode.swift; path = ComposeChallengeReviewViewController.swift; sourceTree = "<group>"; };
		2CD596581ADF6A5F0010930A /* HelpResourcesTabViewController.swift */ = {isa = PBXFileReference; fileEncoding = 4; lastKnownFileType = sourcecode.swift; path = HelpResourcesTabViewController.swift; sourceTree = "<group>"; };
		2CDA9D1919F5617700D87841 /* ChallengeGalleryViewController.swift */ = {isa = PBXFileReference; fileEncoding = 4; lastKnownFileType = sourcecode.swift; path = ChallengeGalleryViewController.swift; sourceTree = "<group>"; };
		2CDA9D1B19F5655200D87841 /* ChallengeGalleryTableViewCell.swift */ = {isa = PBXFileReference; fileEncoding = 4; lastKnownFileType = sourcecode.swift; path = ChallengeGalleryTableViewCell.swift; sourceTree = "<group>"; };
		2CE673201AE1974700BC1BF3 /* CrisisHelpTableViewCell.swift */ = {isa = PBXFileReference; fileEncoding = 4; lastKnownFileType = sourcecode.swift; path = CrisisHelpTableViewCell.swift; sourceTree = "<group>"; };
		2CE673221AE1BC0B00BC1BF3 /* ResourceTableViewCell.swift */ = {isa = PBXFileReference; fileEncoding = 4; lastKnownFileType = sourcecode.swift; path = ResourceTableViewCell.swift; sourceTree = "<group>"; };
		2CE865E819FD71E000D3FD99 /* FieldsAndActivatorTableViewCell.swift */ = {isa = PBXFileReference; fileEncoding = 4; lastKnownFileType = sourcecode.swift; path = FieldsAndActivatorTableViewCell.swift; sourceTree = "<group>"; };
		2CF4791A1A73FD0000CD88FF /* ActivityContentPreviewViewController.swift */ = {isa = PBXFileReference; fileEncoding = 4; lastKnownFileType = sourcecode.swift; path = ActivityContentPreviewViewController.swift; sourceTree = "<group>"; };
		A4C68DB359CA159CFC464B59 /* Pods.framework */ = {isa = PBXFileReference; explicitFileType = wrapper.framework; includeInIndex = 0; path = Pods.framework; sourceTree = BUILT_PRODUCTS_DIR; };
		E23F6D4B5A55F0603C99F43D /* Pods.debug.xcconfig */ = {isa = PBXFileReference; includeInIndex = 1; lastKnownFileType = text.xcconfig; name = Pods.debug.xcconfig; path = "Pods/Target Support Files/Pods/Pods.debug.xcconfig"; sourceTree = "<group>"; };
/* End PBXFileReference section */

/* Begin PBXFrameworksBuildPhase section */
		2C5D996619E4A9FB00133F59 /* Frameworks */ = {
			isa = PBXFrameworksBuildPhase;
			buildActionMask = 2147483647;
			files = (
				A2CEAD054A7F345A23E45A47 /* Pods.framework in Frameworks */,
				2C5DC8EC1AE9FF950085C2EA /* Social.framework in Frameworks */,
				2C5DC8EA1AE9FF8F0085C2EA /* Accounts.framework in Frameworks */,
				2C4FE2371AE9FE900009B1A6 /* libsqlite3.dylib in Frameworks */,
				2CB7E4221A15C3E900D55CF8 /* QuickLook.framework in Frameworks */,
				2CB7E4201A15C3DF00D55CF8 /* CoreText.framework in Frameworks */,
				2CB7E41E1A15C3D700D55CF8 /* AssetsLibrary.framework in Frameworks */,
				2C1C23BC19E87BA0006975DA /* SystemConfiguration.framework in Frameworks */,
				2CB7E4281A15C40400D55CF8 /* HockeySDK.framework in Frameworks */,
				2C1C23BA19E87B92006975DA /* StoreKit.framework in Frameworks */,
				2C1C23B819E87B8A006975DA /* Security.framework in Frameworks */,
				2C1C23B619E87B82006975DA /* QuartzCore.framework in Frameworks */,
				2C1C23B419E87B7C006975DA /* MobileCoreServices.framework in Frameworks */,
				2C1C23B219E87B75006975DA /* libz.dylib in Frameworks */,
				2C1C23B019E87B6B006975DA /* CoreLocation.framework in Frameworks */,
				2C1C23AE19E87B62006975DA /* CoreGraphics.framework in Frameworks */,
				2C1C23AC19E87B5B006975DA /* CFNetwork.framework in Frameworks */,
				2C1C23AA19E87B54006975DA /* AudioToolbox.framework in Frameworks */,
			);
			runOnlyForDeploymentPostprocessing = 0;
		};
		2C5D997B19E4A9FB00133F59 /* Frameworks */ = {
			isa = PBXFrameworksBuildPhase;
			buildActionMask = 2147483647;
			files = (
			);
			runOnlyForDeploymentPostprocessing = 0;
		};
/* End PBXFrameworksBuildPhase section */

/* Begin PBXGroup section */
		2266F6700408C337FDE2FD8D /* Frameworks */ = {
			isa = PBXGroup;
			children = (
				A4C68DB359CA159CFC464B59 /* Pods.framework */,
			);
			name = Frameworks;
			sourceTree = "<group>";
		};
		2C24FAF51AEABA9C003D9688 /* PNChart */ = {
			isa = PBXGroup;
			children = (
				2C24FAF61AEABA9C003D9688 /* PNBar.h */,
				2C24FAF71AEABA9C003D9688 /* PNBar.m */,
				2C24FAF81AEABA9C003D9688 /* PNBarChart.h */,
				2C24FAF91AEABA9C003D9688 /* PNBarChart.m */,
				2C24FAFA1AEABA9C003D9688 /* PNChart.h */,
				2C24FAFB1AEABA9C003D9688 /* PNChartDelegate.h */,
				2C24FAFC1AEABA9C003D9688 /* PNChartLabel.h */,
				2C24FAFD1AEABA9C003D9688 /* PNChartLabel.m */,
				2C24FAFE1AEABA9C003D9688 /* PNCircleChart.h */,
				2C24FAFF1AEABA9C003D9688 /* PNCircleChart.m */,
				2C24FB001AEABA9C003D9688 /* PNColor.h */,
				2C24FB011AEABA9C003D9688 /* PNColor.m */,
				2C24FB021AEABA9C003D9688 /* PNGenericChart.h */,
				2C24FB031AEABA9C003D9688 /* PNGenericChart.m */,
				2C24FB041AEABA9C003D9688 /* PNLineChart.h */,
				2C24FB051AEABA9C003D9688 /* PNLineChart.m */,
				2C24FB061AEABA9C003D9688 /* PNLineChartData.h */,
				2C24FB071AEABA9C003D9688 /* PNLineChartData.m */,
				2C24FB081AEABA9C003D9688 /* PNLineChartDataItem.h */,
				2C24FB091AEABA9C003D9688 /* PNLineChartDataItem.m */,
				2C24FB0A1AEABA9C003D9688 /* PNPieChart.h */,
				2C24FB0B1AEABA9C003D9688 /* PNPieChart.m */,
				2C24FB0C1AEABA9C003D9688 /* PNPieChartDataItem.h */,
				2C24FB0D1AEABA9C003D9688 /* PNPieChartDataItem.m */,
				2C24FB0E1AEABA9C003D9688 /* PNScatterChart.h */,
				2C24FB0F1AEABA9C003D9688 /* PNScatterChart.m */,
				2C24FB101AEABA9C003D9688 /* PNScatterChartData.h */,
				2C24FB111AEABA9C003D9688 /* PNScatterChartData.m */,
				2C24FB121AEABA9C003D9688 /* PNScatterChartDataItem.h */,
				2C24FB131AEABA9C003D9688 /* PNScatterChartDataItem.m */,
			);
			path = PNChart;
			sourceTree = "<group>";
		};
		2C26941619F14EFB0088AFD1 /* Canvas TableViewCells */ = {
			isa = PBXGroup;
			children = (
				2CA2264A19F5E03F0018266F /* GallerySelectCollectionViewFlowLayout.h */,
				2CA2264719F5DF800018266F /* GallerySelectCollectionViewFlowLayout.m */,
				2C9EA75119F0A2DE00703038 /* MediaAvailabilityTableViewCell.swift */,
				2CA435EA19F48A2C00DC1C6E /* ChallengeOverviewTableViewCell.swift */,
				2C35C49E19F3557000551707 /* CautionTextTableViewCell.swift */,
				2C26941919F1C9170088AFD1 /* GallerySelectTableViewCell.swift */,
				2C512CA019F5A06800483A49 /* GallerySelectCollectionViewCell.swift */,
				2CA435EC19F48A8A00DC1C6E /* PromptAndAnswerTableViewCell.swift */,
				2CE865E819FD71E000D3FD99 /* FieldsAndActivatorTableViewCell.swift */,
				2C7E803A19FBFC6E00F1FC4B /* PickerViewTableViewCell.swift */,
				2CA435F019F48B1A00DC1C6E /* DateTimePickerTableViewCell.swift */,
				2CA435F219F48B5600DC1C6E /* EventInfoTableViewCell.swift */,
				2CA435F419F48B6F00DC1C6E /* GetDirectionsTableViewCell.swift */,
				2CA435F619F48B8100DC1C6E /* CallTableViewCell.swift */,
				2CA435F819F48B9C00DC1C6E /* TextFieldInputTableViewCell.swift */,
				2CA435FA19F48BC500DC1C6E /* LaunchWebViewTableViewCell.swift */,
				2CA435FC19F48BE700DC1C6E /* HeroImageTableViewCell.swift */,
				2CA435FE19F48C1000DC1C6E /* BoolPickerTableViewCell.swift */,
				2C26941719F1B7DE0088AFD1 /* TextBlockTableViewCell.swift */,
			);
			name = "Canvas TableViewCells";
			sourceTree = "<group>";
		};
		2C2C1E361AEB5E07004253BA /* DateTools */ = {
			isa = PBXGroup;
			children = (
				2C2C1E371AEB5E07004253BA /* DateTools.bundle */,
				2C2C1E381AEB5E07004253BA /* DateTools.h */,
				2C2C1E391AEB5E07004253BA /* DTConstants.h */,
				2C2C1E3A1AEB5E07004253BA /* DTError.h */,
				2C2C1E3B1AEB5E07004253BA /* DTError.m */,
				2C2C1E3C1AEB5E07004253BA /* DTTimePeriod.h */,
				2C2C1E3D1AEB5E07004253BA /* DTTimePeriod.m */,
				2C2C1E3E1AEB5E07004253BA /* DTTimePeriodChain.h */,
				2C2C1E3F1AEB5E07004253BA /* DTTimePeriodChain.m */,
				2C2C1E401AEB5E07004253BA /* DTTimePeriodCollection.h */,
				2C2C1E411AEB5E07004253BA /* DTTimePeriodCollection.m */,
				2C2C1E421AEB5E07004253BA /* DTTimePeriodGroup.h */,
				2C2C1E431AEB5E07004253BA /* DTTimePeriodGroup.m */,
				2C2C1E441AEB5E07004253BA /* NSDate+DateTools.h */,
				2C2C1E451AEB5E07004253BA /* NSDate+DateTools.m */,
			);
			path = DateTools;
			sourceTree = "<group>";
		};
		2C470F531A06F62F008EADB4 /* PeopleGallery */ = {
			isa = PBXGroup;
			children = (
				2C470F511A06F5B7008EADB4 /* PeopleGalleryViewController.swift */,
				2C470F541A06FAED008EADB4 /* PersonFollowTableViewCell.swift */,
				2C70773B1A3F299A003D6367 /* PeopleFilterViewController.swift */,
			);
			name = PeopleGallery;
			sourceTree = "<group>";
		};
		2C5D996019E4A9FB00133F59 = {
			isa = PBXGroup;
			children = (
				2C5DC8EB1AE9FF950085C2EA /* Social.framework */,
				2C5DC8E91AE9FF8F0085C2EA /* Accounts.framework */,
				2C4FE2361AE9FE900009B1A6 /* libsqlite3.dylib */,
				2CB7E4211A15C3E900D55CF8 /* QuickLook.framework */,
				2CB7E41F1A15C3DF00D55CF8 /* CoreText.framework */,
				2CB7E41D1A15C3D700D55CF8 /* AssetsLibrary.framework */,
				2C1C23BB19E87BA0006975DA /* SystemConfiguration.framework */,
				2C1C23B919E87B91006975DA /* StoreKit.framework */,
				2C1C23B719E87B8A006975DA /* Security.framework */,
				2C1C23B519E87B82006975DA /* QuartzCore.framework */,
				2C1C23B319E87B7C006975DA /* MobileCoreServices.framework */,
				2C1C23B119E87B75006975DA /* libz.dylib */,
				2CB7E4231A15C40400D55CF8 /* HockeySDK.embeddedframework */,
				2C1C23AF19E87B6B006975DA /* CoreLocation.framework */,
				2C1C23AD19E87B62006975DA /* CoreGraphics.framework */,
				2C1C23AB19E87B5B006975DA /* CFNetwork.framework */,
				2C1C23A919E87B54006975DA /* AudioToolbox.framework */,
				2C5D996B19E4A9FB00133F59 /* Out */,
				2C5D998119E4A9FB00133F59 /* OutTests */,
				2C5D996A19E4A9FB00133F59 /* Products */,
				2C17111A19E4E65600EA1D72 /* Out-Bridging-Header.h */,
				382FDC2A0771E474C49C9B6A /* Pods */,
				2266F6700408C337FDE2FD8D /* Frameworks */,
			);
			sourceTree = "<group>";
		};
		2C5D996A19E4A9FB00133F59 /* Products */ = {
			isa = PBXGroup;
			children = (
				2C5D996919E4A9FB00133F59 /* Out.app */,
				2C5D997E19E4A9FB00133F59 /* OutTests.xctest */,
			);
			name = Products;
			sourceTree = "<group>";
		};
		2C5D996B19E4A9FB00133F59 /* Out */ = {
			isa = PBXGroup;
			children = (
				2C5D996E19E4A9FB00133F59 /* AppDelegate.swift */,
				2C5D997519E4A9FB00133F59 /* Images.xcassets */,
				2C5D997719E4A9FB00133F59 /* LaunchScreen.xib */,
				2C5D997219E4A9FB00133F59 /* Main.storyboard */,
				2C280D7C1A18EF0D0066BE1F /* UIStyleController.swift */,
				2C04D0C119E5BF060091B626 /* OutTabBarViewController.swift */,
				2C3366E01A008752009198EA /* WebViewViewController.swift */,
				2C9CA6151A05B4A100BC4D93 /* Login&AccountViewControllers */,
				2C8C20D219E9ACD4009E84C7 /* DashboardTab */,
				2CA1B6E519E72D4800B872F7 /* ChallengesTab */,
				2C9CA6111A05AF0600BC4D93 /* ActivityTab */,
				2C9CA60C1A05AE3200BC4D93 /* PeopleTab */,
				2C9CA6141A05AF3300BC4D93 /* HelpTab */,
				2C5D996C19E4A9FB00133F59 /* Supporting Files */,
			);
			path = Out;
			sourceTree = "<group>";
		};
		2C5D996C19E4A9FB00133F59 /* Supporting Files */ = {
			isa = PBXGroup;
			children = (
				2C2C1E361AEB5E07004253BA /* DateTools */,
				2C24FAF51AEABA9C003D9688 /* PNChart */,
				2C5D996D19E4A9FB00133F59 /* Info.plist */,
			);
			name = "Supporting Files";
			sourceTree = "<group>";
		};
		2C5D998119E4A9FB00133F59 /* OutTests */ = {
			isa = PBXGroup;
			children = (
				2C5D998419E4A9FB00133F59 /* OutTests.swift */,
				2C5D998219E4A9FB00133F59 /* Supporting Files */,
			);
			path = OutTests;
			sourceTree = "<group>";
		};
		2C5D998219E4A9FB00133F59 /* Supporting Files */ = {
			isa = PBXGroup;
			children = (
				2C5D998319E4A9FB00133F59 /* Info.plist */,
			);
			name = "Supporting Files";
			sourceTree = "<group>";
		};
		2C6AFF541A128D680006C7A9 /* FlowLayouts */ = {
			isa = PBXGroup;
			children = (
				2C6AFF561A12CAF90006C7A9 /* DashboardInspirationCollectionViewFlowLayout.h */,
				2C6AFF571A12CAF90006C7A9 /* DashboardInspirationCollectionViewFlowLayout.m */,
				2C6AFF511A128D4C0006C7A9 /* DashboardAnnouncementsCollectionViewFlowLayout.h */,
				2C6AFF521A128D4C0006C7A9 /* DashboardAnnouncementsCollectionViewFlowLayout.m */,
				2C3A7BFC1A117A3700FC4516 /* DashboardChallengeOnDeckCollectionViewFlowLayout.h */,
				2C3A7BFD1A117A3700FC4516 /* DashboardChallengeOnDeckCollectionViewFlowLayout.m */,
			);
			name = FlowLayouts;
			sourceTree = "<group>";
		};
		2C6AFF551A128D7B0006C7A9 /* CollectionViewCells */ = {
			isa = PBXGroup;
			children = (
				2C93EE501A1158C0009E6147 /* DashboardAnnouncementsCollectionViewCell.swift */,
			);
			name = CollectionViewCells;
			sourceTree = "<group>";
		};
		2C8C20D219E9ACD4009E84C7 /* DashboardTab */ = {
			isa = PBXGroup;
			children = (
				2C8C20D019E9ACCE009E84C7 /* DashboardViewController.swift */,
				2C6AFF541A128D680006C7A9 /* FlowLayouts */,
				2C6AFF551A128D7B0006C7A9 /* CollectionViewCells */,
				2C3A7BFF1A117EB700FC4516 /* MyProfileViewController.swift */,
				2C3A7C011A117EC900FC4516 /* MyProgressViewController.swift */,
				2C4F87EB1A7488B000D10E1B /* ChallengeRecordTableViewCell.swift */,
			);
			name = DashboardTab;
			sourceTree = "<group>";
		};
		2C9CA60C1A05AE3200BC4D93 /* PeopleTab */ = {
			isa = PBXGroup;
			children = (
				2C9CA60D1A05AE4E00BC4D93 /* PeopleTabViewController.swift */,
				2C0D0A7A1AE7562700CFB3A7 /* PeerChatTableViewController.swift */,
				2C98C2B51B1CC2EF0039132C /* NewChatViewController.swift */,
				2C67340B1AD9CEED00A31424 /* PersonDetailViewController.swift */,
				2C67340D1ADACFFB00A31424 /* PersonDetailTableViewCell.swift */,
				2C9CA6161A05B58200BC4D93 /* PersonTableViewCell.swift */,
				2C65C5511A3F551300B5458F /* MentorViewController.swift */,
				2C470F531A06F62F008EADB4 /* PeopleGallery */,
			);
			name = PeopleTab;
			sourceTree = "<group>";
		};
		2C9CA6111A05AF0600BC4D93 /* ActivityTab */ = {
			isa = PBXGroup;
			children = (
				2C9CA60F1A05AECF00BC4D93 /* ActivityTabViewController.swift */,
				2C9D63391A09441A00E7E069 /* ActivityTableViewCell.swift */,
				2C1CD0BD1AB0CF8E00A4359D /* StatusActivityTableViewCell.swift */,
				2CBDF49A1AC34F2200637937 /* ActivityExpandedTableViewController.swift */,
				2C5C8CAB1ACC7721000E8650 /* StepBlurbTableViewCell.swift */,
				2C5C8CAD1ACC7998000E8650 /* StepMediaTableViewCell.swift */,
				2C5C8CA91ACC738D000E8650 /* StepTitleTableViewCell.swift */,
				2CBCC8E21AC9D2CC00E992D9 /* CommentsViewController.swift */,
				2C8C3EF61AC5C78F007E5B05 /* ActivityExpandedBlurbTableViewCell.swift */,
				2C8C3EFA1AC5EB4B007E5B05 /* CommentsViewTableViewCell.swift */,
				2C8C3EF81AC5DB74007E5B05 /* WebViewTableViewCell.swift */,
				2CF4791A1A73FD0000CD88FF /* ActivityContentPreviewViewController.swift */,
				2C8592C01A14082600272769 /* ActivityDetailViewController.swift */,
				2C2CF7221A15824000B8C60E /* CommentTableViewCell.swift */,
				2C85027D1A11A43400F35DAB /* NotificationsViewController.swift */,
				2C54AD5D1A92AA510023BD20 /* NotificationTableViewCell.swift */,
				2C85027F1A11A43F00F35DAB /* ComposeViewController.swift */,
				2C6E1BA61ACC9BD1009E9BAA /* AlsoCompletedByViewController.swift */,
				2C6E1BA81ACC9BDF009E9BAA /* ChallengeFeedbackViewController.swift */,
				2CCD6C691ACF40CD00143FB9 /* ComposeChallengeReviewViewController.swift */,
				2C6E1BAA1ACC9BE8009E9BAA /* ReportActivityViewController.swift */,
			);
			name = ActivityTab;
			sourceTree = "<group>";
		};
		2C9CA6141A05AF3300BC4D93 /* HelpTab */ = {
			isa = PBXGroup;
			children = (
				2CD596581ADF6A5F0010930A /* HelpResourcesTabViewController.swift */,
				2CE673201AE1974700BC1BF3 /* CrisisHelpTableViewCell.swift */,
				2C8093701AE5C61700AC7437 /* ResourceDetailViewController.swift */,
				2C693B331AE8930A00F3BFD6 /* ResourceDetailTableViewCell.swift */,
				2C693B351AE8932F00F3BFD6 /* EventTableViewCell.swift */,
				2CE673221AE1BC0B00BC1BF3 /* ResourceTableViewCell.swift */,
				2C693B311AE8746C00F3BFD6 /* RelevantResourceTableViewCell.swift */,
				2C9CA6121A05AF2D00BC4D93 /* HelpTabViewController.swift */,
				2C65C54D1A3F447200B5458F /* HelpChatViewController.swift */,
				2C65C54F1A3F447D00B5458F /* HelpTalkViewController.swift */,
			);
			name = HelpTab;
			sourceTree = "<group>";
		};
		2C9CA6151A05B4A100BC4D93 /* Login&AccountViewControllers */ = {
			isa = PBXGroup;
			children = (
				2C8C20CE19E9AAE1009E84C7 /* LoginViewController.swift */,
				2C9CA60A1A059D0900BC4D93 /* CreateAccountViewController.swift */,
			);
			name = "Login&AccountViewControllers";
			sourceTree = "<group>";
		};
		2CA1B6E519E72D4800B872F7 /* ChallengesTab */ = {
			isa = PBXGroup;
			children = (
				2C17111B19E4E65600EA1D72 /* ChallengeCardsCollectionViewFlowLayout.h */,
				2C17111C19E4E65600EA1D72 /* ChallengeCardsCollectionViewFlowLayout.m */,
				2C0ABBB419EF284A00259B29 /* ChallengesTabViewController.swift */,
				2C0ABBB619EF445000259B29 /* ChallengesTabCollectionViewCell.swift */,
				2C26941619F14EFB0088AFD1 /* Canvas TableViewCells */,
				2CA1B6E619E72D6300B872F7 /* ChallengeGallery */,
			);
			name = ChallengesTab;
			sourceTree = "<group>";
		};
		2CA1B6E619E72D6300B872F7 /* ChallengeGallery */ = {
			isa = PBXGroup;
			children = (
				2CA1B6E719E72DA600B872F7 /* ChallengeFilterTableViewController.swift */,
				2CA1B6E919E7323D00B872F7 /* ChallengeFilterTableViewCell.swift */,
				2CDA9D1919F5617700D87841 /* ChallengeGalleryViewController.swift */,
				2CDA9D1B19F5655200D87841 /* ChallengeGalleryTableViewCell.swift */,
			);
			name = ChallengeGallery;
			sourceTree = "<group>";
		};
		2CB7E4231A15C40400D55CF8 /* HockeySDK.embeddedframework */ = {
			isa = PBXGroup;
			children = (
				2CB7E4241A15C40400D55CF8 /* HockeySDK.framework */,
				2CB7E4251A15C40400D55CF8 /* Resources */,
			);
			name = HockeySDK.embeddedframework;
			path = "HockeySDK-iOS/HockeySDK.embeddedframework";
			sourceTree = "<group>";
		};
		2CB7E4251A15C40400D55CF8 /* Resources */ = {
			isa = PBXGroup;
			children = (
				2CB7E4261A15C40400D55CF8 /* HockeySDK.xcconfig */,
				2CB7E4271A15C40400D55CF8 /* HockeySDKResources.bundle */,
			);
			path = Resources;
			sourceTree = "<group>";
		};
		382FDC2A0771E474C49C9B6A /* Pods */ = {
			isa = PBXGroup;
			children = (
				E23F6D4B5A55F0603C99F43D /* Pods.debug.xcconfig */,
				2AD5FA256DF65BCFC9299A4C /* Pods.release.xcconfig */,
			);
			name = Pods;
			sourceTree = "<group>";
		};
/* End PBXGroup section */

/* Begin PBXNativeTarget section */
		2C5D996819E4A9FB00133F59 /* Out */ = {
			isa = PBXNativeTarget;
			buildConfigurationList = 2C5D998819E4A9FB00133F59 /* Build configuration list for PBXNativeTarget "Out" */;
			buildPhases = (
				0E881DDCDC21DDE098D3C5FA /* Check Pods Manifest.lock */,
				2C5D996519E4A9FB00133F59 /* Sources */,
				2C5D996619E4A9FB00133F59 /* Frameworks */,
				2C5D996719E4A9FB00133F59 /* Resources */,
				2CB7E41C1A15C36E00D55CF8 /* ShellScript */,
				0AF48B0E16EE11DEBC2C6734 /* Copy Pods Resources */,
				8393FA6453548D8D1E392FF3 /* Embed Pods Frameworks */,
			);
			buildRules = (
			);
			dependencies = (
			);
			name = Out;
			productName = Out;
			productReference = 2C5D996919E4A9FB00133F59 /* Out.app */;
			productType = "com.apple.product-type.application";
		};
		2C5D997D19E4A9FB00133F59 /* OutTests */ = {
			isa = PBXNativeTarget;
			buildConfigurationList = 2C5D998B19E4A9FB00133F59 /* Build configuration list for PBXNativeTarget "OutTests" */;
			buildPhases = (
				2C5D997A19E4A9FB00133F59 /* Sources */,
				2C5D997B19E4A9FB00133F59 /* Frameworks */,
				2C5D997C19E4A9FB00133F59 /* Resources */,
			);
			buildRules = (
			);
			dependencies = (
				2C5D998019E4A9FB00133F59 /* PBXTargetDependency */,
			);
			name = OutTests;
			productName = OutTests;
			productReference = 2C5D997E19E4A9FB00133F59 /* OutTests.xctest */;
			productType = "com.apple.product-type.bundle.unit-test";
		};
/* End PBXNativeTarget section */

/* Begin PBXProject section */
		2C5D996119E4A9FB00133F59 /* Project object */ = {
			isa = PBXProject;
			attributes = {
				LastSwiftUpdateCheck = 0700;
				LastUpgradeCheck = 0700;
				ORGANIZATIONNAME = "Coming Out App";
				TargetAttributes = {
					2C5D996819E4A9FB00133F59 = {
						CreatedOnToolsVersion = 6.0.1;
						DevelopmentTeam = 3DZ3S2K7LU;
					};
					2C5D997D19E4A9FB00133F59 = {
						CreatedOnToolsVersion = 6.0.1;
						TestTargetID = 2C5D996819E4A9FB00133F59;
					};
				};
			};
			buildConfigurationList = 2C5D996419E4A9FB00133F59 /* Build configuration list for PBXProject "Out" */;
			compatibilityVersion = "Xcode 3.2";
			developmentRegion = English;
			hasScannedForEncodings = 0;
			knownRegions = (
				en,
				Base,
			);
			mainGroup = 2C5D996019E4A9FB00133F59;
			productRefGroup = 2C5D996A19E4A9FB00133F59 /* Products */;
			projectDirPath = "";
			projectRoot = "";
			targets = (
				2C5D996819E4A9FB00133F59 /* Out */,
				2C5D997D19E4A9FB00133F59 /* OutTests */,
			);
		};
/* End PBXProject section */

/* Begin PBXResourcesBuildPhase section */
		2C5D996719E4A9FB00133F59 /* Resources */ = {
			isa = PBXResourcesBuildPhase;
			buildActionMask = 2147483647;
			files = (
				2C5D997419E4A9FB00133F59 /* Main.storyboard in Resources */,
				2C5D997919E4A9FB00133F59 /* LaunchScreen.xib in Resources */,
				2C5D997619E4A9FB00133F59 /* Images.xcassets in Resources */,
				2CB7E42A1A15C40400D55CF8 /* HockeySDKResources.bundle in Resources */,
				2C2C1E461AEB5E07004253BA /* DateTools.bundle in Resources */,
			);
			runOnlyForDeploymentPostprocessing = 0;
		};
		2C5D997C19E4A9FB00133F59 /* Resources */ = {
			isa = PBXResourcesBuildPhase;
			buildActionMask = 2147483647;
			files = (
			);
			runOnlyForDeploymentPostprocessing = 0;
		};
/* End PBXResourcesBuildPhase section */

/* Begin PBXShellScriptBuildPhase section */
		0AF48B0E16EE11DEBC2C6734 /* Copy Pods Resources */ = {
			isa = PBXShellScriptBuildPhase;
			buildActionMask = 2147483647;
			files = (
			);
			inputPaths = (
			);
			name = "Copy Pods Resources";
			outputPaths = (
			);
			runOnlyForDeploymentPostprocessing = 0;
			shellPath = /bin/sh;
			shellScript = "\"${SRCROOT}/Pods/Target Support Files/Pods/Pods-resources.sh\"\n";
			showEnvVarsInLog = 0;
		};
		0E881DDCDC21DDE098D3C5FA /* Check Pods Manifest.lock */ = {
			isa = PBXShellScriptBuildPhase;
			buildActionMask = 2147483647;
			files = (
			);
			inputPaths = (
			);
			name = "Check Pods Manifest.lock";
			outputPaths = (
			);
			runOnlyForDeploymentPostprocessing = 0;
			shellPath = /bin/sh;
			shellScript = "diff \"${PODS_ROOT}/../Podfile.lock\" \"${PODS_ROOT}/Manifest.lock\" > /dev/null\nif [[ $? != 0 ]] ; then\n    cat << EOM\nerror: The sandbox is not in sync with the Podfile.lock. Run 'pod install' or update your CocoaPods installation.\nEOM\n    exit 1\nfi\n";
			showEnvVarsInLog = 0;
		};
		2CB7E41C1A15C36E00D55CF8 /* ShellScript */ = {
			isa = PBXShellScriptBuildPhase;
			buildActionMask = 2147483647;
			files = (
			);
			inputPaths = (
			);
			outputPaths = (
			);
			runOnlyForDeploymentPostprocessing = 0;
			shellPath = /bin/sh;
			shellScript = "FILE=\"${SRCROOT}/HockeySDK-iOS/BuildAgent\"\nif [ -f \"$FILE\" ]; then\n\"$FILE\"\nfi";
		};
		8393FA6453548D8D1E392FF3 /* Embed Pods Frameworks */ = {
			isa = PBXShellScriptBuildPhase;
			buildActionMask = 2147483647;
			files = (
			);
			inputPaths = (
			);
			name = "Embed Pods Frameworks";
			outputPaths = (
			);
			runOnlyForDeploymentPostprocessing = 0;
			shellPath = /bin/sh;
			shellScript = "\"${SRCROOT}/Pods/Target Support Files/Pods/Pods-frameworks.sh\"\n";
			showEnvVarsInLog = 0;
		};
/* End PBXShellScriptBuildPhase section */

/* Begin PBXSourcesBuildPhase section */
		2C5D996519E4A9FB00133F59 /* Sources */ = {
			isa = PBXSourcesBuildPhase;
			buildActionMask = 2147483647;
			files = (
				2C8C3EF91AC5DB74007E5B05 /* WebViewTableViewCell.swift in Sources */,
				2C24FB211AEABA9C003D9688 /* PNScatterChartDataItem.m in Sources */,
				2C8C3EF71AC5C78F007E5B05 /* ActivityExpandedBlurbTableViewCell.swift in Sources */,
				2C4F87EC1A7488B000D10E1B /* ChallengeRecordTableViewCell.swift in Sources */,
				2CCD6C6A1ACF40CD00143FB9 /* ComposeChallengeReviewViewController.swift in Sources */,
				2C65C5521A3F551300B5458F /* MentorViewController.swift in Sources */,
				2C24FB141AEABA9C003D9688 /* PNBar.m in Sources */,
				2C6AFF531A128D4C0006C7A9 /* DashboardAnnouncementsCollectionViewFlowLayout.m in Sources */,
				2C24FB201AEABA9C003D9688 /* PNScatterChartData.m in Sources */,
				2C24FB161AEABA9C003D9688 /* PNChartLabel.m in Sources */,
				2C9CA60B1A059D0900BC4D93 /* CreateAccountViewController.swift in Sources */,
				2C8C3EFB1AC5EB4B007E5B05 /* CommentsViewTableViewCell.swift in Sources */,
				2C5C8CAA1ACC738D000E8650 /* StepTitleTableViewCell.swift in Sources */,
				2CA2264819F5DF800018266F /* GallerySelectCollectionViewFlowLayout.m in Sources */,
				2CE673211AE1974700BC1BF3 /* CrisisHelpTableViewCell.swift in Sources */,
				2CA435F319F48B5600DC1C6E /* EventInfoTableViewCell.swift in Sources */,
				2C1CD0BE1AB0CF8E00A4359D /* StatusActivityTableViewCell.swift in Sources */,
				2C9CA60E1A05AE4E00BC4D93 /* PeopleTabViewController.swift in Sources */,
				2CDA9D1A19F5617700D87841 /* ChallengeGalleryViewController.swift in Sources */,
				2CB170F819F2C7860086C95F /* AppDelegate.swift in Sources */,
				2C24FB1E1AEABA9C003D9688 /* PNPieChartDataItem.m in Sources */,
				2C3366E11A008752009198EA /* WebViewViewController.swift in Sources */,
				2C8592C11A14082600272769 /* ActivityDetailViewController.swift in Sources */,
				2CE673231AE1BC0B00BC1BF3 /* ResourceTableViewCell.swift in Sources */,
				2C67340E1ADACFFB00A31424 /* PersonDetailTableViewCell.swift in Sources */,
				2C693B341AE8930A00F3BFD6 /* ResourceDetailTableViewCell.swift in Sources */,
				2CA435FF19F48C1000DC1C6E /* BoolPickerTableViewCell.swift in Sources */,
				2C470F521A06F5B7008EADB4 /* PeopleGalleryViewController.swift in Sources */,
				2C3A7C001A117EB700FC4516 /* MyProfileViewController.swift in Sources */,
				2CB170F919F2C7860086C95F /* LoginViewController.swift in Sources */,
				2C2C1E481AEB5E07004253BA /* DTTimePeriod.m in Sources */,
				2C280D7D1A18EF0D0066BE1F /* UIStyleController.swift in Sources */,
				2C8502801A11A43F00F35DAB /* ComposeViewController.swift in Sources */,
				2CF4791B1A73FD0000CD88FF /* ActivityContentPreviewViewController.swift in Sources */,
				2C2C1E4A1AEB5E07004253BA /* DTTimePeriodCollection.m in Sources */,
				2C24FB1B1AEABA9C003D9688 /* PNLineChartData.m in Sources */,
				2C2C1E471AEB5E07004253BA /* DTError.m in Sources */,
				2C3A7C021A117EC900FC4516 /* MyProgressViewController.swift in Sources */,
				2C54AD5E1A92AA510023BD20 /* NotificationTableViewCell.swift in Sources */,
				2CB170FA19F2C7860086C95F /* OutTabBarViewController.swift in Sources */,
				2CA435F519F48B6F00DC1C6E /* GetDirectionsTableViewCell.swift in Sources */,
				2C65C54E1A3F447200B5458F /* HelpChatViewController.swift in Sources */,
				2C6E1BAB1ACC9BE8009E9BAA /* ReportActivityViewController.swift in Sources */,
				2C24FB191AEABA9C003D9688 /* PNGenericChart.m in Sources */,
				2CB170FB19F2C7860086C95F /* DashboardViewController.swift in Sources */,
				2C35C49F19F3557000551707 /* CautionTextTableViewCell.swift in Sources */,
				2C470F551A06FAED008EADB4 /* PersonFollowTableViewCell.swift in Sources */,
				2C24FB1C1AEABA9C003D9688 /* PNLineChartDataItem.m in Sources */,
				2C67340C1AD9CEED00A31424 /* PersonDetailViewController.swift in Sources */,
				2C6E1BA71ACC9BD1009E9BAA /* AlsoCompletedByViewController.swift in Sources */,
				2C2CF7231A15824000B8C60E /* CommentTableViewCell.swift in Sources */,
				2C24FB1D1AEABA9C003D9688 /* PNPieChart.m in Sources */,
				2CA435FB19F48BC500DC1C6E /* LaunchWebViewTableViewCell.swift in Sources */,
				2C512CA119F5A06800483A49 /* GallerySelectCollectionViewCell.swift in Sources */,
				2CA435FD19F48BE700DC1C6E /* HeroImageTableViewCell.swift in Sources */,
				2CA435F919F48B9C00DC1C6E /* TextFieldInputTableViewCell.swift in Sources */,
				2CBDF49B1AC34F2200637937 /* ActivityExpandedTableViewController.swift in Sources */,
				2C693B361AE8932F00F3BFD6 /* EventTableViewCell.swift in Sources */,
				2C693B321AE8746C00F3BFD6 /* RelevantResourceTableViewCell.swift in Sources */,
				2C98C2B61B1CC2EF0039132C /* NewChatViewController.swift in Sources */,
				2C24FB181AEABA9C003D9688 /* PNColor.m in Sources */,
				2C9CA6131A05AF2D00BC4D93 /* HelpTabViewController.swift in Sources */,
				2CD596591ADF6A5F0010930A /* HelpResourcesTabViewController.swift in Sources */,
				2CA435EB19F48A2C00DC1C6E /* ChallengeOverviewTableViewCell.swift in Sources */,
				2C85027E1A11A43400F35DAB /* NotificationsViewController.swift in Sources */,
				2C9CA6101A05AECF00BC4D93 /* ActivityTabViewController.swift in Sources */,
				2CB170FD19F2C7860086C95F /* ChallengeFilterTableViewController.swift in Sources */,
				2C24FB1F1AEABA9C003D9688 /* PNScatterChart.m in Sources */,
				2C8093711AE5C61700AC7437 /* ResourceDetailViewController.swift in Sources */,
				2CB170FE19F2C7860086C95F /* ChallengeFilterTableViewCell.swift in Sources */,
				2CA435F119F48B1A00DC1C6E /* DateTimePickerTableViewCell.swift in Sources */,
				2C2C1E4C1AEB5E07004253BA /* NSDate+DateTools.m in Sources */,
				2CE865E919FD71E000D3FD99 /* FieldsAndActivatorTableViewCell.swift in Sources */,
				2CDA9D1C19F5655200D87841 /* ChallengeGalleryTableViewCell.swift in Sources */,
				2C9CA6171A05B58200BC4D93 /* PersonTableViewCell.swift in Sources */,
				2C0D0A7B1AE7562700CFB3A7 /* PeerChatTableViewController.swift in Sources */,
				2C6E1BA91ACC9BDF009E9BAA /* ChallengeFeedbackViewController.swift in Sources */,
				2CA435F719F48B8100DC1C6E /* CallTableViewCell.swift in Sources */,
				2C24FB171AEABA9C003D9688 /* PNCircleChart.m in Sources */,
				2C9D633A1A09441A00E7E069 /* ActivityTableViewCell.swift in Sources */,
				2C24FB1A1AEABA9C003D9688 /* PNLineChart.m in Sources */,
				2CA435ED19F48A8A00DC1C6E /* PromptAndAnswerTableViewCell.swift in Sources */,
				2CB1710119F2C7860086C95F /* ChallengeCardsCollectionViewFlowLayout.m in Sources */,
				2C93EE511A1158C0009E6147 /* DashboardAnnouncementsCollectionViewCell.swift in Sources */,
				2CB1710219F2C7860086C95F /* ChallengesTabViewController.swift in Sources */,
				2CB1710319F2C7860086C95F /* ChallengesTabCollectionViewCell.swift in Sources */,
				2CB1710419F2C7860086C95F /* MediaAvailabilityTableViewCell.swift in Sources */,
				2CB1710519F2C7860086C95F /* GallerySelectTableViewCell.swift in Sources */,
				2C5C8CAC1ACC7721000E8650 /* StepBlurbTableViewCell.swift in Sources */,
				2C7E803B19FBFC6E00F1FC4B /* PickerViewTableViewCell.swift in Sources */,
				2C3A7BFE1A117A3700FC4516 /* DashboardChallengeOnDeckCollectionViewFlowLayout.m in Sources */,
				2C6AFF581A12CAF90006C7A9 /* DashboardInspirationCollectionViewFlowLayout.m in Sources */,
				2CB1710619F2C7860086C95F /* TextBlockTableViewCell.swift in Sources */,
				2C2C1E4B1AEB5E07004253BA /* DTTimePeriodGroup.m in Sources */,
				2CBCC8E31AC9D2CC00E992D9 /* CommentsViewController.swift in Sources */,
				2C2C1E491AEB5E07004253BA /* DTTimePeriodChain.m in Sources */,
				2C5C8CAE1ACC7998000E8650 /* StepMediaTableViewCell.swift in Sources */,
				2C65C5501A3F447D00B5458F /* HelpTalkViewController.swift in Sources */,
				2C24FB151AEABA9C003D9688 /* PNBarChart.m in Sources */,
				2C70773C1A3F299A003D6367 /* PeopleFilterViewController.swift in Sources */,
			);
			runOnlyForDeploymentPostprocessing = 0;
		};
		2C5D997A19E4A9FB00133F59 /* Sources */ = {
			isa = PBXSourcesBuildPhase;
			buildActionMask = 2147483647;
			files = (
				2C5D998519E4A9FB00133F59 /* OutTests.swift in Sources */,
			);
			runOnlyForDeploymentPostprocessing = 0;
		};
/* End PBXSourcesBuildPhase section */

/* Begin PBXTargetDependency section */
		2C5D998019E4A9FB00133F59 /* PBXTargetDependency */ = {
			isa = PBXTargetDependency;
			target = 2C5D996819E4A9FB00133F59 /* Out */;
			targetProxy = 2C5D997F19E4A9FB00133F59 /* PBXContainerItemProxy */;
		};
/* End PBXTargetDependency section */

/* Begin PBXVariantGroup section */
		2C5D997219E4A9FB00133F59 /* Main.storyboard */ = {
			isa = PBXVariantGroup;
			children = (
				2C5D997319E4A9FB00133F59 /* Base */,
			);
			name = Main.storyboard;
			sourceTree = "<group>";
		};
		2C5D997719E4A9FB00133F59 /* LaunchScreen.xib */ = {
			isa = PBXVariantGroup;
			children = (
				2C5D997819E4A9FB00133F59 /* Base */,
			);
			name = LaunchScreen.xib;
			sourceTree = "<group>";
		};
/* End PBXVariantGroup section */

/* Begin XCBuildConfiguration section */
		2C5D998619E4A9FB00133F59 /* Debug */ = {
			isa = XCBuildConfiguration;
			buildSettings = {
				ALWAYS_SEARCH_USER_PATHS = NO;
				CLANG_CXX_LANGUAGE_STANDARD = "gnu++0x";
				CLANG_CXX_LIBRARY = "libc++";
				CLANG_ENABLE_MODULES = YES;
				CLANG_ENABLE_OBJC_ARC = YES;
				CLANG_WARN_BOOL_CONVERSION = YES;
				CLANG_WARN_CONSTANT_CONVERSION = YES;
				CLANG_WARN_DIRECT_OBJC_ISA_USAGE = YES_ERROR;
				CLANG_WARN_EMPTY_BODY = YES;
				CLANG_WARN_ENUM_CONVERSION = YES;
				CLANG_WARN_INT_CONVERSION = YES;
				CLANG_WARN_OBJC_ROOT_CLASS = YES_ERROR;
				CLANG_WARN_UNREACHABLE_CODE = YES;
				CLANG_WARN__DUPLICATE_METHOD_MATCH = YES;
				CODE_SIGN_IDENTITY = "iPhone Developer: CHUN-WEI CHEN (4LV8F2Q7NB)";
				"CODE_SIGN_IDENTITY[sdk=iphoneos*]" = "iPhone Developer";
				COPY_PHASE_STRIP = NO;
				ENABLE_STRICT_OBJC_MSGSEND = YES;
				ENABLE_TESTABILITY = YES;
				GCC_C_LANGUAGE_STANDARD = gnu99;
				GCC_DYNAMIC_NO_PIC = NO;
				GCC_OPTIMIZATION_LEVEL = 0;
				GCC_PREPROCESSOR_DEFINITIONS = (
					"DEBUG=1",
					"$(inherited)",
				);
				GCC_SYMBOLS_PRIVATE_EXTERN = NO;
				GCC_WARN_64_TO_32_BIT_CONVERSION = YES;
				GCC_WARN_ABOUT_RETURN_TYPE = YES_ERROR;
				GCC_WARN_UNDECLARED_SELECTOR = YES;
				GCC_WARN_UNINITIALIZED_AUTOS = YES_AGGRESSIVE;
				GCC_WARN_UNUSED_FUNCTION = YES;
				GCC_WARN_UNUSED_VARIABLE = YES;
				IPHONEOS_DEPLOYMENT_TARGET = 8.0;
				MTL_ENABLE_DEBUG_INFO = YES;
				ONLY_ACTIVE_ARCH = YES;
				SDKROOT = iphoneos;
				SWIFT_OPTIMIZATION_LEVEL = "-Onone";
				TARGETED_DEVICE_FAMILY = "1,2";
			};
			name = Debug;
		};
		2C5D998719E4A9FB00133F59 /* Release */ = {
			isa = XCBuildConfiguration;
			buildSettings = {
				ALWAYS_SEARCH_USER_PATHS = NO;
				CLANG_CXX_LANGUAGE_STANDARD = "gnu++0x";
				CLANG_CXX_LIBRARY = "libc++";
				CLANG_ENABLE_MODULES = YES;
				CLANG_ENABLE_OBJC_ARC = YES;
				CLANG_WARN_BOOL_CONVERSION = YES;
				CLANG_WARN_CONSTANT_CONVERSION = YES;
				CLANG_WARN_DIRECT_OBJC_ISA_USAGE = YES_ERROR;
				CLANG_WARN_EMPTY_BODY = YES;
				CLANG_WARN_ENUM_CONVERSION = YES;
				CLANG_WARN_INT_CONVERSION = YES;
				CLANG_WARN_OBJC_ROOT_CLASS = YES_ERROR;
				CLANG_WARN_UNREACHABLE_CODE = YES;
				CLANG_WARN__DUPLICATE_METHOD_MATCH = YES;
				CODE_SIGN_IDENTITY = "iPhone Developer: CHUN-WEI CHEN (4LV8F2Q7NB)";
				"CODE_SIGN_IDENTITY[sdk=iphoneos*]" = "iPhone Developer";
				COPY_PHASE_STRIP = YES;
				ENABLE_NS_ASSERTIONS = NO;
				ENABLE_STRICT_OBJC_MSGSEND = YES;
				GCC_C_LANGUAGE_STANDARD = gnu99;
				GCC_WARN_64_TO_32_BIT_CONVERSION = YES;
				GCC_WARN_ABOUT_RETURN_TYPE = YES_ERROR;
				GCC_WARN_UNDECLARED_SELECTOR = YES;
				GCC_WARN_UNINITIALIZED_AUTOS = YES_AGGRESSIVE;
				GCC_WARN_UNUSED_FUNCTION = YES;
				GCC_WARN_UNUSED_VARIABLE = YES;
				IPHONEOS_DEPLOYMENT_TARGET = 8.0;
				MTL_ENABLE_DEBUG_INFO = NO;
				SDKROOT = iphoneos;
				TARGETED_DEVICE_FAMILY = "1,2";
				VALIDATE_PRODUCT = YES;
			};
			name = Release;
		};
		2C5D998919E4A9FB00133F59 /* Debug */ = {
			isa = XCBuildConfiguration;
			baseConfigurationReference = E23F6D4B5A55F0603C99F43D /* Pods.debug.xcconfig */;
			buildSettings = {
				ASSETCATALOG_COMPILER_APPICON_NAME = AppIcon;
				CLANG_ENABLE_MODULES = YES;
				CODE_SIGN_IDENTITY = "iPhone Developer";
				"CODE_SIGN_IDENTITY[sdk=iphoneos*]" = "iPhone Developer";
				ENABLE_BITCODE = NO;
				FRAMEWORK_SEARCH_PATHS = (
					"$(inherited)",
					"$(PROJECT_DIR)",
					"$(PROJECT_DIR)/Out",
					"$(PROJECT_DIR)/HockeySDK-iOS/HockeySDK.embeddedframework",
					"$(PROJECT_DIR)/Out/LayerKit.embeddedframework",
				);
				INFOPLIST_FILE = Out/Info.plist;
				IPHONEOS_DEPLOYMENT_TARGET = 8.3;
				LD_RUNPATH_SEARCH_PATHS = "$(inherited) @executable_path/Frameworks";
				OTHER_LDFLAGS = "$(inherited)";
				PRODUCT_BUNDLE_IDENTIFIER = org.comingoutapp.Out;
				PRODUCT_NAME = "$(TARGET_NAME)";
				PROVISIONING_PROFILE = "";
				SWIFT_OBJC_BRIDGING_HEADER = "Out-Bridging-Header.h";
				SWIFT_OPTIMIZATION_LEVEL = "-Onone";
				TARGETED_DEVICE_FAMILY = "1,2";
				VALID_ARCHS = "armv7 armv7s arm64";
			};
			name = Debug;
		};
		2C5D998A19E4A9FB00133F59 /* Release */ = {
			isa = XCBuildConfiguration;
			baseConfigurationReference = 2AD5FA256DF65BCFC9299A4C /* Pods.release.xcconfig */;
			buildSettings = {
				ASSETCATALOG_COMPILER_APPICON_NAME = AppIcon;
				CLANG_ENABLE_MODULES = YES;
				CODE_SIGN_IDENTITY = "iPhone Developer";
				"CODE_SIGN_IDENTITY[sdk=iphoneos*]" = "iPhone Developer";
				ENABLE_BITCODE = NO;
				FRAMEWORK_SEARCH_PATHS = (
					"$(inherited)",
					"$(PROJECT_DIR)",
					"$(PROJECT_DIR)/Out",
					"$(PROJECT_DIR)/HockeySDK-iOS/HockeySDK.embeddedframework",
					"$(PROJECT_DIR)/Out/LayerKit.embeddedframework",
				);
				INFOPLIST_FILE = Out/Info.plist;
				IPHONEOS_DEPLOYMENT_TARGET = 8.3;
				LD_RUNPATH_SEARCH_PATHS = "$(inherited) @executable_path/Frameworks";
				OTHER_LDFLAGS = "$(inherited)";
				PRODUCT_BUNDLE_IDENTIFIER = org.comingoutapp.Out;
				PRODUCT_NAME = "$(TARGET_NAME)";
				PROVISIONING_PROFILE = "";
				SWIFT_OBJC_BRIDGING_HEADER = "Out-Bridging-Header.h";
				TARGETED_DEVICE_FAMILY = "1,2";
				VALID_ARCHS = "armv7 armv7s arm64";
			};
			name = Release;
		};
		2C5D998C19E4A9FB00133F59 /* Debug */ = {
			isa = XCBuildConfiguration;
			buildSettings = {
				FRAMEWORK_SEARCH_PATHS = (
					"$(SDKROOT)/Developer/Library/Frameworks",
					"$(inherited)",
				);
				GCC_PREPROCESSOR_DEFINITIONS = (
					"DEBUG=1",
					"$(inherited)",
				);
				INFOPLIST_FILE = OutTests/Info.plist;
				LD_RUNPATH_SEARCH_PATHS = "$(inherited) @executable_path/Frameworks @loader_path/Frameworks";
				PRODUCT_BUNDLE_IDENTIFIER = "org.comingoutapp.$(PRODUCT_NAME:rfc1034identifier)";
				PRODUCT_NAME = "$(TARGET_NAME)";
				TEST_HOST = "$(BUILT_PRODUCTS_DIR)/Out.app/Out";
			};
			name = Debug;
		};
		2C5D998D19E4A9FB00133F59 /* Release */ = {
			isa = XCBuildConfiguration;
			buildSettings = {
				FRAMEWORK_SEARCH_PATHS = (
					"$(SDKROOT)/Developer/Library/Frameworks",
					"$(inherited)",
				);
				INFOPLIST_FILE = OutTests/Info.plist;
				LD_RUNPATH_SEARCH_PATHS = "$(inherited) @executable_path/Frameworks @loader_path/Frameworks";
				PRODUCT_BUNDLE_IDENTIFIER = "org.comingoutapp.$(PRODUCT_NAME:rfc1034identifier)";
				PRODUCT_NAME = "$(TARGET_NAME)";
				TEST_HOST = "$(BUILT_PRODUCTS_DIR)/Out.app/Out";
			};
			name = Release;
		};
/* End XCBuildConfiguration section */

/* Begin XCConfigurationList section */
		2C5D996419E4A9FB00133F59 /* Build configuration list for PBXProject "Out" */ = {
			isa = XCConfigurationList;
			buildConfigurations = (
				2C5D998619E4A9FB00133F59 /* Debug */,
				2C5D998719E4A9FB00133F59 /* Release */,
			);
			defaultConfigurationIsVisible = 0;
			defaultConfigurationName = Release;
		};
		2C5D998819E4A9FB00133F59 /* Build configuration list for PBXNativeTarget "Out" */ = {
			isa = XCConfigurationList;
			buildConfigurations = (
				2C5D998919E4A9FB00133F59 /* Debug */,
				2C5D998A19E4A9FB00133F59 /* Release */,
			);
			defaultConfigurationIsVisible = 0;
			defaultConfigurationName = Release;
		};
		2C5D998B19E4A9FB00133F59 /* Build configuration list for PBXNativeTarget "OutTests" */ = {
			isa = XCConfigurationList;
			buildConfigurations = (
				2C5D998C19E4A9FB00133F59 /* Debug */,
				2C5D998D19E4A9FB00133F59 /* Release */,
			);
			defaultConfigurationIsVisible = 0;
			defaultConfigurationName = Release;
		};
/* End XCConfigurationList section */
	};
	rootObject = 2C5D996119E4A9FB00133F59 /* Project object */;
}
