// !$*UTF8*$!
{
	archiveVersion = 1;
	classes = {
	};
	objectVersion = 46;
	objects = {

/* Begin PBXBuildFile section */
		2C1C23A719E87B16006975DA /* Bolts.framework in Frameworks */ = {isa = PBXBuildFile; fileRef = 2C1C23A519E87B16006975DA /* Bolts.framework */; };
		2C1C23A819E87B16006975DA /* Parse.framework in Frameworks */ = {isa = PBXBuildFile; fileRef = 2C1C23A619E87B16006975DA /* Parse.framework */; };
		2C1C23AA19E87B54006975DA /* AudioToolbox.framework in Frameworks */ = {isa = PBXBuildFile; fileRef = 2C1C23A919E87B54006975DA /* AudioToolbox.framework */; };
		2C1C23AC19E87B5B006975DA /* CFNetwork.framework in Frameworks */ = {isa = PBXBuildFile; fileRef = 2C1C23AB19E87B5B006975DA /* CFNetwork.framework */; };
		2C1C23AE19E87B62006975DA /* CoreGraphics.framework in Frameworks */ = {isa = PBXBuildFile; fileRef = 2C1C23AD19E87B62006975DA /* CoreGraphics.framework */; };
		2C1C23B019E87B6B006975DA /* CoreLocation.framework in Frameworks */ = {isa = PBXBuildFile; fileRef = 2C1C23AF19E87B6B006975DA /* CoreLocation.framework */; };
		2C1C23B219E87B75006975DA /* libz.dylib in Frameworks */ = {isa = PBXBuildFile; fileRef = 2C1C23B119E87B75006975DA /* libz.dylib */; };
		2C1C23B419E87B7C006975DA /* MobileCoreServices.framework in Frameworks */ = {isa = PBXBuildFile; fileRef = 2C1C23B319E87B7C006975DA /* MobileCoreServices.framework */; };
		2C1C23B619E87B82006975DA /* QuartzCore.framework in Frameworks */ = {isa = PBXBuildFile; fileRef = 2C1C23B519E87B82006975DA /* QuartzCore.framework */; };
		2C1C23B819E87B8A006975DA /* Security.framework in Frameworks */ = {isa = PBXBuildFile; fileRef = 2C1C23B719E87B8A006975DA /* Security.framework */; };
		2C1C23BA19E87B92006975DA /* StoreKit.framework in Frameworks */ = {isa = PBXBuildFile; fileRef = 2C1C23B919E87B91006975DA /* StoreKit.framework */; };
		2C1C23BC19E87BA0006975DA /* SystemConfiguration.framework in Frameworks */ = {isa = PBXBuildFile; fileRef = 2C1C23BB19E87BA0006975DA /* SystemConfiguration.framework */; };
		2C280D7D1A18EF0D0066BE1F /* UIStyleController.swift in Sources */ = {isa = PBXBuildFile; fileRef = 2C280D7C1A18EF0D0066BE1F /* UIStyleController.swift */; };
		2C2CF71A1A156E2600B8C60E /* UIScrollView+SLKAdditions.m in Sources */ = {isa = PBXBuildFile; fileRef = 2C2CF70A1A156E2600B8C60E /* UIScrollView+SLKAdditions.m */; };
		2C2CF71B1A156E2600B8C60E /* UITextView+SLKAdditions.m in Sources */ = {isa = PBXBuildFile; fileRef = 2C2CF70C1A156E2600B8C60E /* UITextView+SLKAdditions.m */; };
		2C2CF71C1A156E2600B8C60E /* UIView+SLKAdditions.m in Sources */ = {isa = PBXBuildFile; fileRef = 2C2CF70E1A156E2600B8C60E /* UIView+SLKAdditions.m */; };
		2C2CF71D1A156E2600B8C60E /* SLKInputAccessoryView.m in Sources */ = {isa = PBXBuildFile; fileRef = 2C2CF7111A156E2600B8C60E /* SLKInputAccessoryView.m */; };
		2C2CF71E1A156E2600B8C60E /* SLKTextInputbar.m in Sources */ = {isa = PBXBuildFile; fileRef = 2C2CF7131A156E2600B8C60E /* SLKTextInputbar.m */; };
		2C2CF71F1A156E2600B8C60E /* SLKTextView.m in Sources */ = {isa = PBXBuildFile; fileRef = 2C2CF7151A156E2600B8C60E /* SLKTextView.m */; };
		2C2CF7201A156E2600B8C60E /* SLKTextViewController.m in Sources */ = {isa = PBXBuildFile; fileRef = 2C2CF7171A156E2600B8C60E /* SLKTextViewController.m */; };
		2C2CF7211A156E2600B8C60E /* SLKTypingIndicatorView.m in Sources */ = {isa = PBXBuildFile; fileRef = 2C2CF7191A156E2600B8C60E /* SLKTypingIndicatorView.m */; };
		2C2CF7231A15824000B8C60E /* CommentTableViewCell.swift in Sources */ = {isa = PBXBuildFile; fileRef = 2C2CF7221A15824000B8C60E /* CommentTableViewCell.swift */; };
		2C3366E11A008752009198EA /* WebViewViewController.swift in Sources */ = {isa = PBXBuildFile; fileRef = 2C3366E01A008752009198EA /* WebViewViewController.swift */; };
		2C35C49F19F3557000551707 /* CautionTextTableViewCell.swift in Sources */ = {isa = PBXBuildFile; fileRef = 2C35C49E19F3557000551707 /* CautionTextTableViewCell.swift */; };
		2C3A7BFE1A117A3700FC4516 /* DashboardChallengeOnDeckCollectionViewFlowLayout.m in Sources */ = {isa = PBXBuildFile; fileRef = 2C3A7BFD1A117A3700FC4516 /* DashboardChallengeOnDeckCollectionViewFlowLayout.m */; };
		2C3A7C001A117EB700FC4516 /* MyProfileViewController.swift in Sources */ = {isa = PBXBuildFile; fileRef = 2C3A7BFF1A117EB700FC4516 /* MyProfileViewController.swift */; };
		2C3A7C021A117EC900FC4516 /* MyProgressViewController.swift in Sources */ = {isa = PBXBuildFile; fileRef = 2C3A7C011A117EC900FC4516 /* MyProgressViewController.swift */; };
		2C470F521A06F5B7008EADB4 /* PeopleGalleryViewController.swift in Sources */ = {isa = PBXBuildFile; fileRef = 2C470F511A06F5B7008EADB4 /* PeopleGalleryViewController.swift */; };
		2C470F551A06FAED008EADB4 /* PersonFollowTableViewCell.swift in Sources */ = {isa = PBXBuildFile; fileRef = 2C470F541A06FAED008EADB4 /* PersonFollowTableViewCell.swift */; };
		2C512CA119F5A06800483A49 /* GallerySelectCollectionViewCell.swift in Sources */ = {isa = PBXBuildFile; fileRef = 2C512CA019F5A06800483A49 /* GallerySelectCollectionViewCell.swift */; };
		2C5C563B1A106A1D00B8EBC7 /* UICountingLabel.m in Sources */ = {isa = PBXBuildFile; fileRef = 2C5C563A1A106A1D00B8EBC7 /* UICountingLabel.m */; };
		2C5C56AC1A106E6200B8EBC7 /* PNBar.m in Sources */ = {isa = PBXBuildFile; fileRef = 2C5C56971A106E6200B8EBC7 /* PNBar.m */; };
		2C5C56AD1A106E6200B8EBC7 /* PNBarChart.m in Sources */ = {isa = PBXBuildFile; fileRef = 2C5C56991A106E6200B8EBC7 /* PNBarChart.m */; };
		2C5C56AE1A106E6200B8EBC7 /* PNChartLabel.m in Sources */ = {isa = PBXBuildFile; fileRef = 2C5C569D1A106E6200B8EBC7 /* PNChartLabel.m */; };
		2C5C56AF1A106E6200B8EBC7 /* PNCircleChart.m in Sources */ = {isa = PBXBuildFile; fileRef = 2C5C569F1A106E6200B8EBC7 /* PNCircleChart.m */; };
		2C5C56B01A106E6200B8EBC7 /* PNColor.m in Sources */ = {isa = PBXBuildFile; fileRef = 2C5C56A11A106E6200B8EBC7 /* PNColor.m */; };
		2C5C56B11A106E6200B8EBC7 /* PNLineChart.m in Sources */ = {isa = PBXBuildFile; fileRef = 2C5C56A31A106E6200B8EBC7 /* PNLineChart.m */; };
		2C5C56B21A106E6200B8EBC7 /* PNLineChartData.m in Sources */ = {isa = PBXBuildFile; fileRef = 2C5C56A51A106E6200B8EBC7 /* PNLineChartData.m */; };
		2C5C56B31A106E6200B8EBC7 /* PNLineChartDataItem.m in Sources */ = {isa = PBXBuildFile; fileRef = 2C5C56A71A106E6200B8EBC7 /* PNLineChartDataItem.m */; };
		2C5C56B41A106E6200B8EBC7 /* PNPieChart.m in Sources */ = {isa = PBXBuildFile; fileRef = 2C5C56A91A106E6200B8EBC7 /* PNPieChart.m */; };
		2C5C56B51A106E6200B8EBC7 /* PNPieChartDataItem.m in Sources */ = {isa = PBXBuildFile; fileRef = 2C5C56AB1A106E6200B8EBC7 /* PNPieChartDataItem.m */; };
		2C5D997419E4A9FB00133F59 /* Main.storyboard in Resources */ = {isa = PBXBuildFile; fileRef = 2C5D997219E4A9FB00133F59 /* Main.storyboard */; };
		2C5D997619E4A9FB00133F59 /* Images.xcassets in Resources */ = {isa = PBXBuildFile; fileRef = 2C5D997519E4A9FB00133F59 /* Images.xcassets */; };
		2C5D997919E4A9FB00133F59 /* LaunchScreen.xib in Resources */ = {isa = PBXBuildFile; fileRef = 2C5D997719E4A9FB00133F59 /* LaunchScreen.xib */; };
		2C5D998519E4A9FB00133F59 /* OutTests.swift in Sources */ = {isa = PBXBuildFile; fileRef = 2C5D998419E4A9FB00133F59 /* OutTests.swift */; };
		2C65C54E1A3F447200B5458F /* HelpChatViewController.swift in Sources */ = {isa = PBXBuildFile; fileRef = 2C65C54D1A3F447200B5458F /* HelpChatViewController.swift */; };
		2C65C5501A3F447D00B5458F /* HelpTalkViewController.swift in Sources */ = {isa = PBXBuildFile; fileRef = 2C65C54F1A3F447D00B5458F /* HelpTalkViewController.swift */; };
		2C65C5521A3F551300B5458F /* MentorViewController.swift in Sources */ = {isa = PBXBuildFile; fileRef = 2C65C5511A3F551300B5458F /* MentorViewController.swift */; };
		2C6AFF531A128D4C0006C7A9 /* DashboardAnnouncementsCollectionViewFlowLayout.m in Sources */ = {isa = PBXBuildFile; fileRef = 2C6AFF521A128D4C0006C7A9 /* DashboardAnnouncementsCollectionViewFlowLayout.m */; };
		2C6AFF581A12CAF90006C7A9 /* DashboardInspirationCollectionViewFlowLayout.m in Sources */ = {isa = PBXBuildFile; fileRef = 2C6AFF571A12CAF90006C7A9 /* DashboardInspirationCollectionViewFlowLayout.m */; };
		2C6AFF5A1A12CE570006C7A9 /* DashboardInspirationCollectionViewCell.swift in Sources */ = {isa = PBXBuildFile; fileRef = 2C6AFF591A12CE570006C7A9 /* DashboardInspirationCollectionViewCell.swift */; };
		2C6FFAEC1A19B3160043F912 /* ICETutorialController.m in Sources */ = {isa = PBXBuildFile; fileRef = 2C6FFAE71A19B3160043F912 /* ICETutorialController.m */; };
		2C6FFAED1A19B3160043F912 /* ICETutorialPage.m in Sources */ = {isa = PBXBuildFile; fileRef = 2C6FFAE91A19B3160043F912 /* ICETutorialPage.m */; };
		2C6FFAEE1A19B3160043F912 /* ICETutorialStyle.m in Sources */ = {isa = PBXBuildFile; fileRef = 2C6FFAEB1A19B3160043F912 /* ICETutorialStyle.m */; };
		2C70203A1A2B815A00873041 /* COSTouchVisualizerWindow.m in Sources */ = {isa = PBXBuildFile; fileRef = 2C7020391A2B815A00873041 /* COSTouchVisualizerWindow.m */; };
		2C70773C1A3F299A003D6367 /* PeopleFilterViewController.swift in Sources */ = {isa = PBXBuildFile; fileRef = 2C70773B1A3F299A003D6367 /* PeopleFilterViewController.swift */; };
		2C7E803B19FBFC6E00F1FC4B /* PickerViewTableViewCell.swift in Sources */ = {isa = PBXBuildFile; fileRef = 2C7E803A19FBFC6E00F1FC4B /* PickerViewTableViewCell.swift */; };
		2C85027E1A11A43400F35DAB /* NotificationsViewController.swift in Sources */ = {isa = PBXBuildFile; fileRef = 2C85027D1A11A43400F35DAB /* NotificationsViewController.swift */; };
		2C8502801A11A43F00F35DAB /* ComposeViewController.swift in Sources */ = {isa = PBXBuildFile; fileRef = 2C85027F1A11A43F00F35DAB /* ComposeViewController.swift */; };
		2C8592C11A14082600272769 /* ActivityDetailViewController.swift in Sources */ = {isa = PBXBuildFile; fileRef = 2C8592C01A14082600272769 /* ActivityDetailViewController.swift */; };
		2C93EE4F1A1158A3009E6147 /* DashboardChallengeOnDeckCollectionViewCell.swift in Sources */ = {isa = PBXBuildFile; fileRef = 2C93EE4E1A1158A3009E6147 /* DashboardChallengeOnDeckCollectionViewCell.swift */; };
		2C93EE511A1158C0009E6147 /* DashboardAnnouncementsCollectionViewCell.swift in Sources */ = {isa = PBXBuildFile; fileRef = 2C93EE501A1158C0009E6147 /* DashboardAnnouncementsCollectionViewCell.swift */; };
		2C9CA60B1A059D0900BC4D93 /* CreateAccountViewController.swift in Sources */ = {isa = PBXBuildFile; fileRef = 2C9CA60A1A059D0900BC4D93 /* CreateAccountViewController.swift */; };
		2C9CA60E1A05AE4E00BC4D93 /* PeopleTabViewController.swift in Sources */ = {isa = PBXBuildFile; fileRef = 2C9CA60D1A05AE4E00BC4D93 /* PeopleTabViewController.swift */; };
		2C9CA6101A05AECF00BC4D93 /* ActivityTabViewController.swift in Sources */ = {isa = PBXBuildFile; fileRef = 2C9CA60F1A05AECF00BC4D93 /* ActivityTabViewController.swift */; };
		2C9CA6131A05AF2D00BC4D93 /* HelpTabViewController.swift in Sources */ = {isa = PBXBuildFile; fileRef = 2C9CA6121A05AF2D00BC4D93 /* HelpTabViewController.swift */; };
		2C9CA6171A05B58200BC4D93 /* PersonTableViewCell.swift in Sources */ = {isa = PBXBuildFile; fileRef = 2C9CA6161A05B58200BC4D93 /* PersonTableViewCell.swift */; };
		2C9D633A1A09441A00E7E069 /* ActivityTableViewCell.swift in Sources */ = {isa = PBXBuildFile; fileRef = 2C9D63391A09441A00E7E069 /* ActivityTableViewCell.swift */; };
		2CA2264819F5DF800018266F /* GallerySelectCollectionViewFlowLayout.m in Sources */ = {isa = PBXBuildFile; fileRef = 2CA2264719F5DF800018266F /* GallerySelectCollectionViewFlowLayout.m */; };
		2CA435EB19F48A2C00DC1C6E /* ChallengeOverviewTableViewCell.swift in Sources */ = {isa = PBXBuildFile; fileRef = 2CA435EA19F48A2C00DC1C6E /* ChallengeOverviewTableViewCell.swift */; };
		2CA435ED19F48A8A00DC1C6E /* PromptAndAnswerTableViewCell.swift in Sources */ = {isa = PBXBuildFile; fileRef = 2CA435EC19F48A8A00DC1C6E /* PromptAndAnswerTableViewCell.swift */; };
		2CA435F119F48B1A00DC1C6E /* DateTimePickerTableViewCell.swift in Sources */ = {isa = PBXBuildFile; fileRef = 2CA435F019F48B1A00DC1C6E /* DateTimePickerTableViewCell.swift */; };
		2CA435F319F48B5600DC1C6E /* EventInfoTableViewCell.swift in Sources */ = {isa = PBXBuildFile; fileRef = 2CA435F219F48B5600DC1C6E /* EventInfoTableViewCell.swift */; };
		2CA435F519F48B6F00DC1C6E /* GetDirectionsTableViewCell.swift in Sources */ = {isa = PBXBuildFile; fileRef = 2CA435F419F48B6F00DC1C6E /* GetDirectionsTableViewCell.swift */; };
		2CA435F719F48B8100DC1C6E /* CallTableViewCell.swift in Sources */ = {isa = PBXBuildFile; fileRef = 2CA435F619F48B8100DC1C6E /* CallTableViewCell.swift */; };
		2CA435F919F48B9C00DC1C6E /* TextFieldInputTableViewCell.swift in Sources */ = {isa = PBXBuildFile; fileRef = 2CA435F819F48B9C00DC1C6E /* TextFieldInputTableViewCell.swift */; };
		2CA435FB19F48BC500DC1C6E /* LaunchWebViewTableViewCell.swift in Sources */ = {isa = PBXBuildFile; fileRef = 2CA435FA19F48BC500DC1C6E /* LaunchWebViewTableViewCell.swift */; };
		2CA435FD19F48BE700DC1C6E /* HeroImageTableViewCell.swift in Sources */ = {isa = PBXBuildFile; fileRef = 2CA435FC19F48BE700DC1C6E /* HeroImageTableViewCell.swift */; };
		2CA435FF19F48C1000DC1C6E /* BoolPickerTableViewCell.swift in Sources */ = {isa = PBXBuildFile; fileRef = 2CA435FE19F48C1000DC1C6E /* BoolPickerTableViewCell.swift */; };
		2CB170F819F2C7860086C95F /* AppDelegate.swift in Sources */ = {isa = PBXBuildFile; fileRef = 2C5D996E19E4A9FB00133F59 /* AppDelegate.swift */; };
		2CB170F919F2C7860086C95F /* LoginViewController.swift in Sources */ = {isa = PBXBuildFile; fileRef = 2C8C20CE19E9AAE1009E84C7 /* LoginViewController.swift */; };
		2CB170FA19F2C7860086C95F /* OutTabBarViewController.swift in Sources */ = {isa = PBXBuildFile; fileRef = 2C04D0C119E5BF060091B626 /* OutTabBarViewController.swift */; };
		2CB170FB19F2C7860086C95F /* DashboardViewController.swift in Sources */ = {isa = PBXBuildFile; fileRef = 2C8C20D019E9ACCE009E84C7 /* DashboardViewController.swift */; };
		2CB170FD19F2C7860086C95F /* ChallengeFilterTableViewController.swift in Sources */ = {isa = PBXBuildFile; fileRef = 2CA1B6E719E72DA600B872F7 /* ChallengeFilterTableViewController.swift */; };
		2CB170FE19F2C7860086C95F /* ChallengeFilterTableViewCell.swift in Sources */ = {isa = PBXBuildFile; fileRef = 2CA1B6E919E7323D00B872F7 /* ChallengeFilterTableViewCell.swift */; };
		2CB1710119F2C7860086C95F /* ChallengeCardsCollectionViewFlowLayout.m in Sources */ = {isa = PBXBuildFile; fileRef = 2C17111C19E4E65600EA1D72 /* ChallengeCardsCollectionViewFlowLayout.m */; };
		2CB1710219F2C7860086C95F /* ChallengesTabViewController.swift in Sources */ = {isa = PBXBuildFile; fileRef = 2C0ABBB419EF284A00259B29 /* ChallengesTabViewController.swift */; };
		2CB1710319F2C7860086C95F /* ChallengesTabCollectionViewCell.swift in Sources */ = {isa = PBXBuildFile; fileRef = 2C0ABBB619EF445000259B29 /* ChallengesTabCollectionViewCell.swift */; };
		2CB1710419F2C7860086C95F /* MediaAvailabilityTableViewCell.swift in Sources */ = {isa = PBXBuildFile; fileRef = 2C9EA75119F0A2DE00703038 /* MediaAvailabilityTableViewCell.swift */; };
		2CB1710519F2C7860086C95F /* GallerySelectTableViewCell.swift in Sources */ = {isa = PBXBuildFile; fileRef = 2C26941919F1C9170088AFD1 /* GallerySelectTableViewCell.swift */; };
		2CB1710619F2C7860086C95F /* TextBlockTableViewCell.swift in Sources */ = {isa = PBXBuildFile; fileRef = 2C26941719F1B7DE0088AFD1 /* TextBlockTableViewCell.swift */; };
		2CB7E4151A15A3D700D55CF8 /* DateTools.bundle in Resources */ = {isa = PBXBuildFile; fileRef = 2CB7E4061A15A3D700D55CF8 /* DateTools.bundle */; };
		2CB7E4161A15A3D700D55CF8 /* DTError.m in Sources */ = {isa = PBXBuildFile; fileRef = 2CB7E40A1A15A3D700D55CF8 /* DTError.m */; };
		2CB7E4171A15A3D700D55CF8 /* DTTimePeriod.m in Sources */ = {isa = PBXBuildFile; fileRef = 2CB7E40C1A15A3D700D55CF8 /* DTTimePeriod.m */; };
		2CB7E4181A15A3D700D55CF8 /* DTTimePeriodChain.m in Sources */ = {isa = PBXBuildFile; fileRef = 2CB7E40E1A15A3D700D55CF8 /* DTTimePeriodChain.m */; };
		2CB7E4191A15A3D700D55CF8 /* DTTimePeriodCollection.m in Sources */ = {isa = PBXBuildFile; fileRef = 2CB7E4101A15A3D700D55CF8 /* DTTimePeriodCollection.m */; };
		2CB7E41A1A15A3D700D55CF8 /* DTTimePeriodGroup.m in Sources */ = {isa = PBXBuildFile; fileRef = 2CB7E4121A15A3D700D55CF8 /* DTTimePeriodGroup.m */; };
		2CB7E41B1A15A3D700D55CF8 /* NSDate+DateTools.m in Sources */ = {isa = PBXBuildFile; fileRef = 2CB7E4141A15A3D700D55CF8 /* NSDate+DateTools.m */; };
		2CB7E41E1A15C3D700D55CF8 /* AssetsLibrary.framework in Frameworks */ = {isa = PBXBuildFile; fileRef = 2CB7E41D1A15C3D700D55CF8 /* AssetsLibrary.framework */; };
		2CB7E4201A15C3DF00D55CF8 /* CoreText.framework in Frameworks */ = {isa = PBXBuildFile; fileRef = 2CB7E41F1A15C3DF00D55CF8 /* CoreText.framework */; };
		2CB7E4221A15C3E900D55CF8 /* QuickLook.framework in Frameworks */ = {isa = PBXBuildFile; fileRef = 2CB7E4211A15C3E900D55CF8 /* QuickLook.framework */; };
		2CB7E4281A15C40400D55CF8 /* HockeySDK.framework in Frameworks */ = {isa = PBXBuildFile; fileRef = 2CB7E4241A15C40400D55CF8 /* HockeySDK.framework */; };
		2CB7E4291A15C40400D55CF8 /* HockeySDK.xcconfig in Resources */ = {isa = PBXBuildFile; fileRef = 2CB7E4261A15C40400D55CF8 /* HockeySDK.xcconfig */; };
		2CB7E42A1A15C40400D55CF8 /* HockeySDKResources.bundle in Resources */ = {isa = PBXBuildFile; fileRef = 2CB7E4271A15C40400D55CF8 /* HockeySDKResources.bundle */; };
		2CD5302D19FB42E500D38896 /* TPKeyboardAvoidingCollectionView.m in Sources */ = {isa = PBXBuildFile; fileRef = 2CD5302619FB42E500D38896 /* TPKeyboardAvoidingCollectionView.m */; };
		2CD5302E19FB42E500D38896 /* TPKeyboardAvoidingScrollView.m in Sources */ = {isa = PBXBuildFile; fileRef = 2CD5302819FB42E500D38896 /* TPKeyboardAvoidingScrollView.m */; };
		2CD5302F19FB42E500D38896 /* TPKeyboardAvoidingTableView.m in Sources */ = {isa = PBXBuildFile; fileRef = 2CD5302A19FB42E500D38896 /* TPKeyboardAvoidingTableView.m */; };
		2CD5303019FB42E500D38896 /* UIScrollView+TPKeyboardAvoidingAdditions.m in Sources */ = {isa = PBXBuildFile; fileRef = 2CD5302C19FB42E500D38896 /* UIScrollView+TPKeyboardAvoidingAdditions.m */; };
		2CDA9D1A19F5617700D87841 /* ChallengeGalleryViewController.swift in Sources */ = {isa = PBXBuildFile; fileRef = 2CDA9D1919F5617700D87841 /* ChallengeGalleryViewController.swift */; };
		2CDA9D1C19F5655200D87841 /* ChallengeGalleryTableViewCell.swift in Sources */ = {isa = PBXBuildFile; fileRef = 2CDA9D1B19F5655200D87841 /* ChallengeGalleryTableViewCell.swift */; };
		2CE865E919FD71E000D3FD99 /* FieldsAndActivatorTableViewCell.swift in Sources */ = {isa = PBXBuildFile; fileRef = 2CE865E819FD71E000D3FD99 /* FieldsAndActivatorTableViewCell.swift */; };
/* End PBXBuildFile section */

/* Begin PBXContainerItemProxy section */
		2C5D997F19E4A9FB00133F59 /* PBXContainerItemProxy */ = {
			isa = PBXContainerItemProxy;
			containerPortal = 2C5D996119E4A9FB00133F59 /* Project object */;
			proxyType = 1;
			remoteGlobalIDString = 2C5D996819E4A9FB00133F59;
			remoteInfo = Out;
		};
/* End PBXContainerItemProxy section */

/* Begin PBXFileReference section */
		2C04D0C119E5BF060091B626 /* OutTabBarViewController.swift */ = {isa = PBXFileReference; fileEncoding = 4; lastKnownFileType = sourcecode.swift; path = OutTabBarViewController.swift; sourceTree = "<group>"; };
		2C0ABBB419EF284A00259B29 /* ChallengesTabViewController.swift */ = {isa = PBXFileReference; fileEncoding = 4; lastKnownFileType = sourcecode.swift; path = ChallengesTabViewController.swift; sourceTree = "<group>"; };
		2C0ABBB619EF445000259B29 /* ChallengesTabCollectionViewCell.swift */ = {isa = PBXFileReference; fileEncoding = 4; lastKnownFileType = sourcecode.swift; path = ChallengesTabCollectionViewCell.swift; sourceTree = "<group>"; };
		2C17111A19E4E65600EA1D72 /* Out-Bridging-Header.h */ = {isa = PBXFileReference; lastKnownFileType = sourcecode.c.h; path = "Out-Bridging-Header.h"; sourceTree = "<group>"; };
		2C17111B19E4E65600EA1D72 /* ChallengeCardsCollectionViewFlowLayout.h */ = {isa = PBXFileReference; fileEncoding = 4; lastKnownFileType = sourcecode.c.h; path = ChallengeCardsCollectionViewFlowLayout.h; sourceTree = "<group>"; };
		2C17111C19E4E65600EA1D72 /* ChallengeCardsCollectionViewFlowLayout.m */ = {isa = PBXFileReference; fileEncoding = 4; lastKnownFileType = sourcecode.c.objc; path = ChallengeCardsCollectionViewFlowLayout.m; sourceTree = "<group>"; };
		2C1C23A519E87B16006975DA /* Bolts.framework */ = {isa = PBXFileReference; lastKnownFileType = wrapper.framework; path = Bolts.framework; sourceTree = "<group>"; };
		2C1C23A619E87B16006975DA /* Parse.framework */ = {isa = PBXFileReference; lastKnownFileType = wrapper.framework; path = Parse.framework; sourceTree = "<group>"; };
		2C1C23A919E87B54006975DA /* AudioToolbox.framework */ = {isa = PBXFileReference; lastKnownFileType = wrapper.framework; name = AudioToolbox.framework; path = System/Library/Frameworks/AudioToolbox.framework; sourceTree = SDKROOT; };
		2C1C23AB19E87B5B006975DA /* CFNetwork.framework */ = {isa = PBXFileReference; lastKnownFileType = wrapper.framework; name = CFNetwork.framework; path = System/Library/Frameworks/CFNetwork.framework; sourceTree = SDKROOT; };
		2C1C23AD19E87B62006975DA /* CoreGraphics.framework */ = {isa = PBXFileReference; lastKnownFileType = wrapper.framework; name = CoreGraphics.framework; path = System/Library/Frameworks/CoreGraphics.framework; sourceTree = SDKROOT; };
		2C1C23AF19E87B6B006975DA /* CoreLocation.framework */ = {isa = PBXFileReference; lastKnownFileType = wrapper.framework; name = CoreLocation.framework; path = System/Library/Frameworks/CoreLocation.framework; sourceTree = SDKROOT; };
		2C1C23B119E87B75006975DA /* libz.dylib */ = {isa = PBXFileReference; lastKnownFileType = "compiled.mach-o.dylib"; name = libz.dylib; path = usr/lib/libz.dylib; sourceTree = SDKROOT; };
		2C1C23B319E87B7C006975DA /* MobileCoreServices.framework */ = {isa = PBXFileReference; lastKnownFileType = wrapper.framework; name = MobileCoreServices.framework; path = System/Library/Frameworks/MobileCoreServices.framework; sourceTree = SDKROOT; };
		2C1C23B519E87B82006975DA /* QuartzCore.framework */ = {isa = PBXFileReference; lastKnownFileType = wrapper.framework; name = QuartzCore.framework; path = System/Library/Frameworks/QuartzCore.framework; sourceTree = SDKROOT; };
		2C1C23B719E87B8A006975DA /* Security.framework */ = {isa = PBXFileReference; lastKnownFileType = wrapper.framework; name = Security.framework; path = System/Library/Frameworks/Security.framework; sourceTree = SDKROOT; };
		2C1C23B919E87B91006975DA /* StoreKit.framework */ = {isa = PBXFileReference; lastKnownFileType = wrapper.framework; name = StoreKit.framework; path = System/Library/Frameworks/StoreKit.framework; sourceTree = SDKROOT; };
		2C1C23BB19E87BA0006975DA /* SystemConfiguration.framework */ = {isa = PBXFileReference; lastKnownFileType = wrapper.framework; name = SystemConfiguration.framework; path = System/Library/Frameworks/SystemConfiguration.framework; sourceTree = SDKROOT; };
		2C26941719F1B7DE0088AFD1 /* TextBlockTableViewCell.swift */ = {isa = PBXFileReference; fileEncoding = 4; lastKnownFileType = sourcecode.swift; path = TextBlockTableViewCell.swift; sourceTree = "<group>"; };
		2C26941919F1C9170088AFD1 /* GallerySelectTableViewCell.swift */ = {isa = PBXFileReference; fileEncoding = 4; lastKnownFileType = sourcecode.swift; path = GallerySelectTableViewCell.swift; sourceTree = "<group>"; };
		2C280D7C1A18EF0D0066BE1F /* UIStyleController.swift */ = {isa = PBXFileReference; fileEncoding = 4; lastKnownFileType = sourcecode.swift; path = UIStyleController.swift; sourceTree = "<group>"; };
		2C2CF7081A156E2600B8C60E /* SLKUIConstants.h */ = {isa = PBXFileReference; fileEncoding = 4; lastKnownFileType = sourcecode.c.h; path = SLKUIConstants.h; sourceTree = "<group>"; };
		2C2CF7091A156E2600B8C60E /* UIScrollView+SLKAdditions.h */ = {isa = PBXFileReference; fileEncoding = 4; lastKnownFileType = sourcecode.c.h; path = "UIScrollView+SLKAdditions.h"; sourceTree = "<group>"; };
		2C2CF70A1A156E2600B8C60E /* UIScrollView+SLKAdditions.m */ = {isa = PBXFileReference; fileEncoding = 4; lastKnownFileType = sourcecode.c.objc; path = "UIScrollView+SLKAdditions.m"; sourceTree = "<group>"; };
		2C2CF70B1A156E2600B8C60E /* UITextView+SLKAdditions.h */ = {isa = PBXFileReference; fileEncoding = 4; lastKnownFileType = sourcecode.c.h; path = "UITextView+SLKAdditions.h"; sourceTree = "<group>"; };
		2C2CF70C1A156E2600B8C60E /* UITextView+SLKAdditions.m */ = {isa = PBXFileReference; fileEncoding = 4; lastKnownFileType = sourcecode.c.objc; path = "UITextView+SLKAdditions.m"; sourceTree = "<group>"; };
		2C2CF70D1A156E2600B8C60E /* UIView+SLKAdditions.h */ = {isa = PBXFileReference; fileEncoding = 4; lastKnownFileType = sourcecode.c.h; path = "UIView+SLKAdditions.h"; sourceTree = "<group>"; };
		2C2CF70E1A156E2600B8C60E /* UIView+SLKAdditions.m */ = {isa = PBXFileReference; fileEncoding = 4; lastKnownFileType = sourcecode.c.objc; path = "UIView+SLKAdditions.m"; sourceTree = "<group>"; };
		2C2CF7101A156E2600B8C60E /* SLKInputAccessoryView.h */ = {isa = PBXFileReference; fileEncoding = 4; lastKnownFileType = sourcecode.c.h; path = SLKInputAccessoryView.h; sourceTree = "<group>"; };
		2C2CF7111A156E2600B8C60E /* SLKInputAccessoryView.m */ = {isa = PBXFileReference; fileEncoding = 4; lastKnownFileType = sourcecode.c.objc; path = SLKInputAccessoryView.m; sourceTree = "<group>"; };
		2C2CF7121A156E2600B8C60E /* SLKTextInputbar.h */ = {isa = PBXFileReference; fileEncoding = 4; lastKnownFileType = sourcecode.c.h; path = SLKTextInputbar.h; sourceTree = "<group>"; };
		2C2CF7131A156E2600B8C60E /* SLKTextInputbar.m */ = {isa = PBXFileReference; fileEncoding = 4; lastKnownFileType = sourcecode.c.objc; path = SLKTextInputbar.m; sourceTree = "<group>"; };
		2C2CF7141A156E2600B8C60E /* SLKTextView.h */ = {isa = PBXFileReference; fileEncoding = 4; lastKnownFileType = sourcecode.c.h; path = SLKTextView.h; sourceTree = "<group>"; };
		2C2CF7151A156E2600B8C60E /* SLKTextView.m */ = {isa = PBXFileReference; fileEncoding = 4; lastKnownFileType = sourcecode.c.objc; path = SLKTextView.m; sourceTree = "<group>"; };
		2C2CF7161A156E2600B8C60E /* SLKTextViewController.h */ = {isa = PBXFileReference; fileEncoding = 4; lastKnownFileType = sourcecode.c.h; path = SLKTextViewController.h; sourceTree = "<group>"; };
		2C2CF7171A156E2600B8C60E /* SLKTextViewController.m */ = {isa = PBXFileReference; fileEncoding = 4; lastKnownFileType = sourcecode.c.objc; path = SLKTextViewController.m; sourceTree = "<group>"; };
		2C2CF7181A156E2600B8C60E /* SLKTypingIndicatorView.h */ = {isa = PBXFileReference; fileEncoding = 4; lastKnownFileType = sourcecode.c.h; path = SLKTypingIndicatorView.h; sourceTree = "<group>"; };
		2C2CF7191A156E2600B8C60E /* SLKTypingIndicatorView.m */ = {isa = PBXFileReference; fileEncoding = 4; lastKnownFileType = sourcecode.c.objc; path = SLKTypingIndicatorView.m; sourceTree = "<group>"; };
		2C2CF7221A15824000B8C60E /* CommentTableViewCell.swift */ = {isa = PBXFileReference; fileEncoding = 4; lastKnownFileType = sourcecode.swift; path = CommentTableViewCell.swift; sourceTree = "<group>"; };
		2C3366E01A008752009198EA /* WebViewViewController.swift */ = {isa = PBXFileReference; fileEncoding = 4; lastKnownFileType = sourcecode.swift; path = WebViewViewController.swift; sourceTree = "<group>"; };
		2C35C49E19F3557000551707 /* CautionTextTableViewCell.swift */ = {isa = PBXFileReference; fileEncoding = 4; lastKnownFileType = sourcecode.swift; path = CautionTextTableViewCell.swift; sourceTree = "<group>"; };
		2C3A7BFC1A117A3700FC4516 /* DashboardChallengeOnDeckCollectionViewFlowLayout.h */ = {isa = PBXFileReference; fileEncoding = 4; lastKnownFileType = sourcecode.c.h; path = DashboardChallengeOnDeckCollectionViewFlowLayout.h; sourceTree = "<group>"; };
		2C3A7BFD1A117A3700FC4516 /* DashboardChallengeOnDeckCollectionViewFlowLayout.m */ = {isa = PBXFileReference; fileEncoding = 4; lastKnownFileType = sourcecode.c.objc; path = DashboardChallengeOnDeckCollectionViewFlowLayout.m; sourceTree = "<group>"; };
		2C3A7BFF1A117EB700FC4516 /* MyProfileViewController.swift */ = {isa = PBXFileReference; fileEncoding = 4; lastKnownFileType = sourcecode.swift; path = MyProfileViewController.swift; sourceTree = "<group>"; };
		2C3A7C011A117EC900FC4516 /* MyProgressViewController.swift */ = {isa = PBXFileReference; fileEncoding = 4; lastKnownFileType = sourcecode.swift; path = MyProgressViewController.swift; sourceTree = "<group>"; };
		2C470F511A06F5B7008EADB4 /* PeopleGalleryViewController.swift */ = {isa = PBXFileReference; fileEncoding = 4; lastKnownFileType = sourcecode.swift; path = PeopleGalleryViewController.swift; sourceTree = "<group>"; };
		2C470F541A06FAED008EADB4 /* PersonFollowTableViewCell.swift */ = {isa = PBXFileReference; fileEncoding = 4; lastKnownFileType = sourcecode.swift; path = PersonFollowTableViewCell.swift; sourceTree = "<group>"; };
		2C512CA019F5A06800483A49 /* GallerySelectCollectionViewCell.swift */ = {isa = PBXFileReference; fileEncoding = 4; lastKnownFileType = sourcecode.swift; path = GallerySelectCollectionViewCell.swift; sourceTree = "<group>"; };
		2C5C56391A106A1D00B8EBC7 /* UICountingLabel.h */ = {isa = PBXFileReference; fileEncoding = 4; lastKnownFileType = sourcecode.c.h; path = UICountingLabel.h; sourceTree = "<group>"; };
		2C5C563A1A106A1D00B8EBC7 /* UICountingLabel.m */ = {isa = PBXFileReference; fileEncoding = 4; lastKnownFileType = sourcecode.c.objc; path = UICountingLabel.m; sourceTree = "<group>"; };
		2C5C56961A106E6200B8EBC7 /* PNBar.h */ = {isa = PBXFileReference; fileEncoding = 4; lastKnownFileType = sourcecode.c.h; path = PNBar.h; sourceTree = "<group>"; };
		2C5C56971A106E6200B8EBC7 /* PNBar.m */ = {isa = PBXFileReference; fileEncoding = 4; lastKnownFileType = sourcecode.c.objc; path = PNBar.m; sourceTree = "<group>"; };
		2C5C56981A106E6200B8EBC7 /* PNBarChart.h */ = {isa = PBXFileReference; fileEncoding = 4; lastKnownFileType = sourcecode.c.h; path = PNBarChart.h; sourceTree = "<group>"; };
		2C5C56991A106E6200B8EBC7 /* PNBarChart.m */ = {isa = PBXFileReference; fileEncoding = 4; lastKnownFileType = sourcecode.c.objc; path = PNBarChart.m; sourceTree = "<group>"; };
		2C5C569A1A106E6200B8EBC7 /* PNChart.h */ = {isa = PBXFileReference; fileEncoding = 4; lastKnownFileType = sourcecode.c.h; path = PNChart.h; sourceTree = "<group>"; };
		2C5C569B1A106E6200B8EBC7 /* PNChartDelegate.h */ = {isa = PBXFileReference; fileEncoding = 4; lastKnownFileType = sourcecode.c.h; path = PNChartDelegate.h; sourceTree = "<group>"; };
		2C5C569C1A106E6200B8EBC7 /* PNChartLabel.h */ = {isa = PBXFileReference; fileEncoding = 4; lastKnownFileType = sourcecode.c.h; path = PNChartLabel.h; sourceTree = "<group>"; };
		2C5C569D1A106E6200B8EBC7 /* PNChartLabel.m */ = {isa = PBXFileReference; fileEncoding = 4; lastKnownFileType = sourcecode.c.objc; path = PNChartLabel.m; sourceTree = "<group>"; };
		2C5C569E1A106E6200B8EBC7 /* PNCircleChart.h */ = {isa = PBXFileReference; fileEncoding = 4; lastKnownFileType = sourcecode.c.h; path = PNCircleChart.h; sourceTree = "<group>"; };
		2C5C569F1A106E6200B8EBC7 /* PNCircleChart.m */ = {isa = PBXFileReference; fileEncoding = 4; lastKnownFileType = sourcecode.c.objc; path = PNCircleChart.m; sourceTree = "<group>"; };
		2C5C56A01A106E6200B8EBC7 /* PNColor.h */ = {isa = PBXFileReference; fileEncoding = 4; lastKnownFileType = sourcecode.c.h; path = PNColor.h; sourceTree = "<group>"; };
		2C5C56A11A106E6200B8EBC7 /* PNColor.m */ = {isa = PBXFileReference; fileEncoding = 4; lastKnownFileType = sourcecode.c.objc; path = PNColor.m; sourceTree = "<group>"; };
		2C5C56A21A106E6200B8EBC7 /* PNLineChart.h */ = {isa = PBXFileReference; fileEncoding = 4; lastKnownFileType = sourcecode.c.h; path = PNLineChart.h; sourceTree = "<group>"; };
		2C5C56A31A106E6200B8EBC7 /* PNLineChart.m */ = {isa = PBXFileReference; fileEncoding = 4; lastKnownFileType = sourcecode.c.objc; path = PNLineChart.m; sourceTree = "<group>"; };
		2C5C56A41A106E6200B8EBC7 /* PNLineChartData.h */ = {isa = PBXFileReference; fileEncoding = 4; lastKnownFileType = sourcecode.c.h; path = PNLineChartData.h; sourceTree = "<group>"; };
		2C5C56A51A106E6200B8EBC7 /* PNLineChartData.m */ = {isa = PBXFileReference; fileEncoding = 4; lastKnownFileType = sourcecode.c.objc; path = PNLineChartData.m; sourceTree = "<group>"; };
		2C5C56A61A106E6200B8EBC7 /* PNLineChartDataItem.h */ = {isa = PBXFileReference; fileEncoding = 4; lastKnownFileType = sourcecode.c.h; path = PNLineChartDataItem.h; sourceTree = "<group>"; };
		2C5C56A71A106E6200B8EBC7 /* PNLineChartDataItem.m */ = {isa = PBXFileReference; fileEncoding = 4; lastKnownFileType = sourcecode.c.objc; path = PNLineChartDataItem.m; sourceTree = "<group>"; };
		2C5C56A81A106E6200B8EBC7 /* PNPieChart.h */ = {isa = PBXFileReference; fileEncoding = 4; lastKnownFileType = sourcecode.c.h; path = PNPieChart.h; sourceTree = "<group>"; };
		2C5C56A91A106E6200B8EBC7 /* PNPieChart.m */ = {isa = PBXFileReference; fileEncoding = 4; lastKnownFileType = sourcecode.c.objc; path = PNPieChart.m; sourceTree = "<group>"; };
		2C5C56AA1A106E6200B8EBC7 /* PNPieChartDataItem.h */ = {isa = PBXFileReference; fileEncoding = 4; lastKnownFileType = sourcecode.c.h; path = PNPieChartDataItem.h; sourceTree = "<group>"; };
		2C5C56AB1A106E6200B8EBC7 /* PNPieChartDataItem.m */ = {isa = PBXFileReference; fileEncoding = 4; lastKnownFileType = sourcecode.c.objc; path = PNPieChartDataItem.m; sourceTree = "<group>"; };
		2C5D996919E4A9FB00133F59 /* Out.app */ = {isa = PBXFileReference; explicitFileType = wrapper.application; includeInIndex = 0; path = Out.app; sourceTree = BUILT_PRODUCTS_DIR; };
		2C5D996D19E4A9FB00133F59 /* Info.plist */ = {isa = PBXFileReference; lastKnownFileType = text.plist.xml; path = Info.plist; sourceTree = "<group>"; };
		2C5D996E19E4A9FB00133F59 /* AppDelegate.swift */ = {isa = PBXFileReference; lastKnownFileType = sourcecode.swift; path = AppDelegate.swift; sourceTree = "<group>"; };
		2C5D997319E4A9FB00133F59 /* Base */ = {isa = PBXFileReference; lastKnownFileType = file.storyboard; name = Base; path = Base.lproj/Main.storyboard; sourceTree = "<group>"; };
		2C5D997519E4A9FB00133F59 /* Images.xcassets */ = {isa = PBXFileReference; lastKnownFileType = folder.assetcatalog; path = Images.xcassets; sourceTree = "<group>"; };
		2C5D997819E4A9FB00133F59 /* Base */ = {isa = PBXFileReference; lastKnownFileType = file.xib; name = Base; path = Base.lproj/LaunchScreen.xib; sourceTree = "<group>"; };
		2C5D997E19E4A9FB00133F59 /* OutTests.xctest */ = {isa = PBXFileReference; explicitFileType = wrapper.cfbundle; includeInIndex = 0; path = OutTests.xctest; sourceTree = BUILT_PRODUCTS_DIR; };
		2C5D998319E4A9FB00133F59 /* Info.plist */ = {isa = PBXFileReference; lastKnownFileType = text.plist.xml; path = Info.plist; sourceTree = "<group>"; };
		2C5D998419E4A9FB00133F59 /* OutTests.swift */ = {isa = PBXFileReference; lastKnownFileType = sourcecode.swift; path = OutTests.swift; sourceTree = "<group>"; };
		2C65C54D1A3F447200B5458F /* HelpChatViewController.swift */ = {isa = PBXFileReference; fileEncoding = 4; lastKnownFileType = sourcecode.swift; path = HelpChatViewController.swift; sourceTree = "<group>"; };
		2C65C54F1A3F447D00B5458F /* HelpTalkViewController.swift */ = {isa = PBXFileReference; fileEncoding = 4; lastKnownFileType = sourcecode.swift; path = HelpTalkViewController.swift; sourceTree = "<group>"; };
		2C65C5511A3F551300B5458F /* MentorViewController.swift */ = {isa = PBXFileReference; fileEncoding = 4; lastKnownFileType = sourcecode.swift; path = MentorViewController.swift; sourceTree = "<group>"; };
		2C6AFF511A128D4C0006C7A9 /* DashboardAnnouncementsCollectionViewFlowLayout.h */ = {isa = PBXFileReference; fileEncoding = 4; lastKnownFileType = sourcecode.c.h; path = DashboardAnnouncementsCollectionViewFlowLayout.h; sourceTree = "<group>"; };
		2C6AFF521A128D4C0006C7A9 /* DashboardAnnouncementsCollectionViewFlowLayout.m */ = {isa = PBXFileReference; fileEncoding = 4; lastKnownFileType = sourcecode.c.objc; path = DashboardAnnouncementsCollectionViewFlowLayout.m; sourceTree = "<group>"; };
		2C6AFF561A12CAF90006C7A9 /* DashboardInspirationCollectionViewFlowLayout.h */ = {isa = PBXFileReference; fileEncoding = 4; lastKnownFileType = sourcecode.c.h; path = DashboardInspirationCollectionViewFlowLayout.h; sourceTree = "<group>"; };
		2C6AFF571A12CAF90006C7A9 /* DashboardInspirationCollectionViewFlowLayout.m */ = {isa = PBXFileReference; fileEncoding = 4; lastKnownFileType = sourcecode.c.objc; path = DashboardInspirationCollectionViewFlowLayout.m; sourceTree = "<group>"; };
		2C6AFF591A12CE570006C7A9 /* DashboardInspirationCollectionViewCell.swift */ = {isa = PBXFileReference; fileEncoding = 4; lastKnownFileType = sourcecode.swift; path = DashboardInspirationCollectionViewCell.swift; sourceTree = "<group>"; };
		2C6FFAE61A19B3160043F912 /* ICETutorialController.h */ = {isa = PBXFileReference; fileEncoding = 4; lastKnownFileType = sourcecode.c.h; path = ICETutorialController.h; sourceTree = "<group>"; };
		2C6FFAE71A19B3160043F912 /* ICETutorialController.m */ = {isa = PBXFileReference; fileEncoding = 4; lastKnownFileType = sourcecode.c.objc; path = ICETutorialController.m; sourceTree = "<group>"; };
		2C6FFAE81A19B3160043F912 /* ICETutorialPage.h */ = {isa = PBXFileReference; fileEncoding = 4; lastKnownFileType = sourcecode.c.h; path = ICETutorialPage.h; sourceTree = "<group>"; };
		2C6FFAE91A19B3160043F912 /* ICETutorialPage.m */ = {isa = PBXFileReference; fileEncoding = 4; lastKnownFileType = sourcecode.c.objc; path = ICETutorialPage.m; sourceTree = "<group>"; };
		2C6FFAEA1A19B3160043F912 /* ICETutorialStyle.h */ = {isa = PBXFileReference; fileEncoding = 4; lastKnownFileType = sourcecode.c.h; path = ICETutorialStyle.h; sourceTree = "<group>"; };
		2C6FFAEB1A19B3160043F912 /* ICETutorialStyle.m */ = {isa = PBXFileReference; fileEncoding = 4; lastKnownFileType = sourcecode.c.objc; path = ICETutorialStyle.m; sourceTree = "<group>"; };
		2C7020381A2B815A00873041 /* COSTouchVisualizerWindow.h */ = {isa = PBXFileReference; fileEncoding = 4; lastKnownFileType = sourcecode.c.h; path = COSTouchVisualizerWindow.h; sourceTree = "<group>"; };
		2C7020391A2B815A00873041 /* COSTouchVisualizerWindow.m */ = {isa = PBXFileReference; fileEncoding = 4; lastKnownFileType = sourcecode.c.objc; path = COSTouchVisualizerWindow.m; sourceTree = "<group>"; };
		2C70773B1A3F299A003D6367 /* PeopleFilterViewController.swift */ = {isa = PBXFileReference; fileEncoding = 4; lastKnownFileType = sourcecode.swift; path = PeopleFilterViewController.swift; sourceTree = "<group>"; };
		2C7E803A19FBFC6E00F1FC4B /* PickerViewTableViewCell.swift */ = {isa = PBXFileReference; fileEncoding = 4; lastKnownFileType = sourcecode.swift; path = PickerViewTableViewCell.swift; sourceTree = "<group>"; };
		2C85027D1A11A43400F35DAB /* NotificationsViewController.swift */ = {isa = PBXFileReference; fileEncoding = 4; lastKnownFileType = sourcecode.swift; path = NotificationsViewController.swift; sourceTree = "<group>"; };
		2C85027F1A11A43F00F35DAB /* ComposeViewController.swift */ = {isa = PBXFileReference; fileEncoding = 4; lastKnownFileType = sourcecode.swift; path = ComposeViewController.swift; sourceTree = "<group>"; };
		2C8592C01A14082600272769 /* ActivityDetailViewController.swift */ = {isa = PBXFileReference; fileEncoding = 4; lastKnownFileType = sourcecode.swift; path = ActivityDetailViewController.swift; sourceTree = "<group>"; };
		2C8C20CE19E9AAE1009E84C7 /* LoginViewController.swift */ = {isa = PBXFileReference; fileEncoding = 4; lastKnownFileType = sourcecode.swift; path = LoginViewController.swift; sourceTree = "<group>"; };
		2C8C20D019E9ACCE009E84C7 /* DashboardViewController.swift */ = {isa = PBXFileReference; fileEncoding = 4; lastKnownFileType = sourcecode.swift; path = DashboardViewController.swift; sourceTree = "<group>"; };
		2C93EE4E1A1158A3009E6147 /* DashboardChallengeOnDeckCollectionViewCell.swift */ = {isa = PBXFileReference; fileEncoding = 4; lastKnownFileType = sourcecode.swift; path = DashboardChallengeOnDeckCollectionViewCell.swift; sourceTree = "<group>"; };
		2C93EE501A1158C0009E6147 /* DashboardAnnouncementsCollectionViewCell.swift */ = {isa = PBXFileReference; fileEncoding = 4; lastKnownFileType = sourcecode.swift; path = DashboardAnnouncementsCollectionViewCell.swift; sourceTree = "<group>"; };
		2C9CA60A1A059D0900BC4D93 /* CreateAccountViewController.swift */ = {isa = PBXFileReference; fileEncoding = 4; lastKnownFileType = sourcecode.swift; path = CreateAccountViewController.swift; sourceTree = "<group>"; };
		2C9CA60D1A05AE4E00BC4D93 /* PeopleTabViewController.swift */ = {isa = PBXFileReference; fileEncoding = 4; lastKnownFileType = sourcecode.swift; path = PeopleTabViewController.swift; sourceTree = "<group>"; };
		2C9CA60F1A05AECF00BC4D93 /* ActivityTabViewController.swift */ = {isa = PBXFileReference; fileEncoding = 4; lastKnownFileType = sourcecode.swift; path = ActivityTabViewController.swift; sourceTree = "<group>"; };
		2C9CA6121A05AF2D00BC4D93 /* HelpTabViewController.swift */ = {isa = PBXFileReference; fileEncoding = 4; lastKnownFileType = sourcecode.swift; path = HelpTabViewController.swift; sourceTree = "<group>"; };
		2C9CA6161A05B58200BC4D93 /* PersonTableViewCell.swift */ = {isa = PBXFileReference; fileEncoding = 4; lastKnownFileType = sourcecode.swift; path = PersonTableViewCell.swift; sourceTree = "<group>"; };
		2C9D63391A09441A00E7E069 /* ActivityTableViewCell.swift */ = {isa = PBXFileReference; fileEncoding = 4; lastKnownFileType = sourcecode.swift; path = ActivityTableViewCell.swift; sourceTree = "<group>"; };
		2C9EA75119F0A2DE00703038 /* MediaAvailabilityTableViewCell.swift */ = {isa = PBXFileReference; fileEncoding = 4; lastKnownFileType = sourcecode.swift; path = MediaAvailabilityTableViewCell.swift; sourceTree = "<group>"; };
		2CA1B6E719E72DA600B872F7 /* ChallengeFilterTableViewController.swift */ = {isa = PBXFileReference; fileEncoding = 4; lastKnownFileType = sourcecode.swift; path = ChallengeFilterTableViewController.swift; sourceTree = "<group>"; };
		2CA1B6E919E7323D00B872F7 /* ChallengeFilterTableViewCell.swift */ = {isa = PBXFileReference; fileEncoding = 4; lastKnownFileType = sourcecode.swift; path = ChallengeFilterTableViewCell.swift; sourceTree = "<group>"; };
		2CA2264719F5DF800018266F /* GallerySelectCollectionViewFlowLayout.m */ = {isa = PBXFileReference; fileEncoding = 4; lastKnownFileType = sourcecode.c.objc; path = GallerySelectCollectionViewFlowLayout.m; sourceTree = "<group>"; };
		2CA2264A19F5E03F0018266F /* GallerySelectCollectionViewFlowLayout.h */ = {isa = PBXFileReference; fileEncoding = 4; lastKnownFileType = sourcecode.c.h; path = GallerySelectCollectionViewFlowLayout.h; sourceTree = "<group>"; };
		2CA435EA19F48A2C00DC1C6E /* ChallengeOverviewTableViewCell.swift */ = {isa = PBXFileReference; fileEncoding = 4; lastKnownFileType = sourcecode.swift; path = ChallengeOverviewTableViewCell.swift; sourceTree = "<group>"; };
		2CA435EC19F48A8A00DC1C6E /* PromptAndAnswerTableViewCell.swift */ = {isa = PBXFileReference; fileEncoding = 4; lastKnownFileType = sourcecode.swift; path = PromptAndAnswerTableViewCell.swift; sourceTree = "<group>"; };
		2CA435F019F48B1A00DC1C6E /* DateTimePickerTableViewCell.swift */ = {isa = PBXFileReference; fileEncoding = 4; lastKnownFileType = sourcecode.swift; path = DateTimePickerTableViewCell.swift; sourceTree = "<group>"; };
		2CA435F219F48B5600DC1C6E /* EventInfoTableViewCell.swift */ = {isa = PBXFileReference; fileEncoding = 4; lastKnownFileType = sourcecode.swift; path = EventInfoTableViewCell.swift; sourceTree = "<group>"; };
		2CA435F419F48B6F00DC1C6E /* GetDirectionsTableViewCell.swift */ = {isa = PBXFileReference; fileEncoding = 4; lastKnownFileType = sourcecode.swift; path = GetDirectionsTableViewCell.swift; sourceTree = "<group>"; };
		2CA435F619F48B8100DC1C6E /* CallTableViewCell.swift */ = {isa = PBXFileReference; fileEncoding = 4; lastKnownFileType = sourcecode.swift; path = CallTableViewCell.swift; sourceTree = "<group>"; };
		2CA435F819F48B9C00DC1C6E /* TextFieldInputTableViewCell.swift */ = {isa = PBXFileReference; fileEncoding = 4; lastKnownFileType = sourcecode.swift; path = TextFieldInputTableViewCell.swift; sourceTree = "<group>"; };
		2CA435FA19F48BC500DC1C6E /* LaunchWebViewTableViewCell.swift */ = {isa = PBXFileReference; fileEncoding = 4; lastKnownFileType = sourcecode.swift; path = LaunchWebViewTableViewCell.swift; sourceTree = "<group>"; };
		2CA435FC19F48BE700DC1C6E /* HeroImageTableViewCell.swift */ = {isa = PBXFileReference; fileEncoding = 4; lastKnownFileType = sourcecode.swift; path = HeroImageTableViewCell.swift; sourceTree = "<group>"; };
		2CA435FE19F48C1000DC1C6E /* BoolPickerTableViewCell.swift */ = {isa = PBXFileReference; fileEncoding = 4; lastKnownFileType = sourcecode.swift; path = BoolPickerTableViewCell.swift; sourceTree = "<group>"; };
		2CB7E4061A15A3D700D55CF8 /* DateTools.bundle */ = {isa = PBXFileReference; lastKnownFileType = "wrapper.plug-in"; path = DateTools.bundle; sourceTree = "<group>"; };
		2CB7E4071A15A3D700D55CF8 /* DateTools.h */ = {isa = PBXFileReference; fileEncoding = 4; lastKnownFileType = sourcecode.c.h; path = DateTools.h; sourceTree = "<group>"; };
		2CB7E4081A15A3D700D55CF8 /* DTConstants.h */ = {isa = PBXFileReference; fileEncoding = 4; lastKnownFileType = sourcecode.c.h; path = DTConstants.h; sourceTree = "<group>"; };
		2CB7E4091A15A3D700D55CF8 /* DTError.h */ = {isa = PBXFileReference; fileEncoding = 4; lastKnownFileType = sourcecode.c.h; path = DTError.h; sourceTree = "<group>"; };
		2CB7E40A1A15A3D700D55CF8 /* DTError.m */ = {isa = PBXFileReference; fileEncoding = 4; lastKnownFileType = sourcecode.c.objc; path = DTError.m; sourceTree = "<group>"; };
		2CB7E40B1A15A3D700D55CF8 /* DTTimePeriod.h */ = {isa = PBXFileReference; fileEncoding = 4; lastKnownFileType = sourcecode.c.h; path = DTTimePeriod.h; sourceTree = "<group>"; };
		2CB7E40C1A15A3D700D55CF8 /* DTTimePeriod.m */ = {isa = PBXFileReference; fileEncoding = 4; lastKnownFileType = sourcecode.c.objc; path = DTTimePeriod.m; sourceTree = "<group>"; };
		2CB7E40D1A15A3D700D55CF8 /* DTTimePeriodChain.h */ = {isa = PBXFileReference; fileEncoding = 4; lastKnownFileType = sourcecode.c.h; path = DTTimePeriodChain.h; sourceTree = "<group>"; };
		2CB7E40E1A15A3D700D55CF8 /* DTTimePeriodChain.m */ = {isa = PBXFileReference; fileEncoding = 4; lastKnownFileType = sourcecode.c.objc; path = DTTimePeriodChain.m; sourceTree = "<group>"; };
		2CB7E40F1A15A3D700D55CF8 /* DTTimePeriodCollection.h */ = {isa = PBXFileReference; fileEncoding = 4; lastKnownFileType = sourcecode.c.h; path = DTTimePeriodCollection.h; sourceTree = "<group>"; };
		2CB7E4101A15A3D700D55CF8 /* DTTimePeriodCollection.m */ = {isa = PBXFileReference; fileEncoding = 4; lastKnownFileType = sourcecode.c.objc; path = DTTimePeriodCollection.m; sourceTree = "<group>"; };
		2CB7E4111A15A3D700D55CF8 /* DTTimePeriodGroup.h */ = {isa = PBXFileReference; fileEncoding = 4; lastKnownFileType = sourcecode.c.h; path = DTTimePeriodGroup.h; sourceTree = "<group>"; };
		2CB7E4121A15A3D700D55CF8 /* DTTimePeriodGroup.m */ = {isa = PBXFileReference; fileEncoding = 4; lastKnownFileType = sourcecode.c.objc; path = DTTimePeriodGroup.m; sourceTree = "<group>"; };
		2CB7E4131A15A3D700D55CF8 /* NSDate+DateTools.h */ = {isa = PBXFileReference; fileEncoding = 4; lastKnownFileType = sourcecode.c.h; path = "NSDate+DateTools.h"; sourceTree = "<group>"; };
		2CB7E4141A15A3D700D55CF8 /* NSDate+DateTools.m */ = {isa = PBXFileReference; fileEncoding = 4; lastKnownFileType = sourcecode.c.objc; path = "NSDate+DateTools.m"; sourceTree = "<group>"; };
		2CB7E41D1A15C3D700D55CF8 /* AssetsLibrary.framework */ = {isa = PBXFileReference; lastKnownFileType = wrapper.framework; name = AssetsLibrary.framework; path = System/Library/Frameworks/AssetsLibrary.framework; sourceTree = SDKROOT; };
		2CB7E41F1A15C3DF00D55CF8 /* CoreText.framework */ = {isa = PBXFileReference; lastKnownFileType = wrapper.framework; name = CoreText.framework; path = System/Library/Frameworks/CoreText.framework; sourceTree = SDKROOT; };
		2CB7E4211A15C3E900D55CF8 /* QuickLook.framework */ = {isa = PBXFileReference; lastKnownFileType = wrapper.framework; name = QuickLook.framework; path = System/Library/Frameworks/QuickLook.framework; sourceTree = SDKROOT; };
		2CB7E4241A15C40400D55CF8 /* HockeySDK.framework */ = {isa = PBXFileReference; lastKnownFileType = wrapper.framework; path = HockeySDK.framework; sourceTree = "<group>"; };
		2CB7E4261A15C40400D55CF8 /* HockeySDK.xcconfig */ = {isa = PBXFileReference; fileEncoding = 4; lastKnownFileType = text.xcconfig; path = HockeySDK.xcconfig; sourceTree = "<group>"; };
		2CB7E4271A15C40400D55CF8 /* HockeySDKResources.bundle */ = {isa = PBXFileReference; lastKnownFileType = "wrapper.plug-in"; path = HockeySDKResources.bundle; sourceTree = "<group>"; };
		2CD5302519FB42E500D38896 /* TPKeyboardAvoidingCollectionView.h */ = {isa = PBXFileReference; fileEncoding = 4; lastKnownFileType = sourcecode.c.h; path = TPKeyboardAvoidingCollectionView.h; sourceTree = "<group>"; };
		2CD5302619FB42E500D38896 /* TPKeyboardAvoidingCollectionView.m */ = {isa = PBXFileReference; fileEncoding = 4; lastKnownFileType = sourcecode.c.objc; path = TPKeyboardAvoidingCollectionView.m; sourceTree = "<group>"; };
		2CD5302719FB42E500D38896 /* TPKeyboardAvoidingScrollView.h */ = {isa = PBXFileReference; fileEncoding = 4; lastKnownFileType = sourcecode.c.h; path = TPKeyboardAvoidingScrollView.h; sourceTree = "<group>"; };
		2CD5302819FB42E500D38896 /* TPKeyboardAvoidingScrollView.m */ = {isa = PBXFileReference; fileEncoding = 4; lastKnownFileType = sourcecode.c.objc; path = TPKeyboardAvoidingScrollView.m; sourceTree = "<group>"; };
		2CD5302919FB42E500D38896 /* TPKeyboardAvoidingTableView.h */ = {isa = PBXFileReference; fileEncoding = 4; lastKnownFileType = sourcecode.c.h; path = TPKeyboardAvoidingTableView.h; sourceTree = "<group>"; };
		2CD5302A19FB42E500D38896 /* TPKeyboardAvoidingTableView.m */ = {isa = PBXFileReference; fileEncoding = 4; lastKnownFileType = sourcecode.c.objc; path = TPKeyboardAvoidingTableView.m; sourceTree = "<group>"; };
		2CD5302B19FB42E500D38896 /* UIScrollView+TPKeyboardAvoidingAdditions.h */ = {isa = PBXFileReference; fileEncoding = 4; lastKnownFileType = sourcecode.c.h; path = "UIScrollView+TPKeyboardAvoidingAdditions.h"; sourceTree = "<group>"; };
		2CD5302C19FB42E500D38896 /* UIScrollView+TPKeyboardAvoidingAdditions.m */ = {isa = PBXFileReference; fileEncoding = 4; lastKnownFileType = sourcecode.c.objc; path = "UIScrollView+TPKeyboardAvoidingAdditions.m"; sourceTree = "<group>"; };
		2CDA9D1919F5617700D87841 /* ChallengeGalleryViewController.swift */ = {isa = PBXFileReference; fileEncoding = 4; lastKnownFileType = sourcecode.swift; path = ChallengeGalleryViewController.swift; sourceTree = "<group>"; };
		2CDA9D1B19F5655200D87841 /* ChallengeGalleryTableViewCell.swift */ = {isa = PBXFileReference; fileEncoding = 4; lastKnownFileType = sourcecode.swift; path = ChallengeGalleryTableViewCell.swift; sourceTree = "<group>"; };
		2CE865E819FD71E000D3FD99 /* FieldsAndActivatorTableViewCell.swift */ = {isa = PBXFileReference; fileEncoding = 4; lastKnownFileType = sourcecode.swift; path = FieldsAndActivatorTableViewCell.swift; sourceTree = "<group>"; };
/* End PBXFileReference section */

/* Begin PBXFrameworksBuildPhase section */
		2C5D996619E4A9FB00133F59 /* Frameworks */ = {
			isa = PBXFrameworksBuildPhase;
			buildActionMask = 2147483647;
			files = (
				2CB7E4221A15C3E900D55CF8 /* QuickLook.framework in Frameworks */,
				2CB7E4201A15C3DF00D55CF8 /* CoreText.framework in Frameworks */,
				2CB7E41E1A15C3D700D55CF8 /* AssetsLibrary.framework in Frameworks */,
				2C1C23BC19E87BA0006975DA /* SystemConfiguration.framework in Frameworks */,
				2CB7E4281A15C40400D55CF8 /* HockeySDK.framework in Frameworks */,
				2C1C23BA19E87B92006975DA /* StoreKit.framework in Frameworks */,
				2C1C23B819E87B8A006975DA /* Security.framework in Frameworks */,
				2C1C23B619E87B82006975DA /* QuartzCore.framework in Frameworks */,
				2C1C23B419E87B7C006975DA /* MobileCoreServices.framework in Frameworks */,
				2C1C23B219E87B75006975DA /* libz.dylib in Frameworks */,
				2C1C23B019E87B6B006975DA /* CoreLocation.framework in Frameworks */,
				2C1C23AE19E87B62006975DA /* CoreGraphics.framework in Frameworks */,
				2C1C23AC19E87B5B006975DA /* CFNetwork.framework in Frameworks */,
				2C1C23AA19E87B54006975DA /* AudioToolbox.framework in Frameworks */,
				2C1C23A719E87B16006975DA /* Bolts.framework in Frameworks */,
				2C1C23A819E87B16006975DA /* Parse.framework in Frameworks */,
			);
			runOnlyForDeploymentPostprocessing = 0;
		};
		2C5D997B19E4A9FB00133F59 /* Frameworks */ = {
			isa = PBXFrameworksBuildPhase;
			buildActionMask = 2147483647;
			files = (
			);
			runOnlyForDeploymentPostprocessing = 0;
		};
/* End PBXFrameworksBuildPhase section */

/* Begin PBXGroup section */
		2C26941619F14EFB0088AFD1 /* Canvas TableViewCells */ = {
			isa = PBXGroup;
			children = (
				2CA2264A19F5E03F0018266F /* GallerySelectCollectionViewFlowLayout.h */,
				2CA2264719F5DF800018266F /* GallerySelectCollectionViewFlowLayout.m */,
				2C9EA75119F0A2DE00703038 /* MediaAvailabilityTableViewCell.swift */,
				2CA435EA19F48A2C00DC1C6E /* ChallengeOverviewTableViewCell.swift */,
				2C35C49E19F3557000551707 /* CautionTextTableViewCell.swift */,
				2C26941919F1C9170088AFD1 /* GallerySelectTableViewCell.swift */,
				2C512CA019F5A06800483A49 /* GallerySelectCollectionViewCell.swift */,
				2CA435EC19F48A8A00DC1C6E /* PromptAndAnswerTableViewCell.swift */,
				2CE865E819FD71E000D3FD99 /* FieldsAndActivatorTableViewCell.swift */,
				2C7E803A19FBFC6E00F1FC4B /* PickerViewTableViewCell.swift */,
				2CA435F019F48B1A00DC1C6E /* DateTimePickerTableViewCell.swift */,
				2CA435F219F48B5600DC1C6E /* EventInfoTableViewCell.swift */,
				2CA435F419F48B6F00DC1C6E /* GetDirectionsTableViewCell.swift */,
				2CA435F619F48B8100DC1C6E /* CallTableViewCell.swift */,
				2CA435F819F48B9C00DC1C6E /* TextFieldInputTableViewCell.swift */,
				2CA435FA19F48BC500DC1C6E /* LaunchWebViewTableViewCell.swift */,
				2CA435FC19F48BE700DC1C6E /* HeroImageTableViewCell.swift */,
				2CA435FE19F48C1000DC1C6E /* BoolPickerTableViewCell.swift */,
				2C26941719F1B7DE0088AFD1 /* TextBlockTableViewCell.swift */,
			);
			name = "Canvas TableViewCells";
			sourceTree = "<group>";
		};
		2C2CF7061A156E2600B8C60E /* SlackTextViewController */ = {
			isa = PBXGroup;
			children = (
				2C2CF7071A156E2600B8C60E /* Additions */,
				2C2CF70F1A156E2600B8C60E /* Classes */,
			);
			path = SlackTextViewController;
			sourceTree = "<group>";
		};
		2C2CF7071A156E2600B8C60E /* Additions */ = {
			isa = PBXGroup;
			children = (
				2C2CF7081A156E2600B8C60E /* SLKUIConstants.h */,
				2C2CF7091A156E2600B8C60E /* UIScrollView+SLKAdditions.h */,
				2C2CF70A1A156E2600B8C60E /* UIScrollView+SLKAdditions.m */,
				2C2CF70B1A156E2600B8C60E /* UITextView+SLKAdditions.h */,
				2C2CF70C1A156E2600B8C60E /* UITextView+SLKAdditions.m */,
				2C2CF70D1A156E2600B8C60E /* UIView+SLKAdditions.h */,
				2C2CF70E1A156E2600B8C60E /* UIView+SLKAdditions.m */,
			);
			path = Additions;
			sourceTree = "<group>";
		};
		2C2CF70F1A156E2600B8C60E /* Classes */ = {
			isa = PBXGroup;
			children = (
				2C2CF7101A156E2600B8C60E /* SLKInputAccessoryView.h */,
				2C2CF7111A156E2600B8C60E /* SLKInputAccessoryView.m */,
				2C2CF7121A156E2600B8C60E /* SLKTextInputbar.h */,
				2C2CF7131A156E2600B8C60E /* SLKTextInputbar.m */,
				2C2CF7141A156E2600B8C60E /* SLKTextView.h */,
				2C2CF7151A156E2600B8C60E /* SLKTextView.m */,
				2C2CF7161A156E2600B8C60E /* SLKTextViewController.h */,
				2C2CF7171A156E2600B8C60E /* SLKTextViewController.m */,
				2C2CF7181A156E2600B8C60E /* SLKTypingIndicatorView.h */,
				2C2CF7191A156E2600B8C60E /* SLKTypingIndicatorView.m */,
			);
			path = Classes;
			sourceTree = "<group>";
		};
		2C470F531A06F62F008EADB4 /* PeopleGallery */ = {
			isa = PBXGroup;
			children = (
				2C470F511A06F5B7008EADB4 /* PeopleGalleryViewController.swift */,
				2C470F541A06FAED008EADB4 /* PersonFollowTableViewCell.swift */,
				2C70773B1A3F299A003D6367 /* PeopleFilterViewController.swift */,
			);
			name = PeopleGallery;
			sourceTree = "<group>";
		};
		2C5C563C1A106A2200B8EBC7 /* UICountingLabel */ = {
			isa = PBXGroup;
			children = (
				2C5C56391A106A1D00B8EBC7 /* UICountingLabel.h */,
				2C5C563A1A106A1D00B8EBC7 /* UICountingLabel.m */,
			);
			name = UICountingLabel;
			sourceTree = "<group>";
		};
		2C5C56B61A106E6900B8EBC7 /* PNChart */ = {
			isa = PBXGroup;
			children = (
				2C5C56961A106E6200B8EBC7 /* PNBar.h */,
				2C5C56971A106E6200B8EBC7 /* PNBar.m */,
				2C5C56981A106E6200B8EBC7 /* PNBarChart.h */,
				2C5C56991A106E6200B8EBC7 /* PNBarChart.m */,
				2C5C569A1A106E6200B8EBC7 /* PNChart.h */,
				2C5C569B1A106E6200B8EBC7 /* PNChartDelegate.h */,
				2C5C569C1A106E6200B8EBC7 /* PNChartLabel.h */,
				2C5C569D1A106E6200B8EBC7 /* PNChartLabel.m */,
				2C5C569E1A106E6200B8EBC7 /* PNCircleChart.h */,
				2C5C569F1A106E6200B8EBC7 /* PNCircleChart.m */,
				2C5C56A01A106E6200B8EBC7 /* PNColor.h */,
				2C5C56A11A106E6200B8EBC7 /* PNColor.m */,
				2C5C56A21A106E6200B8EBC7 /* PNLineChart.h */,
				2C5C56A31A106E6200B8EBC7 /* PNLineChart.m */,
				2C5C56A41A106E6200B8EBC7 /* PNLineChartData.h */,
				2C5C56A51A106E6200B8EBC7 /* PNLineChartData.m */,
				2C5C56A61A106E6200B8EBC7 /* PNLineChartDataItem.h */,
				2C5C56A71A106E6200B8EBC7 /* PNLineChartDataItem.m */,
				2C5C56A81A106E6200B8EBC7 /* PNPieChart.h */,
				2C5C56A91A106E6200B8EBC7 /* PNPieChart.m */,
				2C5C56AA1A106E6200B8EBC7 /* PNPieChartDataItem.h */,
				2C5C56AB1A106E6200B8EBC7 /* PNPieChartDataItem.m */,
			);
			name = PNChart;
			sourceTree = "<group>";
		};
		2C5D996019E4A9FB00133F59 = {
			isa = PBXGroup;
			children = (
				2CB7E4211A15C3E900D55CF8 /* QuickLook.framework */,
				2CB7E41F1A15C3DF00D55CF8 /* CoreText.framework */,
				2CB7E41D1A15C3D700D55CF8 /* AssetsLibrary.framework */,
				2C1C23BB19E87BA0006975DA /* SystemConfiguration.framework */,
				2C1C23B919E87B91006975DA /* StoreKit.framework */,
				2C1C23B719E87B8A006975DA /* Security.framework */,
				2C1C23B519E87B82006975DA /* QuartzCore.framework */,
				2C1C23B319E87B7C006975DA /* MobileCoreServices.framework */,
				2C1C23B119E87B75006975DA /* libz.dylib */,
				2CB7E4231A15C40400D55CF8 /* HockeySDK.embeddedframework */,
				2C1C23AF19E87B6B006975DA /* CoreLocation.framework */,
				2C1C23AD19E87B62006975DA /* CoreGraphics.framework */,
				2C1C23AB19E87B5B006975DA /* CFNetwork.framework */,
				2C1C23A919E87B54006975DA /* AudioToolbox.framework */,
				2C5D996B19E4A9FB00133F59 /* Out */,
				2C5D998119E4A9FB00133F59 /* OutTests */,
				2C5D996A19E4A9FB00133F59 /* Products */,
				2C17111A19E4E65600EA1D72 /* Out-Bridging-Header.h */,
			);
			sourceTree = "<group>";
		};
		2C5D996A19E4A9FB00133F59 /* Products */ = {
			isa = PBXGroup;
			children = (
				2C5D996919E4A9FB00133F59 /* Out.app */,
				2C5D997E19E4A9FB00133F59 /* OutTests.xctest */,
			);
			name = Products;
			sourceTree = "<group>";
		};
		2C5D996B19E4A9FB00133F59 /* Out */ = {
			isa = PBXGroup;
			children = (
				2C1C23A519E87B16006975DA /* Bolts.framework */,
				2C1C23A619E87B16006975DA /* Parse.framework */,
				2C5D996E19E4A9FB00133F59 /* AppDelegate.swift */,
				2C5D997519E4A9FB00133F59 /* Images.xcassets */,
				2C5D997719E4A9FB00133F59 /* LaunchScreen.xib */,
				2C5D997219E4A9FB00133F59 /* Main.storyboard */,
				2C280D7C1A18EF0D0066BE1F /* UIStyleController.swift */,
				2C04D0C119E5BF060091B626 /* OutTabBarViewController.swift */,
				2C3366E01A008752009198EA /* WebViewViewController.swift */,
				2C9CA6151A05B4A100BC4D93 /* Login&AccountViewControllers */,
				2C8C20D219E9ACD4009E84C7 /* DashboardTab */,
				2CA1B6E519E72D4800B872F7 /* ChallengesTab */,
				2C9CA6111A05AF0600BC4D93 /* ActivityTab */,
				2C9CA60C1A05AE3200BC4D93 /* PeopleTab */,
				2C9CA6141A05AF3300BC4D93 /* HelpTab */,
				2C5D996C19E4A9FB00133F59 /* Supporting Files */,
			);
			path = Out;
			sourceTree = "<group>";
		};
		2C5D996C19E4A9FB00133F59 /* Supporting Files */ = {
			isa = PBXGroup;
			children = (
				2C70203B1A2B815D00873041 /* COSTouchVisualizer */,
				2C6FFAE51A19B3160043F912 /* ICETutorial */,
				2CB7E4051A15A3D700D55CF8 /* DateTools */,
				2C2CF7061A156E2600B8C60E /* SlackTextViewController */,
				2C5C56B61A106E6900B8EBC7 /* PNChart */,
				2C5C563C1A106A2200B8EBC7 /* UICountingLabel */,
				2CD5302419FB42E500D38896 /* TPKeyboardAvoiding */,
				2C5D996D19E4A9FB00133F59 /* Info.plist */,
			);
			name = "Supporting Files";
			sourceTree = "<group>";
		};
		2C5D998119E4A9FB00133F59 /* OutTests */ = {
			isa = PBXGroup;
			children = (
				2C5D998419E4A9FB00133F59 /* OutTests.swift */,
				2C5D998219E4A9FB00133F59 /* Supporting Files */,
			);
			path = OutTests;
			sourceTree = "<group>";
		};
		2C5D998219E4A9FB00133F59 /* Supporting Files */ = {
			isa = PBXGroup;
			children = (
				2C5D998319E4A9FB00133F59 /* Info.plist */,
			);
			name = "Supporting Files";
			sourceTree = "<group>";
		};
		2C6AFF541A128D680006C7A9 /* FlowLayouts */ = {
			isa = PBXGroup;
			children = (
				2C6AFF561A12CAF90006C7A9 /* DashboardInspirationCollectionViewFlowLayout.h */,
				2C6AFF571A12CAF90006C7A9 /* DashboardInspirationCollectionViewFlowLayout.m */,
				2C6AFF511A128D4C0006C7A9 /* DashboardAnnouncementsCollectionViewFlowLayout.h */,
				2C6AFF521A128D4C0006C7A9 /* DashboardAnnouncementsCollectionViewFlowLayout.m */,
				2C3A7BFC1A117A3700FC4516 /* DashboardChallengeOnDeckCollectionViewFlowLayout.h */,
				2C3A7BFD1A117A3700FC4516 /* DashboardChallengeOnDeckCollectionViewFlowLayout.m */,
			);
			name = FlowLayouts;
			sourceTree = "<group>";
		};
		2C6AFF551A128D7B0006C7A9 /* CollectionViewCells */ = {
			isa = PBXGroup;
			children = (
				2C93EE4E1A1158A3009E6147 /* DashboardChallengeOnDeckCollectionViewCell.swift */,
				2C93EE501A1158C0009E6147 /* DashboardAnnouncementsCollectionViewCell.swift */,
				2C6AFF591A12CE570006C7A9 /* DashboardInspirationCollectionViewCell.swift */,
			);
			name = CollectionViewCells;
			sourceTree = "<group>";
		};
		2C6FFAE51A19B3160043F912 /* ICETutorial */ = {
			isa = PBXGroup;
			children = (
				2C6FFAE61A19B3160043F912 /* ICETutorialController.h */,
				2C6FFAE71A19B3160043F912 /* ICETutorialController.m */,
				2C6FFAE81A19B3160043F912 /* ICETutorialPage.h */,
				2C6FFAE91A19B3160043F912 /* ICETutorialPage.m */,
				2C6FFAEA1A19B3160043F912 /* ICETutorialStyle.h */,
				2C6FFAEB1A19B3160043F912 /* ICETutorialStyle.m */,
			);
			path = ICETutorial;
			sourceTree = "<group>";
		};
		2C70203B1A2B815D00873041 /* COSTouchVisualizer */ = {
			isa = PBXGroup;
			children = (
				2C7020381A2B815A00873041 /* COSTouchVisualizerWindow.h */,
				2C7020391A2B815A00873041 /* COSTouchVisualizerWindow.m */,
			);
			name = COSTouchVisualizer;
			sourceTree = "<group>";
		};
		2C8C20D219E9ACD4009E84C7 /* DashboardTab */ = {
			isa = PBXGroup;
			children = (
				2C8C20D019E9ACCE009E84C7 /* DashboardViewController.swift */,
				2C6AFF541A128D680006C7A9 /* FlowLayouts */,
				2C6AFF551A128D7B0006C7A9 /* CollectionViewCells */,
				2C3A7BFF1A117EB700FC4516 /* MyProfileViewController.swift */,
				2C3A7C011A117EC900FC4516 /* MyProgressViewController.swift */,
			);
			name = DashboardTab;
			sourceTree = "<group>";
		};
		2C9CA60C1A05AE3200BC4D93 /* PeopleTab */ = {
			isa = PBXGroup;
			children = (
				2C9CA60D1A05AE4E00BC4D93 /* PeopleTabViewController.swift */,
				2C9CA6161A05B58200BC4D93 /* PersonTableViewCell.swift */,
				2C65C5511A3F551300B5458F /* MentorViewController.swift */,
				2C470F531A06F62F008EADB4 /* PeopleGallery */,
			);
			name = PeopleTab;
			sourceTree = "<group>";
		};
		2C9CA6111A05AF0600BC4D93 /* ActivityTab */ = {
			isa = PBXGroup;
			children = (
				2C9CA60F1A05AECF00BC4D93 /* ActivityTabViewController.swift */,
				2C8592C01A14082600272769 /* ActivityDetailViewController.swift */,
				2C2CF7221A15824000B8C60E /* CommentTableViewCell.swift */,
				2C85027D1A11A43400F35DAB /* NotificationsViewController.swift */,
				2C85027F1A11A43F00F35DAB /* ComposeViewController.swift */,
				2C9D63391A09441A00E7E069 /* ActivityTableViewCell.swift */,
			);
			name = ActivityTab;
			sourceTree = "<group>";
		};
		2C9CA6141A05AF3300BC4D93 /* HelpTab */ = {
			isa = PBXGroup;
			children = (
				2C9CA6121A05AF2D00BC4D93 /* HelpTabViewController.swift */,
				2C65C54D1A3F447200B5458F /* HelpChatViewController.swift */,
				2C65C54F1A3F447D00B5458F /* HelpTalkViewController.swift */,
			);
			name = HelpTab;
			sourceTree = "<group>";
		};
		2C9CA6151A05B4A100BC4D93 /* Login&AccountViewControllers */ = {
			isa = PBXGroup;
			children = (
				2C8C20CE19E9AAE1009E84C7 /* LoginViewController.swift */,
				2C9CA60A1A059D0900BC4D93 /* CreateAccountViewController.swift */,
			);
			name = "Login&AccountViewControllers";
			sourceTree = "<group>";
		};
		2CA1B6E519E72D4800B872F7 /* ChallengesTab */ = {
			isa = PBXGroup;
			children = (
				2C17111B19E4E65600EA1D72 /* ChallengeCardsCollectionViewFlowLayout.h */,
				2C17111C19E4E65600EA1D72 /* ChallengeCardsCollectionViewFlowLayout.m */,
				2C0ABBB419EF284A00259B29 /* ChallengesTabViewController.swift */,
				2C0ABBB619EF445000259B29 /* ChallengesTabCollectionViewCell.swift */,
				2C26941619F14EFB0088AFD1 /* Canvas TableViewCells */,
				2CA1B6E619E72D6300B872F7 /* ChallengeGallery */,
			);
			name = ChallengesTab;
			sourceTree = "<group>";
		};
		2CA1B6E619E72D6300B872F7 /* ChallengeGallery */ = {
			isa = PBXGroup;
			children = (
				2CA1B6E719E72DA600B872F7 /* ChallengeFilterTableViewController.swift */,
				2CA1B6E919E7323D00B872F7 /* ChallengeFilterTableViewCell.swift */,
				2CDA9D1919F5617700D87841 /* ChallengeGalleryViewController.swift */,
				2CDA9D1B19F5655200D87841 /* ChallengeGalleryTableViewCell.swift */,
			);
			name = ChallengeGallery;
			sourceTree = "<group>";
		};
		2CB7E4051A15A3D700D55CF8 /* DateTools */ = {
			isa = PBXGroup;
			children = (
				2CB7E4061A15A3D700D55CF8 /* DateTools.bundle */,
				2CB7E4071A15A3D700D55CF8 /* DateTools.h */,
				2CB7E4081A15A3D700D55CF8 /* DTConstants.h */,
				2CB7E4091A15A3D700D55CF8 /* DTError.h */,
				2CB7E40A1A15A3D700D55CF8 /* DTError.m */,
				2CB7E40B1A15A3D700D55CF8 /* DTTimePeriod.h */,
				2CB7E40C1A15A3D700D55CF8 /* DTTimePeriod.m */,
				2CB7E40D1A15A3D700D55CF8 /* DTTimePeriodChain.h */,
				2CB7E40E1A15A3D700D55CF8 /* DTTimePeriodChain.m */,
				2CB7E40F1A15A3D700D55CF8 /* DTTimePeriodCollection.h */,
				2CB7E4101A15A3D700D55CF8 /* DTTimePeriodCollection.m */,
				2CB7E4111A15A3D700D55CF8 /* DTTimePeriodGroup.h */,
				2CB7E4121A15A3D700D55CF8 /* DTTimePeriodGroup.m */,
				2CB7E4131A15A3D700D55CF8 /* NSDate+DateTools.h */,
				2CB7E4141A15A3D700D55CF8 /* NSDate+DateTools.m */,
			);
			path = DateTools;
			sourceTree = "<group>";
		};
		2CB7E4231A15C40400D55CF8 /* HockeySDK.embeddedframework */ = {
			isa = PBXGroup;
			children = (
				2CB7E4241A15C40400D55CF8 /* HockeySDK.framework */,
				2CB7E4251A15C40400D55CF8 /* Resources */,
			);
			name = HockeySDK.embeddedframework;
			path = "HockeySDK-iOS/HockeySDK.embeddedframework";
			sourceTree = "<group>";
		};
		2CB7E4251A15C40400D55CF8 /* Resources */ = {
			isa = PBXGroup;
			children = (
				2CB7E4261A15C40400D55CF8 /* HockeySDK.xcconfig */,
				2CB7E4271A15C40400D55CF8 /* HockeySDKResources.bundle */,
			);
			path = Resources;
			sourceTree = "<group>";
		};
		2CD5302419FB42E500D38896 /* TPKeyboardAvoiding */ = {
			isa = PBXGroup;
			children = (
				2CD5302519FB42E500D38896 /* TPKeyboardAvoidingCollectionView.h */,
				2CD5302619FB42E500D38896 /* TPKeyboardAvoidingCollectionView.m */,
				2CD5302719FB42E500D38896 /* TPKeyboardAvoidingScrollView.h */,
				2CD5302819FB42E500D38896 /* TPKeyboardAvoidingScrollView.m */,
				2CD5302919FB42E500D38896 /* TPKeyboardAvoidingTableView.h */,
				2CD5302A19FB42E500D38896 /* TPKeyboardAvoidingTableView.m */,
				2CD5302B19FB42E500D38896 /* UIScrollView+TPKeyboardAvoidingAdditions.h */,
				2CD5302C19FB42E500D38896 /* UIScrollView+TPKeyboardAvoidingAdditions.m */,
			);
			path = TPKeyboardAvoiding;
			sourceTree = "<group>";
		};
/* End PBXGroup section */

/* Begin PBXNativeTarget section */
		2C5D996819E4A9FB00133F59 /* Out */ = {
			isa = PBXNativeTarget;
			buildConfigurationList = 2C5D998819E4A9FB00133F59 /* Build configuration list for PBXNativeTarget "Out" */;
			buildPhases = (
				2C5D996519E4A9FB00133F59 /* Sources */,
				2C5D996619E4A9FB00133F59 /* Frameworks */,
				2C5D996719E4A9FB00133F59 /* Resources */,
				2CB7E41C1A15C36E00D55CF8 /* ShellScript */,
			);
			buildRules = (
			);
			dependencies = (
			);
			name = Out;
			productName = Out;
			productReference = 2C5D996919E4A9FB00133F59 /* Out.app */;
			productType = "com.apple.product-type.application";
		};
		2C5D997D19E4A9FB00133F59 /* OutTests */ = {
			isa = PBXNativeTarget;
			buildConfigurationList = 2C5D998B19E4A9FB00133F59 /* Build configuration list for PBXNativeTarget "OutTests" */;
			buildPhases = (
				2C5D997A19E4A9FB00133F59 /* Sources */,
				2C5D997B19E4A9FB00133F59 /* Frameworks */,
				2C5D997C19E4A9FB00133F59 /* Resources */,
			);
			buildRules = (
			);
			dependencies = (
				2C5D998019E4A9FB00133F59 /* PBXTargetDependency */,
			);
			name = OutTests;
			productName = OutTests;
			productReference = 2C5D997E19E4A9FB00133F59 /* OutTests.xctest */;
			productType = "com.apple.product-type.bundle.unit-test";
		};
/* End PBXNativeTarget section */

/* Begin PBXProject section */
		2C5D996119E4A9FB00133F59 /* Project object */ = {
			isa = PBXProject;
			attributes = {
				LastUpgradeCheck = 0600;
				ORGANIZATIONNAME = "Coming Out App";
				TargetAttributes = {
					2C5D996819E4A9FB00133F59 = {
						CreatedOnToolsVersion = 6.0.1;
						DevelopmentTeam = 3DZ3S2K7LU;
					};
					2C5D997D19E4A9FB00133F59 = {
						CreatedOnToolsVersion = 6.0.1;
						TestTargetID = 2C5D996819E4A9FB00133F59;
					};
				};
			};
			buildConfigurationList = 2C5D996419E4A9FB00133F59 /* Build configuration list for PBXProject "Out" */;
			compatibilityVersion = "Xcode 3.2";
			developmentRegion = English;
			hasScannedForEncodings = 0;
			knownRegions = (
				en,
				Base,
			);
			mainGroup = 2C5D996019E4A9FB00133F59;
			productRefGroup = 2C5D996A19E4A9FB00133F59 /* Products */;
			projectDirPath = "";
			projectRoot = "";
			targets = (
				2C5D996819E4A9FB00133F59 /* Out */,
				2C5D997D19E4A9FB00133F59 /* OutTests */,
			);
		};
/* End PBXProject section */

/* Begin PBXResourcesBuildPhase section */
		2C5D996719E4A9FB00133F59 /* Resources */ = {
			isa = PBXResourcesBuildPhase;
			buildActionMask = 2147483647;
			files = (
				2C5D997419E4A9FB00133F59 /* Main.storyboard in Resources */,
				2CB7E4291A15C40400D55CF8 /* HockeySDK.xcconfig in Resources */,
				2C5D997919E4A9FB00133F59 /* LaunchScreen.xib in Resources */,
				2C5D997619E4A9FB00133F59 /* Images.xcassets in Resources */,
				2CB7E4151A15A3D700D55CF8 /* DateTools.bundle in Resources */,
				2CB7E42A1A15C40400D55CF8 /* HockeySDKResources.bundle in Resources */,
			);
			runOnlyForDeploymentPostprocessing = 0;
		};
		2C5D997C19E4A9FB00133F59 /* Resources */ = {
			isa = PBXResourcesBuildPhase;
			buildActionMask = 2147483647;
			files = (
			);
			runOnlyForDeploymentPostprocessing = 0;
		};
/* End PBXResourcesBuildPhase section */

/* Begin PBXShellScriptBuildPhase section */
		2CB7E41C1A15C36E00D55CF8 /* ShellScript */ = {
			isa = PBXShellScriptBuildPhase;
			buildActionMask = 2147483647;
			files = (
			);
			inputPaths = (
			);
			outputPaths = (
			);
			runOnlyForDeploymentPostprocessing = 0;
			shellPath = /bin/sh;
			shellScript = "FILE=\"${SRCROOT}/HockeySDK-iOS/BuildAgent\"\nif [ -f \"$FILE\" ]; then\n\"$FILE\"\nfi";
		};
/* End PBXShellScriptBuildPhase section */

/* Begin PBXSourcesBuildPhase section */
		2C5D996519E4A9FB00133F59 /* Sources */ = {
			isa = PBXSourcesBuildPhase;
			buildActionMask = 2147483647;
			files = (
				2C5C563B1A106A1D00B8EBC7 /* UICountingLabel.m in Sources */,
				2C65C5521A3F551300B5458F /* MentorViewController.swift in Sources */,
				2C2CF71E1A156E2600B8C60E /* SLKTextInputbar.m in Sources */,
				2C6AFF531A128D4C0006C7A9 /* DashboardAnnouncementsCollectionViewFlowLayout.m in Sources */,
				2C5C56B01A106E6200B8EBC7 /* PNColor.m in Sources */,
				2C9CA60B1A059D0900BC4D93 /* CreateAccountViewController.swift in Sources */,
				2C2CF71A1A156E2600B8C60E /* UIScrollView+SLKAdditions.m in Sources */,
				2CA2264819F5DF800018266F /* GallerySelectCollectionViewFlowLayout.m in Sources */,
				2C6AFF5A1A12CE570006C7A9 /* DashboardInspirationCollectionViewCell.swift in Sources */,
				2CA435F319F48B5600DC1C6E /* EventInfoTableViewCell.swift in Sources */,
				2C9CA60E1A05AE4E00BC4D93 /* PeopleTabViewController.swift in Sources */,
				2CDA9D1A19F5617700D87841 /* ChallengeGalleryViewController.swift in Sources */,
				2CB170F819F2C7860086C95F /* AppDelegate.swift in Sources */,
				2C3366E11A008752009198EA /* WebViewViewController.swift in Sources */,
				2C93EE4F1A1158A3009E6147 /* DashboardChallengeOnDeckCollectionViewCell.swift in Sources */,
				2C8592C11A14082600272769 /* ActivityDetailViewController.swift in Sources */,
				2C70203A1A2B815A00873041 /* COSTouchVisualizerWindow.m in Sources */,
				2CA435FF19F48C1000DC1C6E /* BoolPickerTableViewCell.swift in Sources */,
				2C470F521A06F5B7008EADB4 /* PeopleGalleryViewController.swift in Sources */,
				2C3A7C001A117EB700FC4516 /* MyProfileViewController.swift in Sources */,
				2C2CF71F1A156E2600B8C60E /* SLKTextView.m in Sources */,
				2CB170F919F2C7860086C95F /* LoginViewController.swift in Sources */,
				2C2CF7201A156E2600B8C60E /* SLKTextViewController.m in Sources */,
				2C280D7D1A18EF0D0066BE1F /* UIStyleController.swift in Sources */,
				2C5C56AE1A106E6200B8EBC7 /* PNChartLabel.m in Sources */,
				2C8502801A11A43F00F35DAB /* ComposeViewController.swift in Sources */,
				2C3A7C021A117EC900FC4516 /* MyProgressViewController.swift in Sources */,
				2CB170FA19F2C7860086C95F /* OutTabBarViewController.swift in Sources */,
				2CA435F519F48B6F00DC1C6E /* GetDirectionsTableViewCell.swift in Sources */,
				2C5C56AC1A106E6200B8EBC7 /* PNBar.m in Sources */,
				2C65C54E1A3F447200B5458F /* HelpChatViewController.swift in Sources */,
				2CB170FB19F2C7860086C95F /* DashboardViewController.swift in Sources */,
				2C35C49F19F3557000551707 /* CautionTextTableViewCell.swift in Sources */,
				2C470F551A06FAED008EADB4 /* PersonFollowTableViewCell.swift in Sources */,
				2CB7E4191A15A3D700D55CF8 /* DTTimePeriodCollection.m in Sources */,
				2CB7E41A1A15A3D700D55CF8 /* DTTimePeriodGroup.m in Sources */,
				2C5C56B11A106E6200B8EBC7 /* PNLineChart.m in Sources */,
				2C2CF7231A15824000B8C60E /* CommentTableViewCell.swift in Sources */,
				2CA435FB19F48BC500DC1C6E /* LaunchWebViewTableViewCell.swift in Sources */,
				2C2CF7211A156E2600B8C60E /* SLKTypingIndicatorView.m in Sources */,
				2C512CA119F5A06800483A49 /* GallerySelectCollectionViewCell.swift in Sources */,
				2CA435FD19F48BE700DC1C6E /* HeroImageTableViewCell.swift in Sources */,
				2C6FFAEE1A19B3160043F912 /* ICETutorialStyle.m in Sources */,
				2CB7E4161A15A3D700D55CF8 /* DTError.m in Sources */,
				2CA435F919F48B9C00DC1C6E /* TextFieldInputTableViewCell.swift in Sources */,
				2C9CA6131A05AF2D00BC4D93 /* HelpTabViewController.swift in Sources */,
				2CA435EB19F48A2C00DC1C6E /* ChallengeOverviewTableViewCell.swift in Sources */,
				2C85027E1A11A43400F35DAB /* NotificationsViewController.swift in Sources */,
				2C6FFAED1A19B3160043F912 /* ICETutorialPage.m in Sources */,
				2C9CA6101A05AECF00BC4D93 /* ActivityTabViewController.swift in Sources */,
				2CB170FD19F2C7860086C95F /* ChallengeFilterTableViewController.swift in Sources */,
				2C2CF71C1A156E2600B8C60E /* UIView+SLKAdditions.m in Sources */,
				2C5C56AD1A106E6200B8EBC7 /* PNBarChart.m in Sources */,
				2CB7E4171A15A3D700D55CF8 /* DTTimePeriod.m in Sources */,
				2CD5302D19FB42E500D38896 /* TPKeyboardAvoidingCollectionView.m in Sources */,
				2CD5302F19FB42E500D38896 /* TPKeyboardAvoidingTableView.m in Sources */,
				2C2CF71B1A156E2600B8C60E /* UITextView+SLKAdditions.m in Sources */,
				2CB170FE19F2C7860086C95F /* ChallengeFilterTableViewCell.swift in Sources */,
				2CA435F119F48B1A00DC1C6E /* DateTimePickerTableViewCell.swift in Sources */,
				2CE865E919FD71E000D3FD99 /* FieldsAndActivatorTableViewCell.swift in Sources */,
				2CDA9D1C19F5655200D87841 /* ChallengeGalleryTableViewCell.swift in Sources */,
				2C9CA6171A05B58200BC4D93 /* PersonTableViewCell.swift in Sources */,
				2CD5303019FB42E500D38896 /* UIScrollView+TPKeyboardAvoidingAdditions.m in Sources */,
				2C5C56B41A106E6200B8EBC7 /* PNPieChart.m in Sources */,
				2CA435F719F48B8100DC1C6E /* CallTableViewCell.swift in Sources */,
				2C9D633A1A09441A00E7E069 /* ActivityTableViewCell.swift in Sources */,
				2CA435ED19F48A8A00DC1C6E /* PromptAndAnswerTableViewCell.swift in Sources */,
				2C5C56B51A106E6200B8EBC7 /* PNPieChartDataItem.m in Sources */,
				2CB1710119F2C7860086C95F /* ChallengeCardsCollectionViewFlowLayout.m in Sources */,
				2C93EE511A1158C0009E6147 /* DashboardAnnouncementsCollectionViewCell.swift in Sources */,
				2C5C56B31A106E6200B8EBC7 /* PNLineChartDataItem.m in Sources */,
				2CD5302E19FB42E500D38896 /* TPKeyboardAvoidingScrollView.m in Sources */,
				2C5C56AF1A106E6200B8EBC7 /* PNCircleChart.m in Sources */,
				2CB1710219F2C7860086C95F /* ChallengesTabViewController.swift in Sources */,
				2C2CF71D1A156E2600B8C60E /* SLKInputAccessoryView.m in Sources */,
				2CB1710319F2C7860086C95F /* ChallengesTabCollectionViewCell.swift in Sources */,
				2CB1710419F2C7860086C95F /* MediaAvailabilityTableViewCell.swift in Sources */,
				2CB1710519F2C7860086C95F /* GallerySelectTableViewCell.swift in Sources */,
				2C7E803B19FBFC6E00F1FC4B /* PickerViewTableViewCell.swift in Sources */,
				2C3A7BFE1A117A3700FC4516 /* DashboardChallengeOnDeckCollectionViewFlowLayout.m in Sources */,
				2C6FFAEC1A19B3160043F912 /* ICETutorialController.m in Sources */,
				2C5C56B21A106E6200B8EBC7 /* PNLineChartData.m in Sources */,
				2C6AFF581A12CAF90006C7A9 /* DashboardInspirationCollectionViewFlowLayout.m in Sources */,
				2CB1710619F2C7860086C95F /* TextBlockTableViewCell.swift in Sources */,
				2CB7E4181A15A3D700D55CF8 /* DTTimePeriodChain.m in Sources */,
				2CB7E41B1A15A3D700D55CF8 /* NSDate+DateTools.m in Sources */,
				2C65C5501A3F447D00B5458F /* HelpTalkViewController.swift in Sources */,
				2C70773C1A3F299A003D6367 /* PeopleFilterViewController.swift in Sources */,
			);
			runOnlyForDeploymentPostprocessing = 0;
		};
		2C5D997A19E4A9FB00133F59 /* Sources */ = {
			isa = PBXSourcesBuildPhase;
			buildActionMask = 2147483647;
			files = (
				2C5D998519E4A9FB00133F59 /* OutTests.swift in Sources */,
			);
			runOnlyForDeploymentPostprocessing = 0;
		};
/* End PBXSourcesBuildPhase section */

/* Begin PBXTargetDependency section */
		2C5D998019E4A9FB00133F59 /* PBXTargetDependency */ = {
			isa = PBXTargetDependency;
			target = 2C5D996819E4A9FB00133F59 /* Out */;
			targetProxy = 2C5D997F19E4A9FB00133F59 /* PBXContainerItemProxy */;
		};
/* End PBXTargetDependency section */

/* Begin PBXVariantGroup section */
		2C5D997219E4A9FB00133F59 /* Main.storyboard */ = {
			isa = PBXVariantGroup;
			children = (
				2C5D997319E4A9FB00133F59 /* Base */,
			);
			name = Main.storyboard;
			sourceTree = "<group>";
		};
		2C5D997719E4A9FB00133F59 /* LaunchScreen.xib */ = {
			isa = PBXVariantGroup;
			children = (
				2C5D997819E4A9FB00133F59 /* Base */,
			);
			name = LaunchScreen.xib;
			sourceTree = "<group>";
		};
/* End PBXVariantGroup section */

/* Begin XCBuildConfiguration section */
		2C5D998619E4A9FB00133F59 /* Debug */ = {
			isa = XCBuildConfiguration;
			buildSettings = {
				ALWAYS_SEARCH_USER_PATHS = NO;
				CLANG_CXX_LANGUAGE_STANDARD = "gnu++0x";
				CLANG_CXX_LIBRARY = "libc++";
				CLANG_ENABLE_MODULES = YES;
				CLANG_ENABLE_OBJC_ARC = YES;
				CLANG_WARN_BOOL_CONVERSION = YES;
				CLANG_WARN_CONSTANT_CONVERSION = YES;
				CLANG_WARN_DIRECT_OBJC_ISA_USAGE = YES_ERROR;
				CLANG_WARN_EMPTY_BODY = YES;
				CLANG_WARN_ENUM_CONVERSION = YES;
				CLANG_WARN_INT_CONVERSION = YES;
				CLANG_WARN_OBJC_ROOT_CLASS = YES_ERROR;
				CLANG_WARN_UNREACHABLE_CODE = YES;
				CLANG_WARN__DUPLICATE_METHOD_MATCH = YES;
				"CODE_SIGN_IDENTITY[sdk=iphoneos*]" = "iPhone Developer";
				COPY_PHASE_STRIP = NO;
				ENABLE_STRICT_OBJC_MSGSEND = YES;
				GCC_C_LANGUAGE_STANDARD = gnu99;
				GCC_DYNAMIC_NO_PIC = NO;
				GCC_OPTIMIZATION_LEVEL = 0;
				GCC_PREPROCESSOR_DEFINITIONS = (
					"DEBUG=1",
					"$(inherited)",
				);
				GCC_SYMBOLS_PRIVATE_EXTERN = NO;
				GCC_WARN_64_TO_32_BIT_CONVERSION = YES;
				GCC_WARN_ABOUT_RETURN_TYPE = YES_ERROR;
				GCC_WARN_UNDECLARED_SELECTOR = YES;
				GCC_WARN_UNINITIALIZED_AUTOS = YES_AGGRESSIVE;
				GCC_WARN_UNUSED_FUNCTION = YES;
				GCC_WARN_UNUSED_VARIABLE = YES;
				IPHONEOS_DEPLOYMENT_TARGET = 8.0;
				MTL_ENABLE_DEBUG_INFO = YES;
				ONLY_ACTIVE_ARCH = YES;
				SDKROOT = iphoneos;
				SWIFT_OPTIMIZATION_LEVEL = "-Onone";
				TARGETED_DEVICE_FAMILY = "1,2";
			};
			name = Debug;
		};
		2C5D998719E4A9FB00133F59 /* Release */ = {
			isa = XCBuildConfiguration;
			buildSettings = {
				ALWAYS_SEARCH_USER_PATHS = NO;
				CLANG_CXX_LANGUAGE_STANDARD = "gnu++0x";
				CLANG_CXX_LIBRARY = "libc++";
				CLANG_ENABLE_MODULES = YES;
				CLANG_ENABLE_OBJC_ARC = YES;
				CLANG_WARN_BOOL_CONVERSION = YES;
				CLANG_WARN_CONSTANT_CONVERSION = YES;
				CLANG_WARN_DIRECT_OBJC_ISA_USAGE = YES_ERROR;
				CLANG_WARN_EMPTY_BODY = YES;
				CLANG_WARN_ENUM_CONVERSION = YES;
				CLANG_WARN_INT_CONVERSION = YES;
				CLANG_WARN_OBJC_ROOT_CLASS = YES_ERROR;
				CLANG_WARN_UNREACHABLE_CODE = YES;
				CLANG_WARN__DUPLICATE_METHOD_MATCH = YES;
				"CODE_SIGN_IDENTITY[sdk=iphoneos*]" = "iPhone Developer";
				COPY_PHASE_STRIP = YES;
				ENABLE_NS_ASSERTIONS = NO;
				ENABLE_STRICT_OBJC_MSGSEND = YES;
				GCC_C_LANGUAGE_STANDARD = gnu99;
				GCC_WARN_64_TO_32_BIT_CONVERSION = YES;
				GCC_WARN_ABOUT_RETURN_TYPE = YES_ERROR;
				GCC_WARN_UNDECLARED_SELECTOR = YES;
				GCC_WARN_UNINITIALIZED_AUTOS = YES_AGGRESSIVE;
				GCC_WARN_UNUSED_FUNCTION = YES;
				GCC_WARN_UNUSED_VARIABLE = YES;
				IPHONEOS_DEPLOYMENT_TARGET = 8.0;
				MTL_ENABLE_DEBUG_INFO = NO;
				SDKROOT = iphoneos;
				TARGETED_DEVICE_FAMILY = "1,2";
				VALIDATE_PRODUCT = YES;
			};
			name = Release;
		};
		2C5D998919E4A9FB00133F59 /* Debug */ = {
			isa = XCBuildConfiguration;
			buildSettings = {
				ASSETCATALOG_COMPILER_APPICON_NAME = AppIcon;
				CLANG_ENABLE_MODULES = YES;
				CODE_SIGN_IDENTITY = "iPhone Developer";
				"CODE_SIGN_IDENTITY[sdk=iphoneos*]" = "iPhone Developer";
				FRAMEWORK_SEARCH_PATHS = (
					"$(inherited)",
					"$(PROJECT_DIR)",
					"$(PROJECT_DIR)/Out",
					"$(PROJECT_DIR)/HockeySDK-iOS/HockeySDK.embeddedframework",
				);
				INFOPLIST_FILE = Out/Info.plist;
				IPHONEOS_DEPLOYMENT_TARGET = 8.2;
				LD_RUNPATH_SEARCH_PATHS = "$(inherited) @executable_path/Frameworks";
				PRODUCT_NAME = "$(TARGET_NAME)";
				PROVISIONING_PROFILE = "";
				SWIFT_OBJC_BRIDGING_HEADER = "Out-Bridging-Header.h";
				SWIFT_OPTIMIZATION_LEVEL = "-Onone";
				TARGETED_DEVICE_FAMILY = "1,2";
			};
			name = Debug;
		};
		2C5D998A19E4A9FB00133F59 /* Release */ = {
			isa = XCBuildConfiguration;
			buildSettings = {
				ASSETCATALOG_COMPILER_APPICON_NAME = AppIcon;
				CLANG_ENABLE_MODULES = YES;
				CODE_SIGN_IDENTITY = "iPhone Developer";
				"CODE_SIGN_IDENTITY[sdk=iphoneos*]" = "iPhone Developer";
				FRAMEWORK_SEARCH_PATHS = (
					"$(inherited)",
					"$(PROJECT_DIR)",
					"$(PROJECT_DIR)/Out",
					"$(PROJECT_DIR)/HockeySDK-iOS/HockeySDK.embeddedframework",
				);
				INFOPLIST_FILE = Out/Info.plist;
				IPHONEOS_DEPLOYMENT_TARGET = 8.2;
				LD_RUNPATH_SEARCH_PATHS = "$(inherited) @executable_path/Frameworks";
				PRODUCT_NAME = "$(TARGET_NAME)";
				PROVISIONING_PROFILE = "";
				SWIFT_OBJC_BRIDGING_HEADER = "Out-Bridging-Header.h";
				TARGETED_DEVICE_FAMILY = "1,2";
			};
			name = Release;
		};
		2C5D998C19E4A9FB00133F59 /* Debug */ = {
			isa = XCBuildConfiguration;
			buildSettings = {
				BUNDLE_LOADER = "$(TEST_HOST)";
				FRAMEWORK_SEARCH_PATHS = (
					"$(SDKROOT)/Developer/Library/Frameworks",
					"$(inherited)",
				);
				GCC_PREPROCESSOR_DEFINITIONS = (
					"DEBUG=1",
					"$(inherited)",
				);
				INFOPLIST_FILE = OutTests/Info.plist;
				LD_RUNPATH_SEARCH_PATHS = "$(inherited) @executable_path/Frameworks @loader_path/Frameworks";
				PRODUCT_NAME = "$(TARGET_NAME)";
				TEST_HOST = "$(BUILT_PRODUCTS_DIR)/Out.app/Out";
			};
			name = Debug;
		};
		2C5D998D19E4A9FB00133F59 /* Release */ = {
			isa = XCBuildConfiguration;
			buildSettings = {
				BUNDLE_LOADER = "$(TEST_HOST)";
				FRAMEWORK_SEARCH_PATHS = (
					"$(SDKROOT)/Developer/Library/Frameworks",
					"$(inherited)",
				);
				INFOPLIST_FILE = OutTests/Info.plist;
				LD_RUNPATH_SEARCH_PATHS = "$(inherited) @executable_path/Frameworks @loader_path/Frameworks";
				PRODUCT_NAME = "$(TARGET_NAME)";
				TEST_HOST = "$(BUILT_PRODUCTS_DIR)/Out.app/Out";
			};
			name = Release;
		};
/* End XCBuildConfiguration section */

/* Begin XCConfigurationList section */
		2C5D996419E4A9FB00133F59 /* Build configuration list for PBXProject "Out" */ = {
			isa = XCConfigurationList;
			buildConfigurations = (
				2C5D998619E4A9FB00133F59 /* Debug */,
				2C5D998719E4A9FB00133F59 /* Release */,
			);
			defaultConfigurationIsVisible = 0;
			defaultConfigurationName = Release;
		};
		2C5D998819E4A9FB00133F59 /* Build configuration list for PBXNativeTarget "Out" */ = {
			isa = XCConfigurationList;
			buildConfigurations = (
				2C5D998919E4A9FB00133F59 /* Debug */,
				2C5D998A19E4A9FB00133F59 /* Release */,
			);
			defaultConfigurationIsVisible = 0;
			defaultConfigurationName = Release;
		};
		2C5D998B19E4A9FB00133F59 /* Build configuration list for PBXNativeTarget "OutTests" */ = {
			isa = XCConfigurationList;
			buildConfigurations = (
				2C5D998C19E4A9FB00133F59 /* Debug */,
				2C5D998D19E4A9FB00133F59 /* Release */,
			);
			defaultConfigurationIsVisible = 0;
			defaultConfigurationName = Release;
		};
/* End XCConfigurationList section */
	};
	rootObject = 2C5D996119E4A9FB00133F59 /* Project object */;
}
